PODS:
  - Masonry (1.1.0)
  - MJRefresh (3.3.1)
  - Reachability (3.2)
  - SDWebImage (5.6.1):
    - SDWebImage/Core (= 5.6.1)
  - SDWebImage/Core (5.6.1)
  - SJBaseVideoPlayer (3.2.5.1):
    - Masonry
    - Reachability
    - SJBaseVideoPlayer/AVPlayer (= 3.2.5.1)
    - SJBaseVideoPlayer/Common (= 3.2.5.1)
    - SJUIKit/AttributesFactory (>= 0.0.0.38)
    - SJUIKit/ObserverHelper
    - SJUIKit/Queues
    - SJUIKit/SQLite3
  - SJBaseVideoPlayer/AVPlayer (3.2.5.1):
    - Masonry
    - Reachability
    - SJBaseVideoPlayer/Common
    - SJUIKit/AttributesFactory (>= 0.0.0.38)
    - SJUIKit/ObserverHelper
    - SJUIKit/Queues
    - SJUIKit/SQLite3
  - SJBaseVideoPlayer/Common (3.2.5.1):
    - Masonry
    - Reachability
    - SJBaseVideoPlayer/ResourceLoader
    - SJUIKit/AttributesFactory (>= 0.0.0.38)
    - SJUIKit/ObserverHelper
    - SJUIKit/Queues
    - SJUIKit/SQLite3
  - SJBaseVideoPlayer/ResourceLoader (3.2.5.1):
    - Masonry
    - Reachability
    - SJUIKit/AttributesFactory (>= 0.0.0.38)
    - SJUIKit/ObserverHelper
    - SJUIKit/Queues
    - SJUIKit/SQLite3
  - SJFullscreenPopGesture/ObjC (1.5.3)
  - SJPlaybackListController (0.0.5):
    - SJPlaybackListController/Core (= 0.0.5)
  - SJPlaybackListController/Core (0.0.5)
  - SJRouter (0.0.17):
    - SJRouter/Core (= 0.0.17)
  - SJRouter/Core (0.0.17)
  - SJUIKit/AttributesFactory (0.0.0.42):
    - SJUIKit/AttributesFactory/Deprecated (= 0.0.0.42)
    - SJUIKit/AttributesFactory/UIKitText (= 0.0.0.42)
  - SJUIKit/AttributesFactory/Deprecated (0.0.0.42)
  - SJUIKit/AttributesFactory/UIKitText (0.0.0.42)
  - SJUIKit/ObserverHelper (0.0.0.42)
  - SJUIKit/Queues (0.0.0.42)
  - SJUIKit/SQLite3 (0.0.0.42):
    - SJUIKit/SQLite3/Core (= 0.0.0.42)
    - SJUIKit/SQLite3/Protocol (= 0.0.0.42)
    - YYModel
  - SJUIKit/SQLite3/Core (0.0.0.42):
    - SJUIKit/SQLite3/Protocol
    - YYModel
  - SJUIKit/SQLite3/Protocol (0.0.0.42):
    - YYModel
  - SJVideoPlayer (3.2.3):
    - SJBaseVideoPlayer (>= 3.2.5)
    - SJVideoPlayer/Common (= 3.2.3)
    - SJVideoPlayer/ControlLayers (= 3.2.3)
    - SJVideoPlayer/ResourceLoader (= 3.2.3)
  - SJVideoPlayer/Common (3.2.3):
    - Masonry
    - SJBaseVideoPlayer (>= 3.2.5)
    - SJUIKit/AttributesFactory
    - SJVideoPlayer/ResourceLoader
  - SJVideoPlayer/ControlLayers (3.2.3):
    - SJBaseVideoPlayer (>= 3.2.5)
    - SJVideoPlayer/Common
  - SJVideoPlayer/ResourceLoader (3.2.3):
    - SJBaseVideoPlayer (>= 3.2.5)
  - YYModel (1.0.4)

DEPENDENCIES:
  - Masonry
  - MJRefresh
  - SDWebImage
  - SJBaseVideoPlayer
  - SJFullscreenPopGesture/ObjC
  - SJPlaybackListController
  - SJRouter
  - SJUIKit/SQLite3 (from `https://gitee.com/changsanjiang/SJUIKit/raw/master/SJUIKit-YYModel.podspec`)
  - SJVideoPlayer (from `../../SJVideoPlayer`)

SPEC REPOS:
  https://cdn.cocoapods.org/:
    - Masonry
    - MJRefresh
    - Reachability
    - SDWebImage
    - SJBaseVideoPlayer
    - SJFullscreenPopGesture
    - SJPlaybackListController
    - SJRouter
    - YYModel

EXTERNAL SOURCES:
  SJUIKit:
    :podspec: https://gitee.com/changsanjiang/SJUIKit/raw/master/SJUIKit-YYModel.podspec
  SJVideoPlayer:
    :path: "../../SJVideoPlayer"

CHECKOUT OPTIONS:
  SJUIKit:
    :commit: b27a0cb005b97de8d731dad8a170e24296b0c92e
    :git: https://gitee.com/changsanjiang/SJUIKitv2.git

SPEC CHECKSUMS:
  Masonry: 678fab65091a9290e40e2832a55e7ab731aad201
  MJRefresh: eeda70fbf0ad277f3178cef1cd0c3532591d6237
  Reachability: 33e18b67625424e47b6cde6d202dce689ad7af96
  SDWebImage: 7edb9c3ea661e77a66661f7f044de8c1b55d1120
  SJBaseVideoPlayer: 6e99f0f76da61ebeeaf4d9ceb9c7657694cd1411
  SJFullscreenPopGesture: d4994917bc900e79cd686970866834b4c5883565
  SJPlaybackListController: e135c789fcd63d63a62d5e2e2965ab1e6d52a2bd
  SJRouter: b822f45c4eed29cfa1d75100492ff227d481fb91
  SJUIKit: ebb537068d57ac898490b1e387a4691804651606
  SJVideoPlayer: 7de6e0f187f4f68b0a1bb3499559d07571267c04
  YYModel: 2a7fdd96aaa4b86a824e26d0c517de8928c04b30

PODFILE CHECKSUM: 1a0ed8d04a4a22fac5085f331bebdec3fb6d9a65

COCOAPODS: 1.9.1
