// !$*UTF8*$!
{
	archiveVersion = 1;
	classes = {
	};
	objectVersion = 48;
	objects = {

/* Begin PBXBuildFile section */
		77033C14204E7611008F1ED5 /* DemoPlayerViewController.m in Sources */ = {isa = PBXBuildFile; fileRef = 77033C13204E7611008F1ED5 /* DemoPlayerViewController.m */; };
		7706E1231FF74B24006E0B56 /* loading.gif in Resources */ = {isa = PBXBuildFile; fileRef = 7706E1221FF74B24006E0B56 /* loading.gif */; };
		7706E1251FF74C42006E0B56 /* slider.gif in Resources */ = {isa = PBXBuildFile; fileRef = 7706E1241FF74C42006E0B56 /* slider.gif */; };
		7706FC8C20628BC3006A828B /* SJLightweightCenterControlView.m in Sources */ = {isa = PBXBuildFile; fileRef = 7706FC8B20628BC3006A828B /* SJLightweightCenterControlView.m */; };
		7706FC932062A96E006A828B /* LightweightViewController.m in Sources */ = {isa = PBXBuildFile; fileRef = 7706FC922062A96E006A828B /* LightweightViewController.m */; };
		7706FC962062ABA8006A828B /* LightweightTableViewCell.m in Sources */ = {isa = PBXBuildFile; fileRef = 7706FC952062ABA8006A828B /* LightweightTableViewCell.m */; };
		7706FC99206341E8006A828B /* SJLightweightTopItem.m in Sources */ = {isa = PBXBuildFile; fileRef = 7706FC98206341E8006A828B /* SJLightweightTopItem.m */; };
		7706FCC82063D125006A828B /* Group.jpeg in Resources */ = {isa = PBXBuildFile; fileRef = 7706FCC72063D125006A828B /* Group.jpeg */; };
		77154E822050D040009E51D7 /* SJVideoPlayerRightControlView.m in Sources */ = {isa = PBXBuildFile; fileRef = 77154E812050D040009E51D7 /* SJVideoPlayerRightControlView.m */; };
		77154E8E205255C8009E51D7 /* SJVideoPlayerFilmEditingControlView.m in Sources */ = {isa = PBXBuildFile; fileRef = 77154E8D205255C8009E51D7 /* SJVideoPlayerFilmEditingControlView.m */; };
		77154E9120526391009E51D7 /* SJVideoPlayerFilmEditingResultView.m in Sources */ = {isa = PBXBuildFile; fileRef = 77154E9020526391009E51D7 /* SJVideoPlayerFilmEditingResultView.m */; };
		7717E6F8207DE21E00D1D489 /* SJVideoPlayerFilmEditingGenerateGIFView.m in Sources */ = {isa = PBXBuildFile; fileRef = 7717E6F6207DE21D00D1D489 /* SJVideoPlayerFilmEditingGenerateGIFView.m */; };
		772005772029BBC7009F0190 /* SJMoreSettingItems.m in Sources */ = {isa = PBXBuildFile; fileRef = 772005762029BBC7009F0190 /* SJMoreSettingItems.m */; };
		772DC3C7202201E500EC4725 /* placeholder.png in Resources */ = {isa = PBXBuildFile; fileRef = 772DC3C6202201E400EC4725 /* placeholder.png */; };
		7737522A2052AE7D0000E4E7 /* SJVideoPlayerFilmEditingRecordView.m in Sources */ = {isa = PBXBuildFile; fileRef = 773752292052AE7D0000E4E7 /* SJVideoPlayerFilmEditingRecordView.m */; };
		7737522D2056A1850000E4E7 /* export.gif in Resources */ = {isa = PBXBuildFile; fileRef = 7737522B2056A1850000E4E7 /* export.gif */; };
		773AFC64205BA7C1003B2CAC /* DowloadViewController.m in Sources */ = {isa = PBXBuildFile; fileRef = 773AFC63205BA7C1003B2CAC /* DowloadViewController.m */; };
		773AFC67205BA86F003B2CAC /* DownloadTableViewCell.m in Sources */ = {isa = PBXBuildFile; fileRef = 773AFC66205BA86F003B2CAC /* DownloadTableViewCell.m */; };
		773AFC6D205BCD9E003B2CAC /* SJVideo.m in Sources */ = {isa = PBXBuildFile; fileRef = 773AFC6C205BCD9E003B2CAC /* SJVideo.m */; };
		773AFC70205CADC5003B2CAC /* SJVideo+DownloadAdd.m in Sources */ = {isa = PBXBuildFile; fileRef = 773AFC6F205CADC5003B2CAC /* SJVideo+DownloadAdd.m */; };
		7743C2C62065266300F007D0 /* play.gif in Resources */ = {isa = PBXBuildFile; fileRef = 7743C2C52065266300F007D0 /* play.gif */; };
		774B251D1FCEBA5D002113CC /* AppDelegate.m in Sources */ = {isa = PBXBuildFile; fileRef = 774B251C1FCEBA5D002113CC /* AppDelegate.m */; };
		774B25201FCEBA5D002113CC /* ViewController.m in Sources */ = {isa = PBXBuildFile; fileRef = 774B251F1FCEBA5D002113CC /* ViewController.m */; };
		774B25231FCEBA5D002113CC /* Main.storyboard in Resources */ = {isa = PBXBuildFile; fileRef = 774B25211FCEBA5D002113CC /* Main.storyboard */; };
		774B25251FCEBA5D002113CC /* Assets.xcassets in Resources */ = {isa = PBXBuildFile; fileRef = 774B25241FCEBA5D002113CC /* Assets.xcassets */; };
		774B25281FCEBA5D002113CC /* LaunchScreen.storyboard in Resources */ = {isa = PBXBuildFile; fileRef = 774B25261FCEBA5D002113CC /* LaunchScreen.storyboard */; };
		774B252B1FCEBA5D002113CC /* main.m in Sources */ = {isa = PBXBuildFile; fileRef = 774B252A1FCEBA5D002113CC /* main.m */; };
		774B25571FCED47B002113CC /* PlayerViewController.m in Sources */ = {isa = PBXBuildFile; fileRef = 774B25561FCED47B002113CC /* PlayerViewController.m */; };
		775A7C261FD7EC5000BE1EE2 /* PlayerTableViewController.m in Sources */ = {isa = PBXBuildFile; fileRef = 775A7C251FD7EC5000BE1EE2 /* PlayerTableViewController.m */; };
		775A7C291FD7EC7C00BE1EE2 /* PlayerTableViewCell.m in Sources */ = {isa = PBXBuildFile; fileRef = 775A7C281FD7EC7C00BE1EE2 /* PlayerTableViewCell.m */; };
		775B1FFF204555B200264AB9 /* TableViewHeaderDemoViewController.m in Sources */ = {isa = PBXBuildFile; fileRef = 775B1FFE204555B200264AB9 /* TableViewHeaderDemoViewController.m */; };
		775B200E20455A2800264AB9 /* TableHeaderView.m in Sources */ = {isa = PBXBuildFile; fileRef = 775B200D20455A2800264AB9 /* TableHeaderView.m */; };
		775B201620465D6200264AB9 /* TableViewHeaderIsCollectionViewDemoViewController.m in Sources */ = {isa = PBXBuildFile; fileRef = 775B201520465D6200264AB9 /* TableViewHeaderIsCollectionViewDemoViewController.m */; };
		775B201920465E1500264AB9 /* TableHeaderCollectionView.m in Sources */ = {isa = PBXBuildFile; fileRef = 775B201820465E1500264AB9 /* TableHeaderCollectionView.m */; };
		775B201C2046682E00264AB9 /* TableHeaderCollectionViewCell.m in Sources */ = {isa = PBXBuildFile; fileRef = 775B201B2046682E00264AB9 /* TableHeaderCollectionViewCell.m */; };
		775C0AC620295C660008EDA7 /* SJVideoPlayer.bundle in Resources */ = {isa = PBXBuildFile; fileRef = 775C0ABF20295C660008EDA7 /* SJVideoPlayer.bundle */; };
		775C0AC720295C660008EDA7 /* SJVideoPlayerResources.m in Sources */ = {isa = PBXBuildFile; fileRef = 775C0AC120295C660008EDA7 /* SJVideoPlayerResources.m */; };
		775C0AC820295C660008EDA7 /* SJVideoPlayerSettings.m in Sources */ = {isa = PBXBuildFile; fileRef = 775C0AC320295C660008EDA7 /* SJVideoPlayerSettings.m */; };
		775C0AC920295C660008EDA7 /* UIView+SJVideoPlayerSetting.m in Sources */ = {isa = PBXBuildFile; fileRef = 775C0AC520295C660008EDA7 /* UIView+SJVideoPlayerSetting.m */; };
		775C0AD420295E790008EDA7 /* SJVideoPlayerMoreSetting+Exe.m in Sources */ = {isa = PBXBuildFile; fileRef = 775C0AD320295E790008EDA7 /* SJVideoPlayerMoreSetting+Exe.m */; };
		775C0AD7202962180008EDA7 /* SJVideoPlayerDefaultControlView.m in Sources */ = {isa = PBXBuildFile; fileRef = 775C0AD6202962180008EDA7 /* SJVideoPlayerDefaultControlView.m */; };
		7766A62A207F370B008B3C1A /* SJFilmEditingResultShareItem.m in Sources */ = {isa = PBXBuildFile; fileRef = 7766A629207F370B008B3C1A /* SJFilmEditingResultShareItem.m */; };
		7766A62D207F3C50008B3C1A /* TestUploader.m in Sources */ = {isa = PBXBuildFile; fileRef = 7766A62C207F3C50008B3C1A /* TestUploader.m */; };
		777D30D71FD8E8240075E5FD /* SJVideoPlayer.podspec in Resources */ = {isa = PBXBuildFile; fileRef = 777D30D61FD8E8240075E5FD /* SJVideoPlayer.podspec */; };
		778E24EC1FD97DF9008D0DD3 /* README.md in Resources */ = {isa = PBXBuildFile; fileRef = 778E24EB1FD97DF9008D0DD3 /* README.md */; };
		7790AC7620594B3E00F8DF48 /* SJVideoPlayerMoreSettingsFooterView.m in Sources */ = {isa = PBXBuildFile; fileRef = 7790AC7420594B3E00F8DF48 /* SJVideoPlayerMoreSettingsFooterView.m */; };
		7790AC7A205A58BF00F8DF48 /* AboutKeyboardViewController.m in Sources */ = {isa = PBXBuildFile; fileRef = 7790AC79205A58BF00F8DF48 /* AboutKeyboardViewController.m */; };
		779A4E6720622C6B0041D8BE /* YYTapActionLabel.m in Sources */ = {isa = PBXBuildFile; fileRef = 779A4E6620622C6B0041D8BE /* YYTapActionLabel.m */; };
		779A4E6D20624E370041D8BE /* SJLightweightControlLayer.m in Sources */ = {isa = PBXBuildFile; fileRef = 779A4E6C20624E370041D8BE /* SJLightweightControlLayer.m */; };
		779A4E7120624F430041D8BE /* SJLightweightTopControlView.m in Sources */ = {isa = PBXBuildFile; fileRef = 779A4E7020624F430041D8BE /* SJLightweightTopControlView.m */; };
		779A4E7420624F580041D8BE /* SJLightweightBottomControlView.m in Sources */ = {isa = PBXBuildFile; fileRef = 779A4E7320624F580041D8BE /* SJLightweightBottomControlView.m */; };
		779A4E7720624F620041D8BE /* SJLightweightLeftControlView.m in Sources */ = {isa = PBXBuildFile; fileRef = 779A4E7620624F620041D8BE /* SJLightweightLeftControlView.m */; };
		779A4E7D2062568C0041D8BE /* SJVideoPlayerAnimationHeader.m in Sources */ = {isa = PBXBuildFile; fileRef = 779A4E7C2062568C0041D8BE /* SJVideoPlayerAnimationHeader.m */; };
		77DA95162042B8EC007A9EE8 /* SJVideoPlayerHelper.m in Sources */ = {isa = PBXBuildFile; fileRef = 77DA95142042B8EB007A9EE8 /* SJVideoPlayerHelper.m */; };
		77DA951E2042C04B007A9EE8 /* TestPageViewController.m in Sources */ = {isa = PBXBuildFile; fileRef = 77DA95192042C04A007A9EE8 /* TestPageViewController.m */; };
		77DA951F2042C04B007A9EE8 /* UIViewController+TestAdd.m in Sources */ = {isa = PBXBuildFile; fileRef = 77DA951A2042C04B007A9EE8 /* UIViewController+TestAdd.m */; };
		77DA95232042C260007A9EE8 /* TestItem.m in Sources */ = {isa = PBXBuildFile; fileRef = 77DA95222042C260007A9EE8 /* TestItem.m */; };
		77E754362040056F00A5AF44 /* FullViewController.m in Sources */ = {isa = PBXBuildFile; fileRef = 77E754352040056F00A5AF44 /* FullViewController.m */; };
		77E754382040135000A5AF44 /* sample.mp4 in Resources */ = {isa = PBXBuildFile; fileRef = 77E754372040135000A5AF44 /* sample.mp4 */; };
		77F4EFFA204029E3004748F6 /* SJSharedVideoPlayerHelper.m in Sources */ = {isa = PBXBuildFile; fileRef = 77F4EFF9204029E3004748F6 /* SJSharedVideoPlayerHelper.m */; };
		A6441092200A3FA9006FD832 /* SJVideoListViewController.m in Sources */ = {isa = PBXBuildFile; fileRef = A6441091200A3FA9006FD832 /* SJVideoListViewController.m */; };
		A6441095200A3FBA006FD832 /* SJVideoListTableViewCell.m in Sources */ = {isa = PBXBuildFile; fileRef = A6441094200A3FBA006FD832 /* SJVideoListTableViewCell.m */; };
		A6441098200A406E006FD832 /* SJVideoModel.m in Sources */ = {isa = PBXBuildFile; fileRef = A6441097200A406E006FD832 /* SJVideoModel.m */; };
		A6E6D34F2028BE9B00CB9BAE /* SJVideoPlayerControlMaskView.m in Sources */ = {isa = PBXBuildFile; fileRef = A6E6D3002028BE9B00CB9BAE /* SJVideoPlayerControlMaskView.m */; };
		A6E6D3502028BE9B00CB9BAE /* UIView+SJControlAdd.m in Sources */ = {isa = PBXBuildFile; fileRef = A6E6D3042028BE9B00CB9BAE /* UIView+SJControlAdd.m */; };
		A6E6D3522028BE9B00CB9BAE /* SJVideoPlayerURLAsset+SJControlAdd.m in Sources */ = {isa = PBXBuildFile; fileRef = A6E6D3072028BE9B00CB9BAE /* SJVideoPlayerURLAsset+SJControlAdd.m */; };
		A6E6D3532028BE9B00CB9BAE /* SJVideoPlayerPreviewView.m in Sources */ = {isa = PBXBuildFile; fileRef = A6E6D30A2028BE9B00CB9BAE /* SJVideoPlayerPreviewView.m */; };
		A6E6D3542028BE9B00CB9BAE /* SJVideoPlayerPreviewCollectionViewCell.m in Sources */ = {isa = PBXBuildFile; fileRef = A6E6D30D2028BE9B00CB9BAE /* SJVideoPlayerPreviewCollectionViewCell.m */; };
		A6E6D3552028BE9B00CB9BAE /* SJVideoPlayerTopControlView.m in Sources */ = {isa = PBXBuildFile; fileRef = A6E6D3112028BE9B00CB9BAE /* SJVideoPlayerTopControlView.m */; };
		A6E6D3562028BE9B00CB9BAE /* SJVideoPlayerLeftControlView.m in Sources */ = {isa = PBXBuildFile; fileRef = A6E6D3122028BE9B00CB9BAE /* SJVideoPlayerLeftControlView.m */; };
		A6E6D3572028BE9B00CB9BAE /* SJVideoPlayerBottomControlView.m in Sources */ = {isa = PBXBuildFile; fileRef = A6E6D3152028BE9B00CB9BAE /* SJVideoPlayerBottomControlView.m */; };
		A6E6D3582028BE9B00CB9BAE /* SJVideoPlayerCenterControlView.m in Sources */ = {isa = PBXBuildFile; fileRef = A6E6D3162028BE9B00CB9BAE /* SJVideoPlayerCenterControlView.m */; };
		A6E6D35A2028BE9B00CB9BAE /* SJVideoPlayerDraggingProgressView.m in Sources */ = {isa = PBXBuildFile; fileRef = A6E6D31B2028BE9B00CB9BAE /* SJVideoPlayerDraggingProgressView.m */; };
		A6E6D35F2028BE9B00CB9BAE /* SJMoreSettingsSlidersViewModel.m in Sources */ = {isa = PBXBuildFile; fileRef = A6E6D3262028BE9B00CB9BAE /* SJMoreSettingsSlidersViewModel.m */; };
		A6E6D3602028BE9B00CB9BAE /* SJVideoPlayerMoreSetting.m in Sources */ = {isa = PBXBuildFile; fileRef = A6E6D3282028BE9B00CB9BAE /* SJVideoPlayerMoreSetting.m */; };
		A6E6D3612028BE9B00CB9BAE /* SJVideoPlayerMoreSettingSecondary.m in Sources */ = {isa = PBXBuildFile; fileRef = A6E6D32A2028BE9B00CB9BAE /* SJVideoPlayerMoreSettingSecondary.m */; };
		A6E6D3622028BE9B00CB9BAE /* SJVideoPlayerMoreSettingsView.m in Sources */ = {isa = PBXBuildFile; fileRef = A6E6D3302028BE9B00CB9BAE /* SJVideoPlayerMoreSettingsView.m */; };
		A6E6D3632028BE9B00CB9BAE /* SJVideoPlayerMoreSettingsSlidersView.m in Sources */ = {isa = PBXBuildFile; fileRef = A6E6D3312028BE9B00CB9BAE /* SJVideoPlayerMoreSettingsSlidersView.m */; };
		A6E6D3642028BE9B00CB9BAE /* SJVideoPlayerMoreSettingsColCell.m in Sources */ = {isa = PBXBuildFile; fileRef = A6E6D3322028BE9B00CB9BAE /* SJVideoPlayerMoreSettingsColCell.m */; };
		A6E6D3662028BE9B00CB9BAE /* SJVideoPlayerMoreSettingSecondaryColCell.m in Sources */ = {isa = PBXBuildFile; fileRef = A6E6D3392028BE9B00CB9BAE /* SJVideoPlayerMoreSettingSecondaryColCell.m */; };
		A6E6D3672028BE9B00CB9BAE /* SJVideoPlayerMoreSettingSecondaryView.m in Sources */ = {isa = PBXBuildFile; fileRef = A6E6D33A2028BE9B00CB9BAE /* SJVideoPlayerMoreSettingSecondaryView.m */; };
		A6E6D3682028BE9B00CB9BAE /* SJVideoPlayerMoreSettingsSecondaryHeaderView.m in Sources */ = {isa = PBXBuildFile; fileRef = A6E6D33B2028BE9B00CB9BAE /* SJVideoPlayerMoreSettingsSecondaryHeaderView.m */; };
		A6E6D36C2028BE9B00CB9BAE /* SJVideoPlayer.m in Sources */ = {isa = PBXBuildFile; fileRef = A6E6D3492028BE9B00CB9BAE /* SJVideoPlayer.m */; };
		A6F4E9742007A12400716B9C /* PlayerCollectionViewController.m in Sources */ = {isa = PBXBuildFile; fileRef = A6F4E9732007A12400716B9C /* PlayerCollectionViewController.m */; };
		A6F4E9772007A13C00716B9C /* PlayerCollectionViewCell.m in Sources */ = {isa = PBXBuildFile; fileRef = A6F4E9762007A13C00716B9C /* PlayerCollectionViewCell.m */; };
		A6F4E97B2007A78400716B9C /* NestedTableViewController.m in Sources */ = {isa = PBXBuildFile; fileRef = A6F4E97A2007A78400716B9C /* NestedTableViewController.m */; };
		A6F4E97E2007A7EC00716B9C /* NestedTableViewCell.m in Sources */ = {isa = PBXBuildFile; fileRef = A6F4E97D2007A7EC00716B9C /* NestedTableViewCell.m */; };
		B009175F0CF36E1274CC84A3 /* libPods-SJVideoPlayerProject.a in Frameworks */ = {isa = PBXBuildFile; fileRef = A53C6944FFDAC5FD9DA4750E /* libPods-SJVideoPlayerProject.a */; };
/* End PBXBuildFile section */

/* Begin PBXFileReference section */
		3D9B385C4F414458155F268D /* Pods-SJVideoPlayerProject.debug.xcconfig */ = {isa = PBXFileReference; includeInIndex = 1; lastKnownFileType = text.xcconfig; name = "Pods-SJVideoPlayerProject.debug.xcconfig"; path = "Pods/Target Support Files/Pods-SJVideoPlayerProject/Pods-SJVideoPlayerProject.debug.xcconfig"; sourceTree = "<group>"; };
		77033C12204E7611008F1ED5 /* DemoPlayerViewController.h */ = {isa = PBXFileReference; lastKnownFileType = sourcecode.c.h; path = DemoPlayerViewController.h; sourceTree = "<group>"; };
		77033C13204E7611008F1ED5 /* DemoPlayerViewController.m */ = {isa = PBXFileReference; lastKnownFileType = sourcecode.c.objc; path = DemoPlayerViewController.m; sourceTree = "<group>"; };
		7706E1221FF74B24006E0B56 /* loading.gif */ = {isa = PBXFileReference; lastKnownFileType = image.gif; path = loading.gif; sourceTree = "<group>"; };
		7706E1241FF74C42006E0B56 /* slider.gif */ = {isa = PBXFileReference; lastKnownFileType = image.gif; path = slider.gif; sourceTree = "<group>"; };
		7706FC8A20628BC3006A828B /* SJLightweightCenterControlView.h */ = {isa = PBXFileReference; lastKnownFileType = sourcecode.c.h; path = SJLightweightCenterControlView.h; sourceTree = "<group>"; };
		7706FC8B20628BC3006A828B /* SJLightweightCenterControlView.m */ = {isa = PBXFileReference; lastKnownFileType = sourcecode.c.objc; path = SJLightweightCenterControlView.m; sourceTree = "<group>"; };
		7706FC912062A96E006A828B /* LightweightViewController.h */ = {isa = PBXFileReference; lastKnownFileType = sourcecode.c.h; path = LightweightViewController.h; sourceTree = "<group>"; };
		7706FC922062A96E006A828B /* LightweightViewController.m */ = {isa = PBXFileReference; lastKnownFileType = sourcecode.c.objc; path = LightweightViewController.m; sourceTree = "<group>"; };
		7706FC942062ABA8006A828B /* LightweightTableViewCell.h */ = {isa = PBXFileReference; lastKnownFileType = sourcecode.c.h; path = LightweightTableViewCell.h; sourceTree = "<group>"; };
		7706FC952062ABA8006A828B /* LightweightTableViewCell.m */ = {isa = PBXFileReference; lastKnownFileType = sourcecode.c.objc; path = LightweightTableViewCell.m; sourceTree = "<group>"; };
		7706FC97206341E8006A828B /* SJLightweightTopItem.h */ = {isa = PBXFileReference; lastKnownFileType = sourcecode.c.h; path = SJLightweightTopItem.h; sourceTree = "<group>"; };
		7706FC98206341E8006A828B /* SJLightweightTopItem.m */ = {isa = PBXFileReference; lastKnownFileType = sourcecode.c.objc; path = SJLightweightTopItem.m; sourceTree = "<group>"; };
		7706FCC72063D125006A828B /* Group.jpeg */ = {isa = PBXFileReference; lastKnownFileType = image.jpeg; path = Group.jpeg; sourceTree = "<group>"; };
		77154E802050D040009E51D7 /* SJVideoPlayerRightControlView.h */ = {isa = PBXFileReference; lastKnownFileType = sourcecode.c.h; path = SJVideoPlayerRightControlView.h; sourceTree = "<group>"; };
		77154E812050D040009E51D7 /* SJVideoPlayerRightControlView.m */ = {isa = PBXFileReference; lastKnownFileType = sourcecode.c.objc; path = SJVideoPlayerRightControlView.m; sourceTree = "<group>"; };
		77154E8C205255C8009E51D7 /* SJVideoPlayerFilmEditingControlView.h */ = {isa = PBXFileReference; lastKnownFileType = sourcecode.c.h; path = SJVideoPlayerFilmEditingControlView.h; sourceTree = "<group>"; };
		77154E8D205255C8009E51D7 /* SJVideoPlayerFilmEditingControlView.m */ = {isa = PBXFileReference; lastKnownFileType = sourcecode.c.objc; path = SJVideoPlayerFilmEditingControlView.m; sourceTree = "<group>"; };
		77154E8F20526391009E51D7 /* SJVideoPlayerFilmEditingResultView.h */ = {isa = PBXFileReference; lastKnownFileType = sourcecode.c.h; path = SJVideoPlayerFilmEditingResultView.h; sourceTree = "<group>"; };
		77154E9020526391009E51D7 /* SJVideoPlayerFilmEditingResultView.m */ = {isa = PBXFileReference; lastKnownFileType = sourcecode.c.objc; path = SJVideoPlayerFilmEditingResultView.m; sourceTree = "<group>"; };
		7717E6F6207DE21D00D1D489 /* SJVideoPlayerFilmEditingGenerateGIFView.m */ = {isa = PBXFileReference; fileEncoding = 4; lastKnownFileType = sourcecode.c.objc; path = SJVideoPlayerFilmEditingGenerateGIFView.m; sourceTree = "<group>"; };
		7717E6F7207DE21D00D1D489 /* SJVideoPlayerFilmEditingGenerateGIFView.h */ = {isa = PBXFileReference; fileEncoding = 4; lastKnownFileType = sourcecode.c.h; path = SJVideoPlayerFilmEditingGenerateGIFView.h; sourceTree = "<group>"; };
		772005752029BBC7009F0190 /* SJMoreSettingItems.h */ = {isa = PBXFileReference; lastKnownFileType = sourcecode.c.h; path = SJMoreSettingItems.h; sourceTree = "<group>"; };
		772005762029BBC7009F0190 /* SJMoreSettingItems.m */ = {isa = PBXFileReference; lastKnownFileType = sourcecode.c.objc; path = SJMoreSettingItems.m; sourceTree = "<group>"; };
		772DC3C6202201E400EC4725 /* placeholder.png */ = {isa = PBXFileReference; lastKnownFileType = image.png; path = placeholder.png; sourceTree = "<group>"; };
		773752282052AE7D0000E4E7 /* SJVideoPlayerFilmEditingRecordView.h */ = {isa = PBXFileReference; lastKnownFileType = sourcecode.c.h; path = SJVideoPlayerFilmEditingRecordView.h; sourceTree = "<group>"; };
		773752292052AE7D0000E4E7 /* SJVideoPlayerFilmEditingRecordView.m */ = {isa = PBXFileReference; lastKnownFileType = sourcecode.c.objc; path = SJVideoPlayerFilmEditingRecordView.m; sourceTree = "<group>"; };
		7737522B2056A1850000E4E7 /* export.gif */ = {isa = PBXFileReference; lastKnownFileType = image.gif; path = export.gif; sourceTree = "<group>"; };
		773AFC62205BA7C1003B2CAC /* DowloadViewController.h */ = {isa = PBXFileReference; lastKnownFileType = sourcecode.c.h; path = DowloadViewController.h; sourceTree = "<group>"; };
		773AFC63205BA7C1003B2CAC /* DowloadViewController.m */ = {isa = PBXFileReference; lastKnownFileType = sourcecode.c.objc; path = DowloadViewController.m; sourceTree = "<group>"; };
		773AFC65205BA86F003B2CAC /* DownloadTableViewCell.h */ = {isa = PBXFileReference; lastKnownFileType = sourcecode.c.h; path = DownloadTableViewCell.h; sourceTree = "<group>"; };
		773AFC66205BA86F003B2CAC /* DownloadTableViewCell.m */ = {isa = PBXFileReference; lastKnownFileType = sourcecode.c.objc; path = DownloadTableViewCell.m; sourceTree = "<group>"; };
		773AFC6B205BCD9E003B2CAC /* SJVideo.h */ = {isa = PBXFileReference; fileEncoding = 4; lastKnownFileType = sourcecode.c.h; path = SJVideo.h; sourceTree = "<group>"; };
		773AFC6C205BCD9E003B2CAC /* SJVideo.m */ = {isa = PBXFileReference; fileEncoding = 4; lastKnownFileType = sourcecode.c.objc; path = SJVideo.m; sourceTree = "<group>"; };
		773AFC6E205CADC5003B2CAC /* SJVideo+DownloadAdd.h */ = {isa = PBXFileReference; lastKnownFileType = sourcecode.c.h; path = "SJVideo+DownloadAdd.h"; sourceTree = "<group>"; };
		773AFC6F205CADC5003B2CAC /* SJVideo+DownloadAdd.m */ = {isa = PBXFileReference; lastKnownFileType = sourcecode.c.objc; path = "SJVideo+DownloadAdd.m"; sourceTree = "<group>"; };
		7743C2C52065266300F007D0 /* play.gif */ = {isa = PBXFileReference; lastKnownFileType = image.gif; path = play.gif; sourceTree = "<group>"; };
		774B25181FCEBA5D002113CC /* SJVideoPlayerProject.app */ = {isa = PBXFileReference; explicitFileType = wrapper.application; includeInIndex = 0; path = SJVideoPlayerProject.app; sourceTree = BUILT_PRODUCTS_DIR; };
		774B251B1FCEBA5D002113CC /* AppDelegate.h */ = {isa = PBXFileReference; lastKnownFileType = sourcecode.c.h; path = AppDelegate.h; sourceTree = "<group>"; };
		774B251C1FCEBA5D002113CC /* AppDelegate.m */ = {isa = PBXFileReference; lastKnownFileType = sourcecode.c.objc; path = AppDelegate.m; sourceTree = "<group>"; };
		774B251E1FCEBA5D002113CC /* ViewController.h */ = {isa = PBXFileReference; lastKnownFileType = sourcecode.c.h; path = ViewController.h; sourceTree = "<group>"; };
		774B251F1FCEBA5D002113CC /* ViewController.m */ = {isa = PBXFileReference; lastKnownFileType = sourcecode.c.objc; path = ViewController.m; sourceTree = "<group>"; };
		774B25221FCEBA5D002113CC /* Base */ = {isa = PBXFileReference; lastKnownFileType = file.storyboard; name = Base; path = Base.lproj/Main.storyboard; sourceTree = "<group>"; };
		774B25241FCEBA5D002113CC /* Assets.xcassets */ = {isa = PBXFileReference; lastKnownFileType = folder.assetcatalog; path = Assets.xcassets; sourceTree = "<group>"; };
		774B25271FCEBA5D002113CC /* Base */ = {isa = PBXFileReference; lastKnownFileType = file.storyboard; name = Base; path = Base.lproj/LaunchScreen.storyboard; sourceTree = "<group>"; };
		774B25291FCEBA5D002113CC /* Info.plist */ = {isa = PBXFileReference; lastKnownFileType = text.plist.xml; path = Info.plist; sourceTree = "<group>"; };
		774B252A1FCEBA5D002113CC /* main.m */ = {isa = PBXFileReference; lastKnownFileType = sourcecode.c.objc; path = main.m; sourceTree = "<group>"; };
		774B25551FCED47B002113CC /* PlayerViewController.h */ = {isa = PBXFileReference; lastKnownFileType = sourcecode.c.h; path = PlayerViewController.h; sourceTree = "<group>"; };
		774B25561FCED47B002113CC /* PlayerViewController.m */ = {isa = PBXFileReference; lastKnownFileType = sourcecode.c.objc; path = PlayerViewController.m; sourceTree = "<group>"; };
		775A7C241FD7EC5000BE1EE2 /* PlayerTableViewController.h */ = {isa = PBXFileReference; lastKnownFileType = sourcecode.c.h; path = PlayerTableViewController.h; sourceTree = "<group>"; };
		775A7C251FD7EC5000BE1EE2 /* PlayerTableViewController.m */ = {isa = PBXFileReference; lastKnownFileType = sourcecode.c.objc; path = PlayerTableViewController.m; sourceTree = "<group>"; };
		775A7C271FD7EC7C00BE1EE2 /* PlayerTableViewCell.h */ = {isa = PBXFileReference; lastKnownFileType = sourcecode.c.h; path = PlayerTableViewCell.h; sourceTree = "<group>"; };
		775A7C281FD7EC7C00BE1EE2 /* PlayerTableViewCell.m */ = {isa = PBXFileReference; lastKnownFileType = sourcecode.c.objc; path = PlayerTableViewCell.m; sourceTree = "<group>"; };
		775B1FFD204555B200264AB9 /* TableViewHeaderDemoViewController.h */ = {isa = PBXFileReference; lastKnownFileType = sourcecode.c.h; path = TableViewHeaderDemoViewController.h; sourceTree = "<group>"; };
		775B1FFE204555B200264AB9 /* TableViewHeaderDemoViewController.m */ = {isa = PBXFileReference; lastKnownFileType = sourcecode.c.objc; path = TableViewHeaderDemoViewController.m; sourceTree = "<group>"; };
		775B200C20455A2800264AB9 /* TableHeaderView.h */ = {isa = PBXFileReference; lastKnownFileType = sourcecode.c.h; path = TableHeaderView.h; sourceTree = "<group>"; };
		775B200D20455A2800264AB9 /* TableHeaderView.m */ = {isa = PBXFileReference; lastKnownFileType = sourcecode.c.objc; path = TableHeaderView.m; sourceTree = "<group>"; };
		775B201420465D6200264AB9 /* TableViewHeaderIsCollectionViewDemoViewController.h */ = {isa = PBXFileReference; lastKnownFileType = sourcecode.c.h; path = TableViewHeaderIsCollectionViewDemoViewController.h; sourceTree = "<group>"; };
		775B201520465D6200264AB9 /* TableViewHeaderIsCollectionViewDemoViewController.m */ = {isa = PBXFileReference; lastKnownFileType = sourcecode.c.objc; path = TableViewHeaderIsCollectionViewDemoViewController.m; sourceTree = "<group>"; };
		775B201720465E1500264AB9 /* TableHeaderCollectionView.h */ = {isa = PBXFileReference; lastKnownFileType = sourcecode.c.h; path = TableHeaderCollectionView.h; sourceTree = "<group>"; };
		775B201820465E1500264AB9 /* TableHeaderCollectionView.m */ = {isa = PBXFileReference; lastKnownFileType = sourcecode.c.objc; path = TableHeaderCollectionView.m; sourceTree = "<group>"; };
		775B201A2046682E00264AB9 /* TableHeaderCollectionViewCell.h */ = {isa = PBXFileReference; lastKnownFileType = sourcecode.c.h; path = TableHeaderCollectionViewCell.h; sourceTree = "<group>"; };
		775B201B2046682E00264AB9 /* TableHeaderCollectionViewCell.m */ = {isa = PBXFileReference; lastKnownFileType = sourcecode.c.objc; path = TableHeaderCollectionViewCell.m; sourceTree = "<group>"; };
		775C0ABF20295C660008EDA7 /* SJVideoPlayer.bundle */ = {isa = PBXFileReference; lastKnownFileType = "wrapper.plug-in"; path = SJVideoPlayer.bundle; sourceTree = "<group>"; };
		775C0AC020295C660008EDA7 /* SJVideoPlayerResources.h */ = {isa = PBXFileReference; fileEncoding = 4; lastKnownFileType = sourcecode.c.h; path = SJVideoPlayerResources.h; sourceTree = "<group>"; };
		775C0AC120295C660008EDA7 /* SJVideoPlayerResources.m */ = {isa = PBXFileReference; fileEncoding = 4; lastKnownFileType = sourcecode.c.objc; path = SJVideoPlayerResources.m; sourceTree = "<group>"; };
		775C0AC220295C660008EDA7 /* SJVideoPlayerSettings.h */ = {isa = PBXFileReference; fileEncoding = 4; lastKnownFileType = sourcecode.c.h; path = SJVideoPlayerSettings.h; sourceTree = "<group>"; };
		775C0AC320295C660008EDA7 /* SJVideoPlayerSettings.m */ = {isa = PBXFileReference; fileEncoding = 4; lastKnownFileType = sourcecode.c.objc; path = SJVideoPlayerSettings.m; sourceTree = "<group>"; };
		775C0AC420295C660008EDA7 /* UIView+SJVideoPlayerSetting.h */ = {isa = PBXFileReference; fileEncoding = 4; lastKnownFileType = sourcecode.c.h; path = "UIView+SJVideoPlayerSetting.h"; sourceTree = "<group>"; };
		775C0AC520295C660008EDA7 /* UIView+SJVideoPlayerSetting.m */ = {isa = PBXFileReference; fileEncoding = 4; lastKnownFileType = sourcecode.c.objc; path = "UIView+SJVideoPlayerSetting.m"; sourceTree = "<group>"; };
		775C0AD220295E790008EDA7 /* SJVideoPlayerMoreSetting+Exe.h */ = {isa = PBXFileReference; lastKnownFileType = sourcecode.c.h; path = "SJVideoPlayerMoreSetting+Exe.h"; sourceTree = "<group>"; };
		775C0AD320295E790008EDA7 /* SJVideoPlayerMoreSetting+Exe.m */ = {isa = PBXFileReference; lastKnownFileType = sourcecode.c.objc; path = "SJVideoPlayerMoreSetting+Exe.m"; sourceTree = "<group>"; };
		775C0AD5202962180008EDA7 /* SJVideoPlayerDefaultControlView.h */ = {isa = PBXFileReference; lastKnownFileType = sourcecode.c.h; path = SJVideoPlayerDefaultControlView.h; sourceTree = "<group>"; };
		775C0AD6202962180008EDA7 /* SJVideoPlayerDefaultControlView.m */ = {isa = PBXFileReference; lastKnownFileType = sourcecode.c.objc; path = SJVideoPlayerDefaultControlView.m; sourceTree = "<group>"; };
		7766A620207F2DAC008B3C1A /* SJVideoPlayerFilmEditingCommonHeader.h */ = {isa = PBXFileReference; lastKnownFileType = sourcecode.c.h; path = SJVideoPlayerFilmEditingCommonHeader.h; sourceTree = "<group>"; };
		7766A628207F370B008B3C1A /* SJFilmEditingResultShareItem.h */ = {isa = PBXFileReference; lastKnownFileType = sourcecode.c.h; path = SJFilmEditingResultShareItem.h; sourceTree = "<group>"; };
		7766A629207F370B008B3C1A /* SJFilmEditingResultShareItem.m */ = {isa = PBXFileReference; lastKnownFileType = sourcecode.c.objc; path = SJFilmEditingResultShareItem.m; sourceTree = "<group>"; };
		7766A62B207F3C50008B3C1A /* TestUploader.h */ = {isa = PBXFileReference; lastKnownFileType = sourcecode.c.h; path = TestUploader.h; sourceTree = "<group>"; };
		7766A62C207F3C50008B3C1A /* TestUploader.m */ = {isa = PBXFileReference; lastKnownFileType = sourcecode.c.objc; path = TestUploader.m; sourceTree = "<group>"; };
		777D30D61FD8E8240075E5FD /* SJVideoPlayer.podspec */ = {isa = PBXFileReference; fileEncoding = 4; lastKnownFileType = text; name = SJVideoPlayer.podspec; path = ../SJVideoPlayer.podspec; sourceTree = "<group>"; };
		778E24EB1FD97DF9008D0DD3 /* README.md */ = {isa = PBXFileReference; fileEncoding = 4; lastKnownFileType = net.daringfireball.markdown; name = README.md; path = ../README.md; sourceTree = "<group>"; };
		7790AC7420594B3E00F8DF48 /* SJVideoPlayerMoreSettingsFooterView.m */ = {isa = PBXFileReference; fileEncoding = 4; lastKnownFileType = sourcecode.c.objc; path = SJVideoPlayerMoreSettingsFooterView.m; sourceTree = "<group>"; };
		7790AC7520594B3E00F8DF48 /* SJVideoPlayerMoreSettingsFooterView.h */ = {isa = PBXFileReference; fileEncoding = 4; lastKnownFileType = sourcecode.c.h; path = SJVideoPlayerMoreSettingsFooterView.h; sourceTree = "<group>"; };
		7790AC78205A58BF00F8DF48 /* AboutKeyboardViewController.h */ = {isa = PBXFileReference; lastKnownFileType = sourcecode.c.h; path = AboutKeyboardViewController.h; sourceTree = "<group>"; };
		7790AC79205A58BF00F8DF48 /* AboutKeyboardViewController.m */ = {isa = PBXFileReference; lastKnownFileType = sourcecode.c.objc; path = AboutKeyboardViewController.m; sourceTree = "<group>"; };
		779A4E6520622C6B0041D8BE /* YYTapActionLabel.h */ = {isa = PBXFileReference; lastKnownFileType = sourcecode.c.h; path = YYTapActionLabel.h; sourceTree = "<group>"; };
		779A4E6620622C6B0041D8BE /* YYTapActionLabel.m */ = {isa = PBXFileReference; lastKnownFileType = sourcecode.c.objc; path = YYTapActionLabel.m; sourceTree = "<group>"; };
		779A4E6B20624E360041D8BE /* SJLightweightControlLayer.h */ = {isa = PBXFileReference; lastKnownFileType = sourcecode.c.h; path = SJLightweightControlLayer.h; sourceTree = "<group>"; };
		779A4E6C20624E370041D8BE /* SJLightweightControlLayer.m */ = {isa = PBXFileReference; lastKnownFileType = sourcecode.c.objc; path = SJLightweightControlLayer.m; sourceTree = "<group>"; };
		779A4E6F20624F430041D8BE /* SJLightweightTopControlView.h */ = {isa = PBXFileReference; lastKnownFileType = sourcecode.c.h; path = SJLightweightTopControlView.h; sourceTree = "<group>"; };
		779A4E7020624F430041D8BE /* SJLightweightTopControlView.m */ = {isa = PBXFileReference; lastKnownFileType = sourcecode.c.objc; path = SJLightweightTopControlView.m; sourceTree = "<group>"; };
		779A4E7220624F580041D8BE /* SJLightweightBottomControlView.h */ = {isa = PBXFileReference; lastKnownFileType = sourcecode.c.h; path = SJLightweightBottomControlView.h; sourceTree = "<group>"; };
		779A4E7320624F580041D8BE /* SJLightweightBottomControlView.m */ = {isa = PBXFileReference; lastKnownFileType = sourcecode.c.objc; path = SJLightweightBottomControlView.m; sourceTree = "<group>"; };
		779A4E7520624F620041D8BE /* SJLightweightLeftControlView.h */ = {isa = PBXFileReference; lastKnownFileType = sourcecode.c.h; path = SJLightweightLeftControlView.h; sourceTree = "<group>"; };
		779A4E7620624F620041D8BE /* SJLightweightLeftControlView.m */ = {isa = PBXFileReference; lastKnownFileType = sourcecode.c.objc; path = SJLightweightLeftControlView.m; sourceTree = "<group>"; };
		779A4E7B2062568C0041D8BE /* SJVideoPlayerAnimationHeader.h */ = {isa = PBXFileReference; lastKnownFileType = sourcecode.c.h; path = SJVideoPlayerAnimationHeader.h; sourceTree = "<group>"; };
		779A4E7C2062568C0041D8BE /* SJVideoPlayerAnimationHeader.m */ = {isa = PBXFileReference; lastKnownFileType = sourcecode.c.objc; path = SJVideoPlayerAnimationHeader.m; sourceTree = "<group>"; };
		779D28EF207DEFA100B527CE /* SJVideoPlayerFilmEditingStatus.h */ = {isa = PBXFileReference; lastKnownFileType = sourcecode.c.h; path = SJVideoPlayerFilmEditingStatus.h; sourceTree = "<group>"; };
		77DA95142042B8EB007A9EE8 /* SJVideoPlayerHelper.m */ = {isa = PBXFileReference; fileEncoding = 4; lastKnownFileType = sourcecode.c.objc; path = SJVideoPlayerHelper.m; sourceTree = "<group>"; };
		77DA95152042B8EC007A9EE8 /* SJVideoPlayerHelper.h */ = {isa = PBXFileReference; fileEncoding = 4; lastKnownFileType = sourcecode.c.h; path = SJVideoPlayerHelper.h; sourceTree = "<group>"; };
		77DA95182042C04A007A9EE8 /* TestPageViewController.h */ = {isa = PBXFileReference; fileEncoding = 4; lastKnownFileType = sourcecode.c.h; path = TestPageViewController.h; sourceTree = "<group>"; };
		77DA95192042C04A007A9EE8 /* TestPageViewController.m */ = {isa = PBXFileReference; fileEncoding = 4; lastKnownFileType = sourcecode.c.objc; path = TestPageViewController.m; sourceTree = "<group>"; };
		77DA951A2042C04B007A9EE8 /* UIViewController+TestAdd.m */ = {isa = PBXFileReference; fileEncoding = 4; lastKnownFileType = sourcecode.c.objc; path = "UIViewController+TestAdd.m"; sourceTree = "<group>"; };
		77DA951C2042C04B007A9EE8 /* UIViewController+TestAdd.h */ = {isa = PBXFileReference; fileEncoding = 4; lastKnownFileType = sourcecode.c.h; path = "UIViewController+TestAdd.h"; sourceTree = "<group>"; };
		77DA95212042C260007A9EE8 /* TestItem.h */ = {isa = PBXFileReference; lastKnownFileType = sourcecode.c.h; path = TestItem.h; sourceTree = "<group>"; };
		77DA95222042C260007A9EE8 /* TestItem.m */ = {isa = PBXFileReference; lastKnownFileType = sourcecode.c.objc; path = TestItem.m; sourceTree = "<group>"; };
		77E754342040056F00A5AF44 /* FullViewController.h */ = {isa = PBXFileReference; lastKnownFileType = sourcecode.c.h; path = FullViewController.h; sourceTree = "<group>"; };
		77E754352040056F00A5AF44 /* FullViewController.m */ = {isa = PBXFileReference; lastKnownFileType = sourcecode.c.objc; path = FullViewController.m; sourceTree = "<group>"; };
		77E754372040135000A5AF44 /* sample.mp4 */ = {isa = PBXFileReference; lastKnownFileType = file; path = sample.mp4; sourceTree = "<group>"; };
		77F4EFF8204029E3004748F6 /* SJSharedVideoPlayerHelper.h */ = {isa = PBXFileReference; lastKnownFileType = sourcecode.c.h; path = SJSharedVideoPlayerHelper.h; sourceTree = "<group>"; };
		77F4EFF9204029E3004748F6 /* SJSharedVideoPlayerHelper.m */ = {isa = PBXFileReference; lastKnownFileType = sourcecode.c.objc; path = SJSharedVideoPlayerHelper.m; sourceTree = "<group>"; };
		A53C6944FFDAC5FD9DA4750E /* libPods-SJVideoPlayerProject.a */ = {isa = PBXFileReference; explicitFileType = archive.ar; includeInIndex = 0; path = "libPods-SJVideoPlayerProject.a"; sourceTree = BUILT_PRODUCTS_DIR; };
		A6441090200A3FA9006FD832 /* SJVideoListViewController.h */ = {isa = PBXFileReference; lastKnownFileType = sourcecode.c.h; path = SJVideoListViewController.h; sourceTree = "<group>"; };
		A6441091200A3FA9006FD832 /* SJVideoListViewController.m */ = {isa = PBXFileReference; lastKnownFileType = sourcecode.c.objc; path = SJVideoListViewController.m; sourceTree = "<group>"; };
		A6441093200A3FBA006FD832 /* SJVideoListTableViewCell.h */ = {isa = PBXFileReference; lastKnownFileType = sourcecode.c.h; path = SJVideoListTableViewCell.h; sourceTree = "<group>"; };
		A6441094200A3FBA006FD832 /* SJVideoListTableViewCell.m */ = {isa = PBXFileReference; lastKnownFileType = sourcecode.c.objc; path = SJVideoListTableViewCell.m; sourceTree = "<group>"; };
		A6441096200A406E006FD832 /* SJVideoModel.h */ = {isa = PBXFileReference; lastKnownFileType = sourcecode.c.h; path = SJVideoModel.h; sourceTree = "<group>"; };
		A6441097200A406E006FD832 /* SJVideoModel.m */ = {isa = PBXFileReference; lastKnownFileType = sourcecode.c.objc; path = SJVideoModel.m; sourceTree = "<group>"; };
		A6E6D3002028BE9B00CB9BAE /* SJVideoPlayerControlMaskView.m */ = {isa = PBXFileReference; fileEncoding = 4; lastKnownFileType = sourcecode.c.objc; path = SJVideoPlayerControlMaskView.m; sourceTree = "<group>"; };
		A6E6D3012028BE9B00CB9BAE /* SJVideoPlayerControlMaskView.h */ = {isa = PBXFileReference; fileEncoding = 4; lastKnownFileType = sourcecode.c.h; path = SJVideoPlayerControlMaskView.h; sourceTree = "<group>"; };
		A6E6D3042028BE9B00CB9BAE /* UIView+SJControlAdd.m */ = {isa = PBXFileReference; fileEncoding = 4; lastKnownFileType = sourcecode.c.objc; path = "UIView+SJControlAdd.m"; sourceTree = "<group>"; };
		A6E6D3052028BE9B00CB9BAE /* SJVideoPlayerURLAsset+SJControlAdd.h */ = {isa = PBXFileReference; fileEncoding = 4; lastKnownFileType = sourcecode.c.h; path = "SJVideoPlayerURLAsset+SJControlAdd.h"; sourceTree = "<group>"; };
		A6E6D3072028BE9B00CB9BAE /* SJVideoPlayerURLAsset+SJControlAdd.m */ = {isa = PBXFileReference; fileEncoding = 4; lastKnownFileType = sourcecode.c.objc; path = "SJVideoPlayerURLAsset+SJControlAdd.m"; sourceTree = "<group>"; };
		A6E6D3082028BE9B00CB9BAE /* UIView+SJControlAdd.h */ = {isa = PBXFileReference; fileEncoding = 4; lastKnownFileType = sourcecode.c.h; path = "UIView+SJControlAdd.h"; sourceTree = "<group>"; };
		A6E6D30A2028BE9B00CB9BAE /* SJVideoPlayerPreviewView.m */ = {isa = PBXFileReference; fileEncoding = 4; lastKnownFileType = sourcecode.c.objc; path = SJVideoPlayerPreviewView.m; sourceTree = "<group>"; };
		A6E6D30B2028BE9B00CB9BAE /* SJVideoPlayerPreviewCollectionViewCell.h */ = {isa = PBXFileReference; fileEncoding = 4; lastKnownFileType = sourcecode.c.h; path = SJVideoPlayerPreviewCollectionViewCell.h; sourceTree = "<group>"; };
		A6E6D30C2028BE9B00CB9BAE /* SJVideoPlayerPreviewView.h */ = {isa = PBXFileReference; fileEncoding = 4; lastKnownFileType = sourcecode.c.h; path = SJVideoPlayerPreviewView.h; sourceTree = "<group>"; };
		A6E6D30D2028BE9B00CB9BAE /* SJVideoPlayerPreviewCollectionViewCell.m */ = {isa = PBXFileReference; fileEncoding = 4; lastKnownFileType = sourcecode.c.objc; path = SJVideoPlayerPreviewCollectionViewCell.m; sourceTree = "<group>"; };
		A6E6D30F2028BE9B00CB9BAE /* SJVideoPlayerCenterControlView.h */ = {isa = PBXFileReference; fileEncoding = 4; lastKnownFileType = sourcecode.c.h; path = SJVideoPlayerCenterControlView.h; sourceTree = "<group>"; };
		A6E6D3102028BE9B00CB9BAE /* SJVideoPlayerBottomControlView.h */ = {isa = PBXFileReference; fileEncoding = 4; lastKnownFileType = sourcecode.c.h; path = SJVideoPlayerBottomControlView.h; sourceTree = "<group>"; };
		A6E6D3112028BE9B00CB9BAE /* SJVideoPlayerTopControlView.m */ = {isa = PBXFileReference; fileEncoding = 4; lastKnownFileType = sourcecode.c.objc; path = SJVideoPlayerTopControlView.m; sourceTree = "<group>"; };
		A6E6D3122028BE9B00CB9BAE /* SJVideoPlayerLeftControlView.m */ = {isa = PBXFileReference; fileEncoding = 4; lastKnownFileType = sourcecode.c.objc; path = SJVideoPlayerLeftControlView.m; sourceTree = "<group>"; };
		A6E6D3142028BE9B00CB9BAE /* SJVideoPlayerTopControlView.h */ = {isa = PBXFileReference; fileEncoding = 4; lastKnownFileType = sourcecode.c.h; path = SJVideoPlayerTopControlView.h; sourceTree = "<group>"; };
		A6E6D3152028BE9B00CB9BAE /* SJVideoPlayerBottomControlView.m */ = {isa = PBXFileReference; fileEncoding = 4; lastKnownFileType = sourcecode.c.objc; path = SJVideoPlayerBottomControlView.m; sourceTree = "<group>"; };
		A6E6D3162028BE9B00CB9BAE /* SJVideoPlayerCenterControlView.m */ = {isa = PBXFileReference; fileEncoding = 4; lastKnownFileType = sourcecode.c.objc; path = SJVideoPlayerCenterControlView.m; sourceTree = "<group>"; };
		A6E6D3182028BE9B00CB9BAE /* SJVideoPlayerLeftControlView.h */ = {isa = PBXFileReference; fileEncoding = 4; lastKnownFileType = sourcecode.c.h; path = SJVideoPlayerLeftControlView.h; sourceTree = "<group>"; };
		A6E6D31A2028BE9B00CB9BAE /* SJVideoPlayerDraggingProgressView.h */ = {isa = PBXFileReference; fileEncoding = 4; lastKnownFileType = sourcecode.c.h; path = SJVideoPlayerDraggingProgressView.h; sourceTree = "<group>"; };
		A6E6D31B2028BE9B00CB9BAE /* SJVideoPlayerDraggingProgressView.m */ = {isa = PBXFileReference; fileEncoding = 4; lastKnownFileType = sourcecode.c.objc; path = SJVideoPlayerDraggingProgressView.m; sourceTree = "<group>"; };
		A6E6D3262028BE9B00CB9BAE /* SJMoreSettingsSlidersViewModel.m */ = {isa = PBXFileReference; fileEncoding = 4; lastKnownFileType = sourcecode.c.objc; path = SJMoreSettingsSlidersViewModel.m; sourceTree = "<group>"; };
		A6E6D3272028BE9B00CB9BAE /* SJVideoPlayerMoreSettingSecondary.h */ = {isa = PBXFileReference; fileEncoding = 4; lastKnownFileType = sourcecode.c.h; path = SJVideoPlayerMoreSettingSecondary.h; sourceTree = "<group>"; };
		A6E6D3282028BE9B00CB9BAE /* SJVideoPlayerMoreSetting.m */ = {isa = PBXFileReference; fileEncoding = 4; lastKnownFileType = sourcecode.c.objc; path = SJVideoPlayerMoreSetting.m; sourceTree = "<group>"; };
		A6E6D3292028BE9B00CB9BAE /* SJMoreSettingsSlidersViewModel.h */ = {isa = PBXFileReference; fileEncoding = 4; lastKnownFileType = sourcecode.c.h; path = SJMoreSettingsSlidersViewModel.h; sourceTree = "<group>"; };
		A6E6D32A2028BE9B00CB9BAE /* SJVideoPlayerMoreSettingSecondary.m */ = {isa = PBXFileReference; fileEncoding = 4; lastKnownFileType = sourcecode.c.objc; path = SJVideoPlayerMoreSettingSecondary.m; sourceTree = "<group>"; };
		A6E6D32B2028BE9B00CB9BAE /* SJVideoPlayerMoreSetting.h */ = {isa = PBXFileReference; fileEncoding = 4; lastKnownFileType = sourcecode.c.h; path = SJVideoPlayerMoreSetting.h; sourceTree = "<group>"; };
		A6E6D32D2028BE9B00CB9BAE /* SJVideoPlayerMoreSettingsSlidersView.h */ = {isa = PBXFileReference; fileEncoding = 4; lastKnownFileType = sourcecode.c.h; path = SJVideoPlayerMoreSettingsSlidersView.h; sourceTree = "<group>"; };
		A6E6D32E2028BE9B00CB9BAE /* SJVideoPlayerMoreSettingsColCell.h */ = {isa = PBXFileReference; fileEncoding = 4; lastKnownFileType = sourcecode.c.h; path = SJVideoPlayerMoreSettingsColCell.h; sourceTree = "<group>"; };
		A6E6D3302028BE9B00CB9BAE /* SJVideoPlayerMoreSettingsView.m */ = {isa = PBXFileReference; fileEncoding = 4; lastKnownFileType = sourcecode.c.objc; path = SJVideoPlayerMoreSettingsView.m; sourceTree = "<group>"; };
		A6E6D3312028BE9B00CB9BAE /* SJVideoPlayerMoreSettingsSlidersView.m */ = {isa = PBXFileReference; fileEncoding = 4; lastKnownFileType = sourcecode.c.objc; path = SJVideoPlayerMoreSettingsSlidersView.m; sourceTree = "<group>"; };
		A6E6D3322028BE9B00CB9BAE /* SJVideoPlayerMoreSettingsColCell.m */ = {isa = PBXFileReference; fileEncoding = 4; lastKnownFileType = sourcecode.c.objc; path = SJVideoPlayerMoreSettingsColCell.m; sourceTree = "<group>"; };
		A6E6D3332028BE9B00CB9BAE /* SJVideoPlayerMoreSettingsView.h */ = {isa = PBXFileReference; fileEncoding = 4; lastKnownFileType = sourcecode.c.h; path = SJVideoPlayerMoreSettingsView.h; sourceTree = "<group>"; };
		A6E6D3362028BE9B00CB9BAE /* SJVideoPlayerMoreSettingSecondaryView.h */ = {isa = PBXFileReference; fileEncoding = 4; lastKnownFileType = sourcecode.c.h; path = SJVideoPlayerMoreSettingSecondaryView.h; sourceTree = "<group>"; };
		A6E6D3372028BE9B00CB9BAE /* SJVideoPlayerMoreSettingSecondaryColCell.h */ = {isa = PBXFileReference; fileEncoding = 4; lastKnownFileType = sourcecode.c.h; path = SJVideoPlayerMoreSettingSecondaryColCell.h; sourceTree = "<group>"; };
		A6E6D3382028BE9B00CB9BAE /* SJVideoPlayerMoreSettingsSecondaryHeaderView.h */ = {isa = PBXFileReference; fileEncoding = 4; lastKnownFileType = sourcecode.c.h; path = SJVideoPlayerMoreSettingsSecondaryHeaderView.h; sourceTree = "<group>"; };
		A6E6D3392028BE9B00CB9BAE /* SJVideoPlayerMoreSettingSecondaryColCell.m */ = {isa = PBXFileReference; fileEncoding = 4; lastKnownFileType = sourcecode.c.objc; path = SJVideoPlayerMoreSettingSecondaryColCell.m; sourceTree = "<group>"; };
		A6E6D33A2028BE9B00CB9BAE /* SJVideoPlayerMoreSettingSecondaryView.m */ = {isa = PBXFileReference; fileEncoding = 4; lastKnownFileType = sourcecode.c.objc; path = SJVideoPlayerMoreSettingSecondaryView.m; sourceTree = "<group>"; };
		A6E6D33B2028BE9B00CB9BAE /* SJVideoPlayerMoreSettingsSecondaryHeaderView.m */ = {isa = PBXFileReference; fileEncoding = 4; lastKnownFileType = sourcecode.c.objc; path = SJVideoPlayerMoreSettingsSecondaryHeaderView.m; sourceTree = "<group>"; };
		A6E6D3482028BE9B00CB9BAE /* SJVideoPlayer.h */ = {isa = PBXFileReference; fileEncoding = 4; lastKnownFileType = sourcecode.c.h; path = SJVideoPlayer.h; sourceTree = "<group>"; };
		A6E6D3492028BE9B00CB9BAE /* SJVideoPlayer.m */ = {isa = PBXFileReference; fileEncoding = 4; lastKnownFileType = sourcecode.c.objc; path = SJVideoPlayer.m; sourceTree = "<group>"; };
		A6F4E9722007A12400716B9C /* PlayerCollectionViewController.h */ = {isa = PBXFileReference; lastKnownFileType = sourcecode.c.h; path = PlayerCollectionViewController.h; sourceTree = "<group>"; };
		A6F4E9732007A12400716B9C /* PlayerCollectionViewController.m */ = {isa = PBXFileReference; lastKnownFileType = sourcecode.c.objc; path = PlayerCollectionViewController.m; sourceTree = "<group>"; };
		A6F4E9752007A13C00716B9C /* PlayerCollectionViewCell.h */ = {isa = PBXFileReference; lastKnownFileType = sourcecode.c.h; path = PlayerCollectionViewCell.h; sourceTree = "<group>"; };
		A6F4E9762007A13C00716B9C /* PlayerCollectionViewCell.m */ = {isa = PBXFileReference; lastKnownFileType = sourcecode.c.objc; path = PlayerCollectionViewCell.m; sourceTree = "<group>"; };
		A6F4E9792007A78400716B9C /* NestedTableViewController.h */ = {isa = PBXFileReference; lastKnownFileType = sourcecode.c.h; path = NestedTableViewController.h; sourceTree = "<group>"; };
		A6F4E97A2007A78400716B9C /* NestedTableViewController.m */ = {isa = PBXFileReference; lastKnownFileType = sourcecode.c.objc; path = NestedTableViewController.m; sourceTree = "<group>"; };
		A6F4E97C2007A7EC00716B9C /* NestedTableViewCell.h */ = {isa = PBXFileReference; lastKnownFileType = sourcecode.c.h; path = NestedTableViewCell.h; sourceTree = "<group>"; };
		A6F4E97D2007A7EC00716B9C /* NestedTableViewCell.m */ = {isa = PBXFileReference; lastKnownFileType = sourcecode.c.objc; path = NestedTableViewCell.m; sourceTree = "<group>"; };
		CF7AAE46F079AA385055F66D /* Pods-SJVideoPlayerProject.release.xcconfig */ = {isa = PBXFileReference; includeInIndex = 1; lastKnownFileType = text.xcconfig; name = "Pods-SJVideoPlayerProject.release.xcconfig"; path = "Pods/Target Support Files/Pods-SJVideoPlayerProject/Pods-SJVideoPlayerProject.release.xcconfig"; sourceTree = "<group>"; };
/* End PBXFileReference section */

/* Begin PBXFrameworksBuildPhase section */
		774B25151FCEBA5D002113CC /* Frameworks */ = {
			isa = PBXFrameworksBuildPhase;
			buildActionMask = 2147483647;
			files = (
				B009175F0CF36E1274CC84A3 /* libPods-SJVideoPlayerProject.a in Frameworks */,
			);
			runOnlyForDeploymentPostprocessing = 0;
		};
/* End PBXFrameworksBuildPhase section */

/* Begin PBXGroup section */
		38483D3C905F00D5607D0F77 /* Pods */ = {
			isa = PBXGroup;
			children = (
				3D9B385C4F414458155F268D /* Pods-SJVideoPlayerProject.debug.xcconfig */,
				CF7AAE46F079AA385055F66D /* Pods-SJVideoPlayerProject.release.xcconfig */,
			);
			name = Pods;
			sourceTree = "<group>";
		};
		722BFA99CADEA378A9F79673 /* Frameworks */ = {
			isa = PBXGroup;
			children = (
				A53C6944FFDAC5FD9DA4750E /* libPods-SJVideoPlayerProject.a */,
			);
			name = Frameworks;
			sourceTree = "<group>";
		};
		77033C11204E75F3008F1ED5 /* ViewController */ = {
			isa = PBXGroup;
			children = (
				77033C12204E7611008F1ED5 /* DemoPlayerViewController.h */,
				77033C13204E7611008F1ED5 /* DemoPlayerViewController.m */,
			);
			path = ViewController;
			sourceTree = "<group>";
		};
		7706FC8D2062A818006A828B /* Lightweight_轻量级播放器 */ = {
			isa = PBXGroup;
			children = (
				7706FC912062A96E006A828B /* LightweightViewController.h */,
				7706FC922062A96E006A828B /* LightweightViewController.m */,
				7706FC942062ABA8006A828B /* LightweightTableViewCell.h */,
				7706FC952062ABA8006A828B /* LightweightTableViewCell.m */,
			);
			path = "Lightweight_轻量级播放器";
			sourceTree = "<group>";
		};
		7720056F2029B5C0009F0190 /* Model */ = {
			isa = PBXGroup;
			children = (
				77F4EFF8204029E3004748F6 /* SJSharedVideoPlayerHelper.h */,
				77F4EFF9204029E3004748F6 /* SJSharedVideoPlayerHelper.m */,
			);
			path = Model;
			sourceTree = "<group>";
		};
		772005712029B5CB009F0190 /* Controller */ = {
			isa = PBXGroup;
			children = (
				774B25551FCED47B002113CC /* PlayerViewController.h */,
				774B25561FCED47B002113CC /* PlayerViewController.m */,
			);
			path = Controller;
			sourceTree = "<group>";
		};
		773AFC71205D06DE003B2CAC /* Download_下载 */ = {
			isa = PBXGroup;
			children = (
				773AFC6B205BCD9E003B2CAC /* SJVideo.h */,
				773AFC6C205BCD9E003B2CAC /* SJVideo.m */,
				773AFC6E205CADC5003B2CAC /* SJVideo+DownloadAdd.h */,
				773AFC6F205CADC5003B2CAC /* SJVideo+DownloadAdd.m */,
				773AFC62205BA7C1003B2CAC /* DowloadViewController.h */,
				773AFC63205BA7C1003B2CAC /* DowloadViewController.m */,
				773AFC65205BA86F003B2CAC /* DownloadTableViewCell.h */,
				773AFC66205BA86F003B2CAC /* DownloadTableViewCell.m */,
			);
			path = "Download_下载";
			sourceTree = "<group>";
		};
		774B250F1FCEBA5D002113CC = {
			isa = PBXGroup;
			children = (
				778E24EB1FD97DF9008D0DD3 /* README.md */,
				777D30D61FD8E8240075E5FD /* SJVideoPlayer.podspec */,
				774B251A1FCEBA5D002113CC /* SJVideoPlayerProject */,
				774B25191FCEBA5D002113CC /* Products */,
				38483D3C905F00D5607D0F77 /* Pods */,
				722BFA99CADEA378A9F79673 /* Frameworks */,
			);
			sourceTree = "<group>";
		};
		774B25191FCEBA5D002113CC /* Products */ = {
			isa = PBXGroup;
			children = (
				774B25181FCEBA5D002113CC /* SJVideoPlayerProject.app */,
			);
			name = Products;
			sourceTree = "<group>";
		};
		774B251A1FCEBA5D002113CC /* SJVideoPlayerProject */ = {
			isa = PBXGroup;
			children = (
				774B251B1FCEBA5D002113CC /* AppDelegate.h */,
				774B251C1FCEBA5D002113CC /* AppDelegate.m */,
				774B251E1FCEBA5D002113CC /* ViewController.h */,
				774B251F1FCEBA5D002113CC /* ViewController.m */,
				7766A62B207F3C50008B3C1A /* TestUploader.h */,
				7766A62C207F3C50008B3C1A /* TestUploader.m */,
				7794F3AA206B8DEE00BB246D /* VideoPlayerHelper */,
				77E754332040054F00A5AF44 /* Demo */,
				A6E6D2EE2028BE9B00CB9BAE /* SJVideoPlayer */,
				778E24F21FD97EB6008D0DD3 /* Asset */,
			);
			path = SJVideoPlayerProject;
			sourceTree = "<group>";
		};
		775A7C2A1FD7EC8000BE1EE2 /* TableView */ = {
			isa = PBXGroup;
			children = (
				775A7C241FD7EC5000BE1EE2 /* PlayerTableViewController.h */,
				775A7C251FD7EC5000BE1EE2 /* PlayerTableViewController.m */,
				775A7C271FD7EC7C00BE1EE2 /* PlayerTableViewCell.h */,
				775A7C281FD7EC7C00BE1EE2 /* PlayerTableViewCell.m */,
			);
			path = TableView;
			sourceTree = "<group>";
		};
		775B1FFC204555A300264AB9 /* TableViewHeader_在TableHeaderView上播放 */ = {
			isa = PBXGroup;
			children = (
				775B1FFD204555B200264AB9 /* TableViewHeaderDemoViewController.h */,
				775B1FFE204555B200264AB9 /* TableViewHeaderDemoViewController.m */,
				775B200C20455A2800264AB9 /* TableHeaderView.h */,
				775B200D20455A2800264AB9 /* TableHeaderView.m */,
			);
			name = "TableViewHeader_在TableHeaderView上播放";
			path = TableViewHeader;
			sourceTree = "<group>";
		};
		775B201320465D2900264AB9 /* TableView_TableHeaderIsCollectionView_在TableHeaderView上播放 */ = {
			isa = PBXGroup;
			children = (
				775B201420465D6200264AB9 /* TableViewHeaderIsCollectionViewDemoViewController.h */,
				775B201520465D6200264AB9 /* TableViewHeaderIsCollectionViewDemoViewController.m */,
				775B201720465E1500264AB9 /* TableHeaderCollectionView.h */,
				775B201820465E1500264AB9 /* TableHeaderCollectionView.m */,
				775B201A2046682E00264AB9 /* TableHeaderCollectionViewCell.h */,
				775B201B2046682E00264AB9 /* TableHeaderCollectionViewCell.m */,
			);
			name = "TableView_TableHeaderIsCollectionView_在TableHeaderView上播放";
			path = TableView_TableHeaderIsCollectionView;
			sourceTree = "<group>";
		};
		775C0AB820295B770008EDA7 /* Model */ = {
			isa = PBXGroup;
			children = (
				A6E6D3082028BE9B00CB9BAE /* UIView+SJControlAdd.h */,
				A6E6D3042028BE9B00CB9BAE /* UIView+SJControlAdd.m */,
				A6E6D3052028BE9B00CB9BAE /* SJVideoPlayerURLAsset+SJControlAdd.h */,
				A6E6D3072028BE9B00CB9BAE /* SJVideoPlayerURLAsset+SJControlAdd.m */,
				7766A628207F370B008B3C1A /* SJFilmEditingResultShareItem.h */,
				7766A629207F370B008B3C1A /* SJFilmEditingResultShareItem.m */,
			);
			name = Model;
			sourceTree = "<group>";
		};
		775C0AB920295B8B0008EDA7 /* Preview */ = {
			isa = PBXGroup;
			children = (
				A6E6D30B2028BE9B00CB9BAE /* SJVideoPlayerPreviewCollectionViewCell.h */,
				A6E6D30D2028BE9B00CB9BAE /* SJVideoPlayerPreviewCollectionViewCell.m */,
				A6E6D30C2028BE9B00CB9BAE /* SJVideoPlayerPreviewView.h */,
				A6E6D30A2028BE9B00CB9BAE /* SJVideoPlayerPreviewView.m */,
			);
			name = Preview;
			sourceTree = "<group>";
		};
		775C0ABA20295B9A0008EDA7 /* ControlViews */ = {
			isa = PBXGroup;
			children = (
				A6E6D3142028BE9B00CB9BAE /* SJVideoPlayerTopControlView.h */,
				A6E6D3112028BE9B00CB9BAE /* SJVideoPlayerTopControlView.m */,
				A6E6D3182028BE9B00CB9BAE /* SJVideoPlayerLeftControlView.h */,
				A6E6D3122028BE9B00CB9BAE /* SJVideoPlayerLeftControlView.m */,
				A6E6D30F2028BE9B00CB9BAE /* SJVideoPlayerCenterControlView.h */,
				A6E6D3162028BE9B00CB9BAE /* SJVideoPlayerCenterControlView.m */,
				A6E6D3102028BE9B00CB9BAE /* SJVideoPlayerBottomControlView.h */,
				A6E6D3152028BE9B00CB9BAE /* SJVideoPlayerBottomControlView.m */,
				77154E802050D040009E51D7 /* SJVideoPlayerRightControlView.h */,
				77154E812050D040009E51D7 /* SJVideoPlayerRightControlView.m */,
				77154E8C205255C8009E51D7 /* SJVideoPlayerFilmEditingControlView.h */,
				77154E8D205255C8009E51D7 /* SJVideoPlayerFilmEditingControlView.m */,
				773752282052AE7D0000E4E7 /* SJVideoPlayerFilmEditingRecordView.h */,
				773752292052AE7D0000E4E7 /* SJVideoPlayerFilmEditingRecordView.m */,
				7717E6F7207DE21D00D1D489 /* SJVideoPlayerFilmEditingGenerateGIFView.h */,
				7717E6F6207DE21D00D1D489 /* SJVideoPlayerFilmEditingGenerateGIFView.m */,
				77154E8F20526391009E51D7 /* SJVideoPlayerFilmEditingResultView.h */,
				77154E9020526391009E51D7 /* SJVideoPlayerFilmEditingResultView.m */,
				779D28EF207DEFA100B527CE /* SJVideoPlayerFilmEditingStatus.h */,
				7766A620207F2DAC008B3C1A /* SJVideoPlayerFilmEditingCommonHeader.h */,
			);
			name = ControlViews;
			sourceTree = "<group>";
		};
		775C0ABE20295C660008EDA7 /* Resource */ = {
			isa = PBXGroup;
			children = (
				775C0ABF20295C660008EDA7 /* SJVideoPlayer.bundle */,
				775C0AC020295C660008EDA7 /* SJVideoPlayerResources.h */,
				775C0AC120295C660008EDA7 /* SJVideoPlayerResources.m */,
				775C0AC220295C660008EDA7 /* SJVideoPlayerSettings.h */,
				775C0AC320295C660008EDA7 /* SJVideoPlayerSettings.m */,
				7706FC97206341E8006A828B /* SJLightweightTopItem.h */,
				7706FC98206341E8006A828B /* SJLightweightTopItem.m */,
				779A4E7B2062568C0041D8BE /* SJVideoPlayerAnimationHeader.h */,
				779A4E7C2062568C0041D8BE /* SJVideoPlayerAnimationHeader.m */,
				775C0AC420295C660008EDA7 /* UIView+SJVideoPlayerSetting.h */,
				775C0AC520295C660008EDA7 /* UIView+SJVideoPlayerSetting.m */,
				A6E6D3012028BE9B00CB9BAE /* SJVideoPlayerControlMaskView.h */,
				A6E6D3002028BE9B00CB9BAE /* SJVideoPlayerControlMaskView.m */,
			);
			path = Resource;
			sourceTree = "<group>";
		};
		775C0ACA20295D1A0008EDA7 /* Model */ = {
			isa = PBXGroup;
			children = (
				A6E6D3272028BE9B00CB9BAE /* SJVideoPlayerMoreSettingSecondary.h */,
				A6E6D32A2028BE9B00CB9BAE /* SJVideoPlayerMoreSettingSecondary.m */,
				A6E6D32B2028BE9B00CB9BAE /* SJVideoPlayerMoreSetting.h */,
				A6E6D3282028BE9B00CB9BAE /* SJVideoPlayerMoreSetting.m */,
				A6E6D3292028BE9B00CB9BAE /* SJMoreSettingsSlidersViewModel.h */,
				A6E6D3262028BE9B00CB9BAE /* SJMoreSettingsSlidersViewModel.m */,
				775C0AD220295E790008EDA7 /* SJVideoPlayerMoreSetting+Exe.h */,
				775C0AD320295E790008EDA7 /* SJVideoPlayerMoreSetting+Exe.m */,
			);
			name = Model;
			sourceTree = "<group>";
		};
		775C0ACB20295D3E0008EDA7 /* Views */ = {
			isa = PBXGroup;
			children = (
				A6E6D3362028BE9B00CB9BAE /* SJVideoPlayerMoreSettingSecondaryView.h */,
				A6E6D33A2028BE9B00CB9BAE /* SJVideoPlayerMoreSettingSecondaryView.m */,
				A6E6D3372028BE9B00CB9BAE /* SJVideoPlayerMoreSettingSecondaryColCell.h */,
				A6E6D3392028BE9B00CB9BAE /* SJVideoPlayerMoreSettingSecondaryColCell.m */,
				A6E6D3382028BE9B00CB9BAE /* SJVideoPlayerMoreSettingsSecondaryHeaderView.h */,
				A6E6D33B2028BE9B00CB9BAE /* SJVideoPlayerMoreSettingsSecondaryHeaderView.m */,
				A6E6D3332028BE9B00CB9BAE /* SJVideoPlayerMoreSettingsView.h */,
				A6E6D3302028BE9B00CB9BAE /* SJVideoPlayerMoreSettingsView.m */,
				A6E6D32D2028BE9B00CB9BAE /* SJVideoPlayerMoreSettingsSlidersView.h */,
				A6E6D3312028BE9B00CB9BAE /* SJVideoPlayerMoreSettingsSlidersView.m */,
				A6E6D32E2028BE9B00CB9BAE /* SJVideoPlayerMoreSettingsColCell.h */,
				A6E6D3322028BE9B00CB9BAE /* SJVideoPlayerMoreSettingsColCell.m */,
				7790AC7520594B3E00F8DF48 /* SJVideoPlayerMoreSettingsFooterView.h */,
				7790AC7420594B3E00F8DF48 /* SJVideoPlayerMoreSettingsFooterView.m */,
			);
			name = Views;
			sourceTree = "<group>";
		};
		778E24F11FD97E93008D0DD3 /* Single_单例 */ = {
			isa = PBXGroup;
			children = (
				772005712029B5CB009F0190 /* Controller */,
				7720056F2029B5C0009F0190 /* Model */,
			);
			name = "Single_单例";
			path = Single;
			sourceTree = "<group>";
		};
		778E24F21FD97EB6008D0DD3 /* Asset */ = {
			isa = PBXGroup;
			children = (
				7737522B2056A1850000E4E7 /* export.gif */,
				7743C2C52065266300F007D0 /* play.gif */,
				77E754372040135000A5AF44 /* sample.mp4 */,
				772DC3C6202201E400EC4725 /* placeholder.png */,
				7706FCC72063D125006A828B /* Group.jpeg */,
				774B25211FCEBA5D002113CC /* Main.storyboard */,
				774B25241FCEBA5D002113CC /* Assets.xcassets */,
				7706E1221FF74B24006E0B56 /* loading.gif */,
				7706E1241FF74C42006E0B56 /* slider.gif */,
				774B25261FCEBA5D002113CC /* LaunchScreen.storyboard */,
				774B25291FCEBA5D002113CC /* Info.plist */,
				774B252A1FCEBA5D002113CC /* main.m */,
			);
			name = Asset;
			sourceTree = "<group>";
		};
		7790AC77205A58B000F8DF48 /* AboutKeyboard_关于键盘方向 */ = {
			isa = PBXGroup;
			children = (
				7790AC78205A58BF00F8DF48 /* AboutKeyboardViewController.h */,
				7790AC79205A58BF00F8DF48 /* AboutKeyboardViewController.m */,
			);
			name = "AboutKeyboard_关于键盘方向";
			path = AboutKeyboard;
			sourceTree = "<group>";
		};
		7794F3AA206B8DEE00BB246D /* VideoPlayerHelper */ = {
			isa = PBXGroup;
			children = (
				77DA95152042B8EC007A9EE8 /* SJVideoPlayerHelper.h */,
				77DA95142042B8EB007A9EE8 /* SJVideoPlayerHelper.m */,
				772005752029BBC7009F0190 /* SJMoreSettingItems.h */,
				772005762029BBC7009F0190 /* SJMoreSettingItems.m */,
			);
			path = VideoPlayerHelper;
			sourceTree = "<group>";
		};
		779A4E6E20624EF50041D8BE /* LightweightControlView */ = {
			isa = PBXGroup;
			children = (
				779A4E6F20624F430041D8BE /* SJLightweightTopControlView.h */,
				779A4E7020624F430041D8BE /* SJLightweightTopControlView.m */,
				779A4E7220624F580041D8BE /* SJLightweightBottomControlView.h */,
				779A4E7320624F580041D8BE /* SJLightweightBottomControlView.m */,
				779A4E7520624F620041D8BE /* SJLightweightLeftControlView.h */,
				779A4E7620624F620041D8BE /* SJLightweightLeftControlView.m */,
				7706FC8A20628BC3006A828B /* SJLightweightCenterControlView.h */,
				7706FC8B20628BC3006A828B /* SJLightweightCenterControlView.m */,
			);
			path = LightweightControlView;
			sourceTree = "<group>";
		};
		77C11C8520295C1900228199 /* DraggingProgress */ = {
			isa = PBXGroup;
			children = (
				A6E6D31A2028BE9B00CB9BAE /* SJVideoPlayerDraggingProgressView.h */,
				A6E6D31B2028BE9B00CB9BAE /* SJVideoPlayerDraggingProgressView.m */,
			);
			name = DraggingProgress;
			sourceTree = "<group>";
		};
		77DA95172042C029007A9EE8 /* PageViewController */ = {
			isa = PBXGroup;
			children = (
				77DA95182042C04A007A9EE8 /* TestPageViewController.h */,
				77DA95192042C04A007A9EE8 /* TestPageViewController.m */,
				77DA951C2042C04B007A9EE8 /* UIViewController+TestAdd.h */,
				77DA951A2042C04B007A9EE8 /* UIViewController+TestAdd.m */,
				77DA95212042C260007A9EE8 /* TestItem.h */,
				77DA95222042C260007A9EE8 /* TestItem.m */,
			);
			path = PageViewController;
			sourceTree = "<group>";
		};
		77E754322040054800A5AF44 /* Full_全屏播放 */ = {
			isa = PBXGroup;
			children = (
				77E754342040056F00A5AF44 /* FullViewController.h */,
				77E754352040056F00A5AF44 /* FullViewController.m */,
			);
			name = "Full_全屏播放";
			path = FullView;
			sourceTree = "<group>";
		};
		77E754332040054F00A5AF44 /* Demo */ = {
			isa = PBXGroup;
			children = (
				7790AC77205A58B000F8DF48 /* AboutKeyboard_关于键盘方向 */,
				A644108C200A3F89006FD832 /* TableView_在TableCell上播放 */,
				775B1FFC204555A300264AB9 /* TableViewHeader_在TableHeaderView上播放 */,
				775B201320465D2900264AB9 /* TableView_TableHeaderIsCollectionView_在TableHeaderView上播放 */,
				77DA95172042C029007A9EE8 /* PageViewController */,
				A6F4E9782007A76200716B9C /* Nested_嵌套的 */,
				778E24F11FD97E93008D0DD3 /* Single_单例 */,
				77E754322040054800A5AF44 /* Full_全屏播放 */,
				A644109B200A7289006FD832 /* OtherDemo */,
				77033C11204E75F3008F1ED5 /* ViewController */,
				773AFC71205D06DE003B2CAC /* Download_下载 */,
				7706FC8D2062A818006A828B /* Lightweight_轻量级播放器 */,
			);
			path = Demo;
			sourceTree = "<group>";
		};
		A644108C200A3F89006FD832 /* TableView_在TableCell上播放 */ = {
			isa = PBXGroup;
			children = (
				A644108D200A3F89006FD832 /* Controller */,
				A644108E200A3F89006FD832 /* Model */,
				A644108F200A3F89006FD832 /* View */,
			);
			name = "TableView_在TableCell上播放";
			path = TableView_Demo;
			sourceTree = "<group>";
		};
		A644108D200A3F89006FD832 /* Controller */ = {
			isa = PBXGroup;
			children = (
				A6441090200A3FA9006FD832 /* SJVideoListViewController.h */,
				A6441091200A3FA9006FD832 /* SJVideoListViewController.m */,
			);
			path = Controller;
			sourceTree = "<group>";
		};
		A644108E200A3F89006FD832 /* Model */ = {
			isa = PBXGroup;
			children = (
				A6441096200A406E006FD832 /* SJVideoModel.h */,
				A6441097200A406E006FD832 /* SJVideoModel.m */,
			);
			path = Model;
			sourceTree = "<group>";
		};
		A644108F200A3F89006FD832 /* View */ = {
			isa = PBXGroup;
			children = (
				779A4E6520622C6B0041D8BE /* YYTapActionLabel.h */,
				779A4E6620622C6B0041D8BE /* YYTapActionLabel.m */,
				A6441093200A3FBA006FD832 /* SJVideoListTableViewCell.h */,
				A6441094200A3FBA006FD832 /* SJVideoListTableViewCell.m */,
			);
			path = View;
			sourceTree = "<group>";
		};
		A644109B200A7289006FD832 /* OtherDemo */ = {
			isa = PBXGroup;
			children = (
				775A7C2A1FD7EC8000BE1EE2 /* TableView */,
				A6F4E9702007A10B00716B9C /* CollectionView */,
			);
			path = OtherDemo;
			sourceTree = "<group>";
		};
		A6E6D2EE2028BE9B00CB9BAE /* SJVideoPlayer */ = {
			isa = PBXGroup;
			children = (
				A6E6D3482028BE9B00CB9BAE /* SJVideoPlayer.h */,
				A6E6D3492028BE9B00CB9BAE /* SJVideoPlayer.m */,
				775C0AD5202962180008EDA7 /* SJVideoPlayerDefaultControlView.h */,
				775C0AD6202962180008EDA7 /* SJVideoPlayerDefaultControlView.m */,
				779A4E6B20624E360041D8BE /* SJLightweightControlLayer.h */,
				779A4E6C20624E370041D8BE /* SJLightweightControlLayer.m */,
				775C0ABE20295C660008EDA7 /* Resource */,
				A6E6D3242028BE9B00CB9BAE /* MoreSetting */,
				A6E6D2FE2028BE9B00CB9BAE /* ControlView */,
				779A4E6E20624EF50041D8BE /* LightweightControlView */,
			);
			name = SJVideoPlayer;
			path = ../../SJVideoPlayer;
			sourceTree = "<group>";
		};
		A6E6D2FE2028BE9B00CB9BAE /* ControlView */ = {
			isa = PBXGroup;
			children = (
				77C11C8520295C1900228199 /* DraggingProgress */,
				775C0ABA20295B9A0008EDA7 /* ControlViews */,
				775C0AB920295B8B0008EDA7 /* Preview */,
				775C0AB820295B770008EDA7 /* Model */,
			);
			path = ControlView;
			sourceTree = "<group>";
		};
		A6E6D3242028BE9B00CB9BAE /* MoreSetting */ = {
			isa = PBXGroup;
			children = (
				775C0ACB20295D3E0008EDA7 /* Views */,
				775C0ACA20295D1A0008EDA7 /* Model */,
			);
			path = MoreSetting;
			sourceTree = "<group>";
		};
		A6F4E9702007A10B00716B9C /* CollectionView */ = {
			isa = PBXGroup;
			children = (
				A6F4E9722007A12400716B9C /* PlayerCollectionViewController.h */,
				A6F4E9732007A12400716B9C /* PlayerCollectionViewController.m */,
				A6F4E9752007A13C00716B9C /* PlayerCollectionViewCell.h */,
				A6F4E9762007A13C00716B9C /* PlayerCollectionViewCell.m */,
			);
			path = CollectionView;
			sourceTree = "<group>";
		};
		A6F4E9782007A76200716B9C /* Nested_嵌套的 */ = {
			isa = PBXGroup;
			children = (
				A6F4E9792007A78400716B9C /* NestedTableViewController.h */,
				A6F4E97A2007A78400716B9C /* NestedTableViewController.m */,
				A6F4E97C2007A7EC00716B9C /* NestedTableViewCell.h */,
				A6F4E97D2007A7EC00716B9C /* NestedTableViewCell.m */,
			);
			name = "Nested_嵌套的";
			path = Nested_Demo;
			sourceTree = "<group>";
		};
/* End PBXGroup section */

/* Begin PBXNativeTarget section */
		774B25171FCEBA5D002113CC /* SJVideoPlayerProject */ = {
			isa = PBXNativeTarget;
			buildConfigurationList = 774B252E1FCEBA5D002113CC /* Build configuration list for PBXNativeTarget "SJVideoPlayerProject" */;
			buildPhases = (
				D1ACB20B513A6404B95A0029 /* [CP] Check Pods Manifest.lock */,
				774B25141FCEBA5D002113CC /* Sources */,
				774B25151FCEBA5D002113CC /* Frameworks */,
				774B25161FCEBA5D002113CC /* Resources */,
				6F020F0E59CA2CF7E5ABB436 /* [CP] Copy Pods Resources */,
			);
			buildRules = (
			);
			dependencies = (
			);
			name = SJVideoPlayerProject;
			productName = SJVideoPlayerProject;
			productReference = 774B25181FCEBA5D002113CC /* SJVideoPlayerProject.app */;
			productType = "com.apple.product-type.application";
		};
/* End PBXNativeTarget section */

/* Begin PBXProject section */
		774B25101FCEBA5D002113CC /* Project object */ = {
			isa = PBXProject;
			attributes = {
				LastUpgradeCheck = 0930;
				ORGANIZATIONNAME = SanJiang;
				TargetAttributes = {
					774B25171FCEBA5D002113CC = {
						CreatedOnToolsVersion = 9.1;
						ProvisioningStyle = Manual;
					};
				};
			};
			buildConfigurationList = 774B25131FCEBA5D002113CC /* Build configuration list for PBXProject "SJVideoPlayerProject" */;
			compatibilityVersion = "Xcode 8.0";
			developmentRegion = en;
			hasScannedForEncodings = 0;
			knownRegions = (
				en,
				Base,
			);
			mainGroup = 774B250F1FCEBA5D002113CC;
			productRefGroup = 774B25191FCEBA5D002113CC /* Products */;
			projectDirPath = "";
			projectRoot = "";
			targets = (
				774B25171FCEBA5D002113CC /* SJVideoPlayerProject */,
			);
		};
/* End PBXProject section */

/* Begin PBXResourcesBuildPhase section */
		774B25161FCEBA5D002113CC /* Resources */ = {
			isa = PBXResourcesBuildPhase;
			buildActionMask = 2147483647;
			files = (
				7737522D2056A1850000E4E7 /* export.gif in Resources */,
				775C0AC620295C660008EDA7 /* SJVideoPlayer.bundle in Resources */,
				7706FCC82063D125006A828B /* Group.jpeg in Resources */,
				7706E1251FF74C42006E0B56 /* slider.gif in Resources */,
				774B25281FCEBA5D002113CC /* LaunchScreen.storyboard in Resources */,
				777D30D71FD8E8240075E5FD /* SJVideoPlayer.podspec in Resources */,
				774B25251FCEBA5D002113CC /* Assets.xcassets in Resources */,
				77E754382040135000A5AF44 /* sample.mp4 in Resources */,
				774B25231FCEBA5D002113CC /* Main.storyboard in Resources */,
				778E24EC1FD97DF9008D0DD3 /* README.md in Resources */,
				772DC3C7202201E500EC4725 /* placeholder.png in Resources */,
				7743C2C62065266300F007D0 /* play.gif in Resources */,
				7706E1231FF74B24006E0B56 /* loading.gif in Resources */,
			);
			runOnlyForDeploymentPostprocessing = 0;
		};
/* End PBXResourcesBuildPhase section */

/* Begin PBXShellScriptBuildPhase section */
		6F020F0E59CA2CF7E5ABB436 /* [CP] Copy Pods Resources */ = {
			isa = PBXShellScriptBuildPhase;
			buildActionMask = 2147483647;
			files = (
			);
			inputPaths = (
				"${SRCROOT}/Pods/Target Support Files/Pods-SJVideoPlayerProject/Pods-SJVideoPlayerProject-resources.sh",
				"${PODS_ROOT}/SJVolBrigControl/SJVolBrigControl/Resource/SJVolBrigResource.bundle",
			);
			name = "[CP] Copy Pods Resources";
			outputPaths = (
				"${TARGET_BUILD_DIR}/${UNLOCALIZED_RESOURCES_FOLDER_PATH}/SJVolBrigResource.bundle",
			);
			runOnlyForDeploymentPostprocessing = 0;
			shellPath = /bin/sh;
			shellScript = "\"${SRCROOT}/Pods/Target Support Files/Pods-SJVideoPlayerProject/Pods-SJVideoPlayerProject-resources.sh\"\n";
			showEnvVarsInLog = 0;
		};
		D1ACB20B513A6404B95A0029 /* [CP] Check Pods Manifest.lock */ = {
			isa = PBXShellScriptBuildPhase;
			buildActionMask = 2147483647;
			files = (
			);
			inputPaths = (
				"${PODS_PODFILE_DIR_PATH}/Podfile.lock",
				"${PODS_ROOT}/Manifest.lock",
			);
			name = "[CP] Check Pods Manifest.lock";
			outputPaths = (
				"$(DERIVED_FILE_DIR)/Pods-SJVideoPlayerProject-checkManifestLockResult.txt",
			);
			runOnlyForDeploymentPostprocessing = 0;
			shellPath = /bin/sh;
			shellScript = "diff \"${PODS_PODFILE_DIR_PATH}/Podfile.lock\" \"${PODS_ROOT}/Manifest.lock\" > /dev/null\nif [ $? != 0 ] ; then\n    # print error to STDERR\n    echo \"error: The sandbox is not in sync with the Podfile.lock. Run 'pod install' or update your CocoaPods installation.\" >&2\n    exit 1\nfi\n# This output is used by Xcode 'outputs' to avoid re-running this script phase.\necho \"SUCCESS\" > \"${SCRIPT_OUTPUT_FILE_0}\"\n";
			showEnvVarsInLog = 0;
		};
/* End PBXShellScriptBuildPhase section */

/* Begin PBXSourcesBuildPhase section */
		774B25141FCEBA5D002113CC /* Sources */ = {
			isa = PBXSourcesBuildPhase;
			buildActionMask = 2147483647;
			files = (
				7790AC7620594B3E00F8DF48 /* SJVideoPlayerMoreSettingsFooterView.m in Sources */,
				773AFC70205CADC5003B2CAC /* SJVideo+DownloadAdd.m in Sources */,
				779A4E6720622C6B0041D8BE /* YYTapActionLabel.m in Sources */,
				A6F4E97B2007A78400716B9C /* NestedTableViewController.m in Sources */,
				775A7C261FD7EC5000BE1EE2 /* PlayerTableViewController.m in Sources */,
				A6441092200A3FA9006FD832 /* SJVideoListViewController.m in Sources */,
				A6E6D3572028BE9B00CB9BAE /* SJVideoPlayerBottomControlView.m in Sources */,
				775C0AD420295E790008EDA7 /* SJVideoPlayerMoreSetting+Exe.m in Sources */,
				A6E6D3612028BE9B00CB9BAE /* SJVideoPlayerMoreSettingSecondary.m in Sources */,
				A6E6D3532028BE9B00CB9BAE /* SJVideoPlayerPreviewView.m in Sources */,
				A6E6D36C2028BE9B00CB9BAE /* SJVideoPlayer.m in Sources */,
				A6E6D3622028BE9B00CB9BAE /* SJVideoPlayerMoreSettingsView.m in Sources */,
				A6E6D35F2028BE9B00CB9BAE /* SJMoreSettingsSlidersViewModel.m in Sources */,
				A6E6D3542028BE9B00CB9BAE /* SJVideoPlayerPreviewCollectionViewCell.m in Sources */,
				779A4E7720624F620041D8BE /* SJLightweightLeftControlView.m in Sources */,
				779A4E7420624F580041D8BE /* SJLightweightBottomControlView.m in Sources */,
				A6F4E9772007A13C00716B9C /* PlayerCollectionViewCell.m in Sources */,
				779A4E7120624F430041D8BE /* SJLightweightTopControlView.m in Sources */,
				775B201C2046682E00264AB9 /* TableHeaderCollectionViewCell.m in Sources */,
				773AFC64205BA7C1003B2CAC /* DowloadViewController.m in Sources */,
				A6E6D3632028BE9B00CB9BAE /* SJVideoPlayerMoreSettingsSlidersView.m in Sources */,
				77154E9120526391009E51D7 /* SJVideoPlayerFilmEditingResultView.m in Sources */,
				A6F4E9742007A12400716B9C /* PlayerCollectionViewController.m in Sources */,
				77DA95232042C260007A9EE8 /* TestItem.m in Sources */,
				A6441095200A3FBA006FD832 /* SJVideoListTableViewCell.m in Sources */,
				7717E6F8207DE21E00D1D489 /* SJVideoPlayerFilmEditingGenerateGIFView.m in Sources */,
				A6E6D3682028BE9B00CB9BAE /* SJVideoPlayerMoreSettingsSecondaryHeaderView.m in Sources */,
				A6E6D34F2028BE9B00CB9BAE /* SJVideoPlayerControlMaskView.m in Sources */,
				7790AC7A205A58BF00F8DF48 /* AboutKeyboardViewController.m in Sources */,
				775C0AC820295C660008EDA7 /* SJVideoPlayerSettings.m in Sources */,
				775A7C291FD7EC7C00BE1EE2 /* PlayerTableViewCell.m in Sources */,
				7737522A2052AE7D0000E4E7 /* SJVideoPlayerFilmEditingRecordView.m in Sources */,
				77DA951F2042C04B007A9EE8 /* UIViewController+TestAdd.m in Sources */,
				7706FC99206341E8006A828B /* SJLightweightTopItem.m in Sources */,
				773AFC6D205BCD9E003B2CAC /* SJVideo.m in Sources */,
				77DA951E2042C04B007A9EE8 /* TestPageViewController.m in Sources */,
				A6E6D3582028BE9B00CB9BAE /* SJVideoPlayerCenterControlView.m in Sources */,
				779A4E7D2062568C0041D8BE /* SJVideoPlayerAnimationHeader.m in Sources */,
				A6E6D3602028BE9B00CB9BAE /* SJVideoPlayerMoreSetting.m in Sources */,
				775B200E20455A2800264AB9 /* TableHeaderView.m in Sources */,
				A6E6D3642028BE9B00CB9BAE /* SJVideoPlayerMoreSettingsColCell.m in Sources */,
				77DA95162042B8EC007A9EE8 /* SJVideoPlayerHelper.m in Sources */,
				775C0AC920295C660008EDA7 /* UIView+SJVideoPlayerSetting.m in Sources */,
				A6E6D3522028BE9B00CB9BAE /* SJVideoPlayerURLAsset+SJControlAdd.m in Sources */,
				A6E6D3502028BE9B00CB9BAE /* UIView+SJControlAdd.m in Sources */,
				A6E6D3562028BE9B00CB9BAE /* SJVideoPlayerLeftControlView.m in Sources */,
				77154E822050D040009E51D7 /* SJVideoPlayerRightControlView.m in Sources */,
				A6F4E97E2007A7EC00716B9C /* NestedTableViewCell.m in Sources */,
				774B25201FCEBA5D002113CC /* ViewController.m in Sources */,
				A6E6D35A2028BE9B00CB9BAE /* SJVideoPlayerDraggingProgressView.m in Sources */,
				A6E6D3662028BE9B00CB9BAE /* SJVideoPlayerMoreSettingSecondaryColCell.m in Sources */,
				775C0AC720295C660008EDA7 /* SJVideoPlayerResources.m in Sources */,
				A6E6D3672028BE9B00CB9BAE /* SJVideoPlayerMoreSettingSecondaryView.m in Sources */,
				A6E6D3552028BE9B00CB9BAE /* SJVideoPlayerTopControlView.m in Sources */,
				779A4E6D20624E370041D8BE /* SJLightweightControlLayer.m in Sources */,
				7766A62A207F370B008B3C1A /* SJFilmEditingResultShareItem.m in Sources */,
				77F4EFFA204029E3004748F6 /* SJSharedVideoPlayerHelper.m in Sources */,
				774B252B1FCEBA5D002113CC /* main.m in Sources */,
				7706FC962062ABA8006A828B /* LightweightTableViewCell.m in Sources */,
				7766A62D207F3C50008B3C1A /* TestUploader.m in Sources */,
				772005772029BBC7009F0190 /* SJMoreSettingItems.m in Sources */,
				775B201920465E1500264AB9 /* TableHeaderCollectionView.m in Sources */,
				77033C14204E7611008F1ED5 /* DemoPlayerViewController.m in Sources */,
				774B251D1FCEBA5D002113CC /* AppDelegate.m in Sources */,
				775C0AD7202962180008EDA7 /* SJVideoPlayerDefaultControlView.m in Sources */,
				773AFC67205BA86F003B2CAC /* DownloadTableViewCell.m in Sources */,
				775B201620465D6200264AB9 /* TableViewHeaderIsCollectionViewDemoViewController.m in Sources */,
				7706FC932062A96E006A828B /* LightweightViewController.m in Sources */,
				775B1FFF204555B200264AB9 /* TableViewHeaderDemoViewController.m in Sources */,
				A6441098200A406E006FD832 /* SJVideoModel.m in Sources */,
				774B25571FCED47B002113CC /* PlayerViewController.m in Sources */,
				77E754362040056F00A5AF44 /* FullViewController.m in Sources */,
				7706FC8C20628BC3006A828B /* SJLightweightCenterControlView.m in Sources */,
				77154E8E205255C8009E51D7 /* SJVideoPlayerFilmEditingControlView.m in Sources */,
			);
			runOnlyForDeploymentPostprocessing = 0;
		};
/* End PBXSourcesBuildPhase section */

/* Begin PBXVariantGroup section */
		774B25211FCEBA5D002113CC /* Main.storyboard */ = {
			isa = PBXVariantGroup;
			children = (
				774B25221FCEBA5D002113CC /* Base */,
			);
			name = Main.storyboard;
			sourceTree = "<group>";
		};
		774B25261FCEBA5D002113CC /* LaunchScreen.storyboard */ = {
			isa = PBXVariantGroup;
			children = (
				774B25271FCEBA5D002113CC /* Base */,
			);
			name = LaunchScreen.storyboard;
			sourceTree = "<group>";
		};
/* End PBXVariantGroup section */

/* Begin XCBuildConfiguration section */
		774B252C1FCEBA5D002113CC /* Debug */ = {
			isa = XCBuildConfiguration;
			buildSettings = {
				ALWAYS_SEARCH_USER_PATHS = NO;
				CLANG_ANALYZER_LOCALIZABILITY_NONLOCALIZED = YES;
				CLANG_ANALYZER_NONNULL = YES;
				CLANG_ANALYZER_NUMBER_OBJECT_CONVERSION = YES_AGGRESSIVE;
				CLANG_CXX_LANGUAGE_STANDARD = "gnu++14";
				CLANG_CXX_LIBRARY = "libc++";
				CLANG_ENABLE_MODULES = YES;
				CLANG_ENABLE_OBJC_ARC = YES;
				CLANG_WARN_BLOCK_CAPTURE_AUTORELEASING = YES;
				CLANG_WARN_BOOL_CONVERSION = YES;
				CLANG_WARN_COMMA = YES;
				CLANG_WARN_CONSTANT_CONVERSION = YES;
				CLANG_WARN_DEPRECATED_OBJC_IMPLEMENTATIONS = YES;
				CLANG_WARN_DIRECT_OBJC_ISA_USAGE = YES_ERROR;
				CLANG_WARN_DOCUMENTATION_COMMENTS = YES;
				CLANG_WARN_EMPTY_BODY = YES;
				CLANG_WARN_ENUM_CONVERSION = YES;
				CLANG_WARN_INFINITE_RECURSION = YES;
				CLANG_WARN_INT_CONVERSION = YES;
				CLANG_WARN_NON_LITERAL_NULL_CONVERSION = YES;
				CLANG_WARN_OBJC_IMPLICIT_RETAIN_SELF = YES;
				CLANG_WARN_OBJC_LITERAL_CONVERSION = YES;
				CLANG_WARN_OBJC_ROOT_CLASS = YES_ERROR;
				CLANG_WARN_RANGE_LOOP_ANALYSIS = YES;
				CLANG_WARN_STRICT_PROTOTYPES = YES;
				CLANG_WARN_SUSPICIOUS_MOVE = YES;
				CLANG_WARN_UNGUARDED_AVAILABILITY = YES_AGGRESSIVE;
				CLANG_WARN_UNREACHABLE_CODE = YES;
				CLANG_WARN__DUPLICATE_METHOD_MATCH = YES;
				CODE_SIGN_IDENTITY = "iPhone Developer";
				COPY_PHASE_STRIP = NO;
				DEBUG_INFORMATION_FORMAT = dwarf;
				ENABLE_STRICT_OBJC_MSGSEND = YES;
				ENABLE_TESTABILITY = YES;
				GCC_C_LANGUAGE_STANDARD = gnu11;
				GCC_DYNAMIC_NO_PIC = NO;
				GCC_NO_COMMON_BLOCKS = YES;
				GCC_OPTIMIZATION_LEVEL = 0;
				GCC_PREPROCESSOR_DEFINITIONS = (
					"DEBUG=1",
					"$(inherited)",
				);
				GCC_WARN_64_TO_32_BIT_CONVERSION = YES;
				GCC_WARN_ABOUT_RETURN_TYPE = YES_ERROR;
				GCC_WARN_UNDECLARED_SELECTOR = YES;
				GCC_WARN_UNINITIALIZED_AUTOS = YES_AGGRESSIVE;
				GCC_WARN_UNUSED_FUNCTION = YES;
				GCC_WARN_UNUSED_VARIABLE = YES;
				IPHONEOS_DEPLOYMENT_TARGET = 9.0;
				MTL_ENABLE_DEBUG_INFO = YES;
				ONLY_ACTIVE_ARCH = YES;
				SDKROOT = iphoneos;
			};
			name = Debug;
		};
		774B252D1FCEBA5D002113CC /* Release */ = {
			isa = XCBuildConfiguration;
			buildSettings = {
				ALWAYS_SEARCH_USER_PATHS = NO;
				CLANG_ANALYZER_LOCALIZABILITY_NONLOCALIZED = YES;
				CLANG_ANALYZER_NONNULL = YES;
				CLANG_ANALYZER_NUMBER_OBJECT_CONVERSION = YES_AGGRESSIVE;
				CLANG_CXX_LANGUAGE_STANDARD = "gnu++14";
				CLANG_CXX_LIBRARY = "libc++";
				CLANG_ENABLE_MODULES = YES;
				CLANG_ENABLE_OBJC_ARC = YES;
				CLANG_WARN_BLOCK_CAPTURE_AUTORELEASING = YES;
				CLANG_WARN_BOOL_CONVERSION = YES;
				CLANG_WARN_COMMA = YES;
				CLANG_WARN_CONSTANT_CONVERSION = YES;
				CLANG_WARN_DEPRECATED_OBJC_IMPLEMENTATIONS = YES;
				CLANG_WARN_DIRECT_OBJC_ISA_USAGE = YES_ERROR;
				CLANG_WARN_DOCUMENTATION_COMMENTS = YES;
				CLANG_WARN_EMPTY_BODY = YES;
				CLANG_WARN_ENUM_CONVERSION = YES;
				CLANG_WARN_INFINITE_RECURSION = YES;
				CLANG_WARN_INT_CONVERSION = YES;
				CLANG_WARN_NON_LITERAL_NULL_CONVERSION = YES;
				CLANG_WARN_OBJC_IMPLICIT_RETAIN_SELF = YES;
				CLANG_WARN_OBJC_LITERAL_CONVERSION = YES;
				CLANG_WARN_OBJC_ROOT_CLASS = YES_ERROR;
				CLANG_WARN_RANGE_LOOP_ANALYSIS = YES;
				CLANG_WARN_STRICT_PROTOTYPES = YES;
				CLANG_WARN_SUSPICIOUS_MOVE = YES;
				CLANG_WARN_UNGUARDED_AVAILABILITY = YES_AGGRESSIVE;
				CLANG_WARN_UNREACHABLE_CODE = YES;
				CLANG_WARN__DUPLICATE_METHOD_MATCH = YES;
				CODE_SIGN_IDENTITY = "iPhone Developer";
				COPY_PHASE_STRIP = NO;
				DEBUG_INFORMATION_FORMAT = "dwarf-with-dsym";
				ENABLE_NS_ASSERTIONS = NO;
				ENABLE_STRICT_OBJC_MSGSEND = YES;
				GCC_C_LANGUAGE_STANDARD = gnu11;
				GCC_NO_COMMON_BLOCKS = YES;
				GCC_WARN_64_TO_32_BIT_CONVERSION = YES;
				GCC_WARN_ABOUT_RETURN_TYPE = YES_ERROR;
				GCC_WARN_UNDECLARED_SELECTOR = YES;
				GCC_WARN_UNINITIALIZED_AUTOS = YES_AGGRESSIVE;
				GCC_WARN_UNUSED_FUNCTION = YES;
				GCC_WARN_UNUSED_VARIABLE = YES;
				IPHONEOS_DEPLOYMENT_TARGET = 9.0;
				MTL_ENABLE_DEBUG_INFO = NO;
				SDKROOT = iphoneos;
				VALIDATE_PRODUCT = YES;
			};
			name = Release;
		};
		774B252F1FCEBA5D002113CC /* Debug */ = {
			isa = XCBuildConfiguration;
			baseConfigurationReference = 3D9B385C4F414458155F268D /* Pods-SJVideoPlayerProject.debug.xcconfig */;
			buildSettings = {
				ASSETCATALOG_COMPILER_APPICON_NAME = AppIcon;
				CODE_SIGN_STYLE = Manual;
				DEVELOPMENT_TEAM = DB5B5F2RH5;
				INFOPLIST_FILE = SJVideoPlayerProject/Info.plist;
				IPHONEOS_DEPLOYMENT_TARGET = 8.0;
				LD_RUNPATH_SEARCH_PATHS = "$(inherited) @executable_path/Frameworks";
				PRODUCT_BUNDLE_IDENTIFIER = com.sanjiang.videoPlayer;
				PRODUCT_NAME = "$(TARGET_NAME)";
				PROVISIONING_PROFILE = "64c214b3-450d-41eb-b05e-df636dfa28c8";
				PROVISIONING_PROFILE_SPECIFIER = SanJiangDevelopment;
				TARGETED_DEVICE_FAMILY = "1,2";
			};
			name = Debug;
		};
		774B25301FCEBA5D002113CC /* Release */ = {
			isa = XCBuildConfiguration;
			baseConfigurationReference = CF7AAE46F079AA385055F66D /* Pods-SJVideoPlayerProject.release.xcconfig */;
			buildSettings = {
				ASSETCATALOG_COMPILER_APPICON_NAME = AppIcon;
				CODE_SIGN_STYLE = Manual;
				DEVELOPMENT_TEAM = "";
				INFOPLIST_FILE = SJVideoPlayerProject/Info.plist;
				IPHONEOS_DEPLOYMENT_TARGET = 8.0;
				LD_RUNPATH_SEARCH_PATHS = "$(inherited) @executable_path/Frameworks";
				PRODUCT_BUNDLE_IDENTIFIER = com.sanjiang.videoPlayer;
				PRODUCT_NAME = "$(TARGET_NAME)";
				PROVISIONING_PROFILE_SPECIFIER = "";
				TARGETED_DEVICE_FAMILY = "1,2";
			};
			name = Release;
		};
/* End XCBuildConfiguration section */

/* Begin XCConfigurationList section */
		774B25131FCEBA5D002113CC /* Build configuration list for PBXProject "SJVideoPlayerProject" */ = {
			isa = XCConfigurationList;
			buildConfigurations = (
				774B252C1FCEBA5D002113CC /* Debug */,
				774B252D1FCEBA5D002113CC /* Release */,
			);
			defaultConfigurationIsVisible = 0;
			defaultConfigurationName = Release;
		};
		774B252E1FCEBA5D002113CC /* Build configuration list for PBXNativeTarget "SJVideoPlayerProject" */ = {
			isa = XCConfigurationList;
			buildConfigurations = (
				774B252F1FCEBA5D002113CC /* Debug */,
				774B25301FCEBA5D002113CC /* Release */,
			);
			defaultConfigurationIsVisible = 0;
			defaultConfigurationName = Release;
		};
/* End XCConfigurationList section */
	};
	rootObject = 774B25101FCEBA5D002113CC /* Project object */;
}
