// !$*UTF8*$!
{
	archiveVersion = 1;
	classes = {
	};
	objectVersion = 51;
	objects = {

/* Begin PBXBuildFile section */
		77F2FB37232E6E8F003625EA /* AppDelegate.m in Sources */ = {isa = PBXBuildFile; fileRef = 77F2FB36232E6E8F003625EA /* AppDelegate.m */; };
		77F2FB3D232E6E8F003625EA /* Main.storyboard in Resources */ = {isa = PBXBuildFile; fileRef = 77F2FB3B232E6E8F003625EA /* Main.storyboard */; };
		77F2FB3F232E6E90003625EA /* Assets.xcassets in Resources */ = {isa = PBXBuildFile; fileRef = 77F2FB3E232E6E90003625EA /* Assets.xcassets */; };
		77F2FB42232E6E90003625EA /* LaunchScreen.storyboard in Resources */ = {isa = PBXBuildFile; fileRef = 77F2FB40232E6E90003625EA /* LaunchScreen.storyboard */; };
		77F2FB45232E6E90003625EA /* main.m in Sources */ = {isa = PBXBuildFile; fileRef = 77F2FB44232E6E90003625EA /* main.m */; };
		77F2FB4F232E6E90003625EA /* SJVideoPlayerExample_ObjCTests.m in Sources */ = {isa = PBXBuildFile; fileRef = 77F2FB4E232E6E90003625EA /* SJVideoPlayerExample_ObjCTests.m */; };
		77F2FB5A232E6E90003625EA /* SJVideoPlayerExample_ObjCUITests.m in Sources */ = {isa = PBXBuildFile; fileRef = 77F2FB59232E6E90003625EA /* SJVideoPlayerExample_ObjCUITests.m */; };
		77F2FB69232E6EFE003625EA /* UIViewController+RotationControl.m in Sources */ = {isa = PBXBuildFile; fileRef = 77F2FB68232E6EFE003625EA /* UIViewController+RotationControl.m */; };
		995DB1FF1AFF5E25784EE011 /* libPods-SJVideoPlayerExample-ObjC.a in Frameworks */ = {isa = PBXBuildFile; fileRef = 80A703736180348489A0FC5B /* libPods-SJVideoPlayerExample-ObjC.a */; };
/* End PBXBuildFile section */

/* Begin PBXContainerItemProxy section */
		77F2FB4B232E6E90003625EA /* PBXContainerItemProxy */ = {
			isa = PBXContainerItemProxy;
			containerPortal = 77F2FB2A232E6E8F003625EA /* Project object */;
			proxyType = 1;
			remoteGlobalIDString = 77F2FB31232E6E8F003625EA;
			remoteInfo = "SJVideoPlayerExample-ObjC";
		};
		77F2FB56232E6E90003625EA /* PBXContainerItemProxy */ = {
			isa = PBXContainerItemProxy;
			containerPortal = 77F2FB2A232E6E8F003625EA /* Project object */;
			proxyType = 1;
			remoteGlobalIDString = 77F2FB31232E6E8F003625EA;
			remoteInfo = "SJVideoPlayerExample-ObjC";
		};
/* End PBXContainerItemProxy section */

/* Begin PBXFileReference section */
		5C0BE5D9B85F766501BE9CE0 /* Pods-SJVideoPlayerExample-ObjC.release.xcconfig */ = {isa = PBXFileReference; includeInIndex = 1; lastKnownFileType = text.xcconfig; name = "Pods-SJVideoPlayerExample-ObjC.release.xcconfig"; path = "Target Support Files/Pods-SJVideoPlayerExample-ObjC/Pods-SJVideoPlayerExample-ObjC.release.xcconfig"; sourceTree = "<group>"; };
		65C17437B0474AD809EA38C0 /* Pods-SJVideoPlayerExample-ObjC.debug.xcconfig */ = {isa = PBXFileReference; includeInIndex = 1; lastKnownFileType = text.xcconfig; name = "Pods-SJVideoPlayerExample-ObjC.debug.xcconfig"; path = "Target Support Files/Pods-SJVideoPlayerExample-ObjC/Pods-SJVideoPlayerExample-ObjC.debug.xcconfig"; sourceTree = "<group>"; };
		77F2FB32232E6E8F003625EA /* SJVideoPlayerExample-ObjC.app */ = {isa = PBXFileReference; explicitFileType = wrapper.application; includeInIndex = 0; path = "SJVideoPlayerExample-ObjC.app"; sourceTree = BUILT_PRODUCTS_DIR; };
		77F2FB35232E6E8F003625EA /* AppDelegate.h */ = {isa = PBXFileReference; lastKnownFileType = sourcecode.c.h; path = AppDelegate.h; sourceTree = "<group>"; };
		77F2FB36232E6E8F003625EA /* AppDelegate.m */ = {isa = PBXFileReference; lastKnownFileType = sourcecode.c.objc; path = AppDelegate.m; sourceTree = "<group>"; };
		77F2FB3C232E6E8F003625EA /* Base */ = {isa = PBXFileReference; lastKnownFileType = file.storyboard; name = Base; path = Base.lproj/Main.storyboard; sourceTree = "<group>"; };
		77F2FB3E232E6E90003625EA /* Assets.xcassets */ = {isa = PBXFileReference; lastKnownFileType = folder.assetcatalog; path = Assets.xcassets; sourceTree = "<group>"; };
		77F2FB41232E6E90003625EA /* Base */ = {isa = PBXFileReference; lastKnownFileType = file.storyboard; name = Base; path = Base.lproj/LaunchScreen.storyboard; sourceTree = "<group>"; };
		77F2FB43232E6E90003625EA /* Info.plist */ = {isa = PBXFileReference; lastKnownFileType = text.plist.xml; path = Info.plist; sourceTree = "<group>"; };
		77F2FB44232E6E90003625EA /* main.m */ = {isa = PBXFileReference; lastKnownFileType = sourcecode.c.objc; path = main.m; sourceTree = "<group>"; };
		77F2FB4A232E6E90003625EA /* SJVideoPlayerExample-ObjCTests.xctest */ = {isa = PBXFileReference; explicitFileType = wrapper.cfbundle; includeInIndex = 0; path = "SJVideoPlayerExample-ObjCTests.xctest"; sourceTree = BUILT_PRODUCTS_DIR; };
		77F2FB4E232E6E90003625EA /* SJVideoPlayerExample_ObjCTests.m */ = {isa = PBXFileReference; lastKnownFileType = sourcecode.c.objc; path = SJVideoPlayerExample_ObjCTests.m; sourceTree = "<group>"; };
		77F2FB50232E6E90003625EA /* Info.plist */ = {isa = PBXFileReference; lastKnownFileType = text.plist.xml; path = Info.plist; sourceTree = "<group>"; };
		77F2FB55232E6E90003625EA /* SJVideoPlayerExample-ObjCUITests.xctest */ = {isa = PBXFileReference; explicitFileType = wrapper.cfbundle; includeInIndex = 0; path = "SJVideoPlayerExample-ObjCUITests.xctest"; sourceTree = BUILT_PRODUCTS_DIR; };
		77F2FB59232E6E90003625EA /* SJVideoPlayerExample_ObjCUITests.m */ = {isa = PBXFileReference; lastKnownFileType = sourcecode.c.objc; path = SJVideoPlayerExample_ObjCUITests.m; sourceTree = "<group>"; };
		77F2FB5B232E6E90003625EA /* Info.plist */ = {isa = PBXFileReference; lastKnownFileType = text.plist.xml; path = Info.plist; sourceTree = "<group>"; };
		77F2FB67232E6EFE003625EA /* UIViewController+RotationControl.h */ = {isa = PBXFileReference; fileEncoding = 4; lastKnownFileType = sourcecode.c.h; name = "UIViewController+RotationControl.h"; path = "../../../1 Swift Example/SJVideoPlayerExample-Swift/SJVideoPlayerExample-Swift/UIViewController+RotationControl.h"; sourceTree = "<group>"; };
		77F2FB68232E6EFE003625EA /* UIViewController+RotationControl.m */ = {isa = PBXFileReference; fileEncoding = 4; lastKnownFileType = sourcecode.c.objc; name = "UIViewController+RotationControl.m"; path = "../../../1 Swift Example/SJVideoPlayerExample-Swift/SJVideoPlayerExample-Swift/UIViewController+RotationControl.m"; sourceTree = "<group>"; };
		80A703736180348489A0FC5B /* libPods-SJVideoPlayerExample-ObjC.a */ = {isa = PBXFileReference; explicitFileType = archive.ar; includeInIndex = 0; path = "libPods-SJVideoPlayerExample-ObjC.a"; sourceTree = BUILT_PRODUCTS_DIR; };
/* End PBXFileReference section */

/* Begin PBXFrameworksBuildPhase section */
		77F2FB2F232E6E8F003625EA /* Frameworks */ = {
			isa = PBXFrameworksBuildPhase;
			buildActionMask = 2147483647;
			files = (
				995DB1FF1AFF5E25784EE011 /* libPods-SJVideoPlayerExample-ObjC.a in Frameworks */,
			);
			runOnlyForDeploymentPostprocessing = 0;
		};
		77F2FB47232E6E90003625EA /* Frameworks */ = {
			isa = PBXFrameworksBuildPhase;
			buildActionMask = 2147483647;
			files = (
			);
			runOnlyForDeploymentPostprocessing = 0;
		};
		77F2FB52232E6E90003625EA /* Frameworks */ = {
			isa = PBXFrameworksBuildPhase;
			buildActionMask = 2147483647;
			files = (
			);
			runOnlyForDeploymentPostprocessing = 0;
		};
/* End PBXFrameworksBuildPhase section */

/* Begin PBXGroup section */
		547BD4F1324F75986BFD8335 /* Pods */ = {
			isa = PBXGroup;
			children = (
				65C17437B0474AD809EA38C0 /* Pods-SJVideoPlayerExample-ObjC.debug.xcconfig */,
				5C0BE5D9B85F766501BE9CE0 /* Pods-SJVideoPlayerExample-ObjC.release.xcconfig */,
			);
			path = Pods;
			sourceTree = "<group>";
		};
		77F2FB29232E6E8F003625EA = {
			isa = PBXGroup;
			children = (
				77F2FB34232E6E8F003625EA /* SJVideoPlayerExample-ObjC */,
				77F2FB4D232E6E90003625EA /* SJVideoPlayerExample-ObjCTests */,
				77F2FB58232E6E90003625EA /* SJVideoPlayerExample-ObjCUITests */,
				77F2FB33232E6E8F003625EA /* Products */,
				547BD4F1324F75986BFD8335 /* Pods */,
				839E2A91500B99B9378BC68F /* Frameworks */,
			);
			sourceTree = "<group>";
		};
		77F2FB33232E6E8F003625EA /* Products */ = {
			isa = PBXGroup;
			children = (
				77F2FB32232E6E8F003625EA /* SJVideoPlayerExample-ObjC.app */,
				77F2FB4A232E6E90003625EA /* SJVideoPlayerExample-ObjCTests.xctest */,
				77F2FB55232E6E90003625EA /* SJVideoPlayerExample-ObjCUITests.xctest */,
			);
			name = Products;
			sourceTree = "<group>";
		};
		77F2FB34232E6E8F003625EA /* SJVideoPlayerExample-ObjC */ = {
			isa = PBXGroup;
			children = (
				77F2FB35232E6E8F003625EA /* AppDelegate.h */,
				77F2FB36232E6E8F003625EA /* AppDelegate.m */,
				77F2FB67232E6EFE003625EA /* UIViewController+RotationControl.h */,
				77F2FB68232E6EFE003625EA /* UIViewController+RotationControl.m */,
				77F2FB3B232E6E8F003625EA /* Main.storyboard */,
				77F2FB3E232E6E90003625EA /* Assets.xcassets */,
				77F2FB40232E6E90003625EA /* LaunchScreen.storyboard */,
				77F2FB43232E6E90003625EA /* Info.plist */,
				77F2FB44232E6E90003625EA /* main.m */,
			);
			path = "SJVideoPlayerExample-ObjC";
			sourceTree = "<group>";
		};
		77F2FB4D232E6E90003625EA /* SJVideoPlayerExample-ObjCTests */ = {
			isa = PBXGroup;
			children = (
				77F2FB4E232E6E90003625EA /* SJVideoPlayerExample_ObjCTests.m */,
				77F2FB50232E6E90003625EA /* Info.plist */,
			);
			path = "SJVideoPlayerExample-ObjCTests";
			sourceTree = "<group>";
		};
		77F2FB58232E6E90003625EA /* SJVideoPlayerExample-ObjCUITests */ = {
			isa = PBXGroup;
			children = (
				77F2FB59232E6E90003625EA /* SJVideoPlayerExample_ObjCUITests.m */,
				77F2FB5B232E6E90003625EA /* Info.plist */,
			);
			path = "SJVideoPlayerExample-ObjCUITests";
			sourceTree = "<group>";
		};
		839E2A91500B99B9378BC68F /* Frameworks */ = {
			isa = PBXGroup;
			children = (
				80A703736180348489A0FC5B /* libPods-SJVideoPlayerExample-ObjC.a */,
			);
			name = Frameworks;
			sourceTree = "<group>";
		};
/* End PBXGroup section */

/* Begin PBXNativeTarget section */
		77F2FB31232E6E8F003625EA /* SJVideoPlayerExample-ObjC */ = {
			isa = PBXNativeTarget;
			buildConfigurationList = 77F2FB5E232E6E90003625EA /* Build configuration list for PBXNativeTarget "SJVideoPlayerExample-ObjC" */;
			buildPhases = (
				88C18D283241C957A4369653 /* [CP] Check Pods Manifest.lock */,
				77F2FB2E232E6E8F003625EA /* Sources */,
				77F2FB2F232E6E8F003625EA /* Frameworks */,
				77F2FB30232E6E8F003625EA /* Resources */,
				D562E4D0735B6B92FFF1CA61 /* [CP] Copy Pods Resources */,
			);
			buildRules = (
			);
			dependencies = (
			);
			name = "SJVideoPlayerExample-ObjC";
			productName = "SJVideoPlayerExample-ObjC";
			productReference = 77F2FB32232E6E8F003625EA /* SJVideoPlayerExample-ObjC.app */;
			productType = "com.apple.product-type.application";
		};
		77F2FB49232E6E90003625EA /* SJVideoPlayerExample-ObjCTests */ = {
			isa = PBXNativeTarget;
			buildConfigurationList = 77F2FB61232E6E90003625EA /* Build configuration list for PBXNativeTarget "SJVideoPlayerExample-ObjCTests" */;
			buildPhases = (
				77F2FB46232E6E90003625EA /* Sources */,
				77F2FB47232E6E90003625EA /* Frameworks */,
				77F2FB48232E6E90003625EA /* Resources */,
			);
			buildRules = (
			);
			dependencies = (
				77F2FB4C232E6E90003625EA /* PBXTargetDependency */,
			);
			name = "SJVideoPlayerExample-ObjCTests";
			productName = "SJVideoPlayerExample-ObjCTests";
			productReference = 77F2FB4A232E6E90003625EA /* SJVideoPlayerExample-ObjCTests.xctest */;
			productType = "com.apple.product-type.bundle.unit-test";
		};
		77F2FB54232E6E90003625EA /* SJVideoPlayerExample-ObjCUITests */ = {
			isa = PBXNativeTarget;
			buildConfigurationList = 77F2FB64232E6E90003625EA /* Build configuration list for PBXNativeTarget "SJVideoPlayerExample-ObjCUITests" */;
			buildPhases = (
				77F2FB51232E6E90003625EA /* Sources */,
				77F2FB52232E6E90003625EA /* Frameworks */,
				77F2FB53232E6E90003625EA /* Resources */,
			);
			buildRules = (
			);
			dependencies = (
				77F2FB57232E6E90003625EA /* PBXTargetDependency */,
			);
			name = "SJVideoPlayerExample-ObjCUITests";
			productName = "SJVideoPlayerExample-ObjCUITests";
			productReference = 77F2FB55232E6E90003625EA /* SJVideoPlayerExample-ObjCUITests.xctest */;
			productType = "com.apple.product-type.bundle.ui-testing";
		};
/* End PBXNativeTarget section */

/* Begin PBXProject section */
		77F2FB2A232E6E8F003625EA /* Project object */ = {
			isa = PBXProject;
			attributes = {
				LastUpgradeCheck = 1030;
				ORGANIZATIONNAME = SanJiang;
				TargetAttributes = {
					77F2FB31232E6E8F003625EA = {
						CreatedOnToolsVersion = 10.3;
					};
					77F2FB49232E6E90003625EA = {
						CreatedOnToolsVersion = 10.3;
						TestTargetID = 77F2FB31232E6E8F003625EA;
					};
					77F2FB54232E6E90003625EA = {
						CreatedOnToolsVersion = 10.3;
						TestTargetID = 77F2FB31232E6E8F003625EA;
					};
				};
			};
			buildConfigurationList = 77F2FB2D232E6E8F003625EA /* Build configuration list for PBXProject "SJVideoPlayerExample-ObjC" */;
			compatibilityVersion = "Xcode 9.3";
			developmentRegion = en;
			hasScannedForEncodings = 0;
			knownRegions = (
				en,
				Base,
			);
			mainGroup = 77F2FB29232E6E8F003625EA;
			productRefGroup = 77F2FB33232E6E8F003625EA /* Products */;
			projectDirPath = "";
			projectRoot = "";
			targets = (
				77F2FB31232E6E8F003625EA /* SJVideoPlayerExample-ObjC */,
				77F2FB49232E6E90003625EA /* SJVideoPlayerExample-ObjCTests */,
				77F2FB54232E6E90003625EA /* SJVideoPlayerExample-ObjCUITests */,
			);
		};
/* End PBXProject section */

/* Begin PBXResourcesBuildPhase section */
		77F2FB30232E6E8F003625EA /* Resources */ = {
			isa = PBXResourcesBuildPhase;
			buildActionMask = 2147483647;
			files = (
				77F2FB42232E6E90003625EA /* LaunchScreen.storyboard in Resources */,
				77F2FB3F232E6E90003625EA /* Assets.xcassets in Resources */,
				77F2FB3D232E6E8F003625EA /* Main.storyboard in Resources */,
			);
			runOnlyForDeploymentPostprocessing = 0;
		};
		77F2FB48232E6E90003625EA /* Resources */ = {
			isa = PBXResourcesBuildPhase;
			buildActionMask = 2147483647;
			files = (
			);
			runOnlyForDeploymentPostprocessing = 0;
		};
		77F2FB53232E6E90003625EA /* Resources */ = {
			isa = PBXResourcesBuildPhase;
			buildActionMask = 2147483647;
			files = (
			);
			runOnlyForDeploymentPostprocessing = 0;
		};
/* End PBXResourcesBuildPhase section */

/* Begin PBXShellScriptBuildPhase section */
		88C18D283241C957A4369653 /* [CP] Check Pods Manifest.lock */ = {
			isa = PBXShellScriptBuildPhase;
			buildActionMask = 2147483647;
			files = (
			);
			inputFileListPaths = (
			);
			inputPaths = (
				"${PODS_PODFILE_DIR_PATH}/Podfile.lock",
				"${PODS_ROOT}/Manifest.lock",
			);
			name = "[CP] Check Pods Manifest.lock";
			outputFileListPaths = (
			);
			outputPaths = (
				"$(DERIVED_FILE_DIR)/Pods-SJVideoPlayerExample-ObjC-checkManifestLockResult.txt",
			);
			runOnlyForDeploymentPostprocessing = 0;
			shellPath = /bin/sh;
			shellScript = "diff \"${PODS_PODFILE_DIR_PATH}/Podfile.lock\" \"${PODS_ROOT}/Manifest.lock\" > /dev/null\nif [ $? != 0 ] ; then\n    # print error to STDERR\n    echo \"error: The sandbox is not in sync with the Podfile.lock. Run 'pod install' or update your CocoaPods installation.\" >&2\n    exit 1\nfi\n# This output is used by Xcode 'outputs' to avoid re-running this script phase.\necho \"SUCCESS\" > \"${SCRIPT_OUTPUT_FILE_0}\"\n";
			showEnvVarsInLog = 0;
		};
		D562E4D0735B6B92FFF1CA61 /* [CP] Copy Pods Resources */ = {
			isa = PBXShellScriptBuildPhase;
			buildActionMask = 2147483647;
			files = (
			);
			inputFileListPaths = (
				"${PODS_ROOT}/Target Support Files/Pods-SJVideoPlayerExample-ObjC/Pods-SJVideoPlayerExample-ObjC-resources-${CONFIGURATION}-input-files.xcfilelist",
			);
			name = "[CP] Copy Pods Resources";
			outputFileListPaths = (
				"${PODS_ROOT}/Target Support Files/Pods-SJVideoPlayerExample-ObjC/Pods-SJVideoPlayerExample-ObjC-resources-${CONFIGURATION}-output-files.xcfilelist",
			);
			runOnlyForDeploymentPostprocessing = 0;
			shellPath = /bin/sh;
			shellScript = "\"${PODS_ROOT}/Target Support Files/Pods-SJVideoPlayerExample-ObjC/Pods-SJVideoPlayerExample-ObjC-resources.sh\"\n";
			showEnvVarsInLog = 0;
		};
/* End PBXShellScriptBuildPhase section */

/* Begin PBXSourcesBuildPhase section */
		77F2FB2E232E6E8F003625EA /* Sources */ = {
			isa = PBXSourcesBuildPhase;
			buildActionMask = 2147483647;
			files = (
				77F2FB45232E6E90003625EA /* main.m in Sources */,
				77F2FB69232E6EFE003625EA /* UIViewController+RotationControl.m in Sources */,
				77F2FB37232E6E8F003625EA /* AppDelegate.m in Sources */,
			);
			runOnlyForDeploymentPostprocessing = 0;
		};
		77F2FB46232E6E90003625EA /* Sources */ = {
			isa = PBXSourcesBuildPhase;
			buildActionMask = 2147483647;
			files = (
				77F2FB4F232E6E90003625EA /* SJVideoPlayerExample_ObjCTests.m in Sources */,
			);
			runOnlyForDeploymentPostprocessing = 0;
		};
		77F2FB51232E6E90003625EA /* Sources */ = {
			isa = PBXSourcesBuildPhase;
			buildActionMask = 2147483647;
			files = (
				77F2FB5A232E6E90003625EA /* SJVideoPlayerExample_ObjCUITests.m in Sources */,
			);
			runOnlyForDeploymentPostprocessing = 0;
		};
/* End PBXSourcesBuildPhase section */

/* Begin PBXTargetDependency section */
		77F2FB4C232E6E90003625EA /* PBXTargetDependency */ = {
			isa = PBXTargetDependency;
			target = 77F2FB31232E6E8F003625EA /* SJVideoPlayerExample-ObjC */;
			targetProxy = 77F2FB4B232E6E90003625EA /* PBXContainerItemProxy */;
		};
		77F2FB57232E6E90003625EA /* PBXTargetDependency */ = {
			isa = PBXTargetDependency;
			target = 77F2FB31232E6E8F003625EA /* SJVideoPlayerExample-ObjC */;
			targetProxy = 77F2FB56232E6E90003625EA /* PBXContainerItemProxy */;
		};
/* End PBXTargetDependency section */

/* Begin PBXVariantGroup section */
		77F2FB3B232E6E8F003625EA /* Main.storyboard */ = {
			isa = PBXVariantGroup;
			children = (
				77F2FB3C232E6E8F003625EA /* Base */,
			);
			name = Main.storyboard;
			sourceTree = "<group>";
		};
		77F2FB40232E6E90003625EA /* LaunchScreen.storyboard */ = {
			isa = PBXVariantGroup;
			children = (
				77F2FB41232E6E90003625EA /* Base */,
			);
			name = LaunchScreen.storyboard;
			sourceTree = "<group>";
		};
/* End PBXVariantGroup section */

/* Begin XCBuildConfiguration section */
		77F2FB5C232E6E90003625EA /* Debug */ = {
			isa = XCBuildConfiguration;
			buildSettings = {
				ALWAYS_SEARCH_USER_PATHS = NO;
				CLANG_ANALYZER_NONNULL = YES;
				CLANG_ANALYZER_NUMBER_OBJECT_CONVERSION = YES_AGGRESSIVE;
				CLANG_CXX_LANGUAGE_STANDARD = "gnu++14";
				CLANG_CXX_LIBRARY = "libc++";
				CLANG_ENABLE_MODULES = YES;
				CLANG_ENABLE_OBJC_ARC = YES;
				CLANG_ENABLE_OBJC_WEAK = YES;
				CLANG_WARN_BLOCK_CAPTURE_AUTORELEASING = YES;
				CLANG_WARN_BOOL_CONVERSION = YES;
				CLANG_WARN_COMMA = YES;
				CLANG_WARN_CONSTANT_CONVERSION = YES;
				CLANG_WARN_DEPRECATED_OBJC_IMPLEMENTATIONS = YES;
				CLANG_WARN_DIRECT_OBJC_ISA_USAGE = YES_ERROR;
				CLANG_WARN_DOCUMENTATION_COMMENTS = YES;
				CLANG_WARN_EMPTY_BODY = YES;
				CLANG_WARN_ENUM_CONVERSION = YES;
				CLANG_WARN_INFINITE_RECURSION = YES;
				CLANG_WARN_INT_CONVERSION = YES;
				CLANG_WARN_NON_LITERAL_NULL_CONVERSION = YES;
				CLANG_WARN_OBJC_IMPLICIT_RETAIN_SELF = YES;
				CLANG_WARN_OBJC_LITERAL_CONVERSION = YES;
				CLANG_WARN_OBJC_ROOT_CLASS = YES_ERROR;
				CLANG_WARN_RANGE_LOOP_ANALYSIS = YES;
				CLANG_WARN_STRICT_PROTOTYPES = YES;
				CLANG_WARN_SUSPICIOUS_MOVE = YES;
				CLANG_WARN_UNGUARDED_AVAILABILITY = YES_AGGRESSIVE;
				CLANG_WARN_UNREACHABLE_CODE = YES;
				CLANG_WARN__DUPLICATE_METHOD_MATCH = YES;
				CODE_SIGN_IDENTITY = "iPhone Developer";
				COPY_PHASE_STRIP = NO;
				DEBUG_INFORMATION_FORMAT = dwarf;
				ENABLE_STRICT_OBJC_MSGSEND = YES;
				ENABLE_TESTABILITY = YES;
				GCC_C_LANGUAGE_STANDARD = gnu11;
				GCC_DYNAMIC_NO_PIC = NO;
				GCC_NO_COMMON_BLOCKS = YES;
				GCC_OPTIMIZATION_LEVEL = 0;
				GCC_PREPROCESSOR_DEFINITIONS = (
					"DEBUG=1",
					"$(inherited)",
				);
				GCC_WARN_64_TO_32_BIT_CONVERSION = YES;
				GCC_WARN_ABOUT_RETURN_TYPE = YES_ERROR;
				GCC_WARN_UNDECLARED_SELECTOR = YES;
				GCC_WARN_UNINITIALIZED_AUTOS = YES_AGGRESSIVE;
				GCC_WARN_UNUSED_FUNCTION = YES;
				GCC_WARN_UNUSED_VARIABLE = YES;
				IPHONEOS_DEPLOYMENT_TARGET = 12.4;
				MTL_ENABLE_DEBUG_INFO = INCLUDE_SOURCE;
				MTL_FAST_MATH = YES;
				ONLY_ACTIVE_ARCH = YES;
				SDKROOT = iphoneos;
			};
			name = Debug;
		};
		77F2FB5D232E6E90003625EA /* Release */ = {
			isa = XCBuildConfiguration;
			buildSettings = {
				ALWAYS_SEARCH_USER_PATHS = NO;
				CLANG_ANALYZER_NONNULL = YES;
				CLANG_ANALYZER_NUMBER_OBJECT_CONVERSION = YES_AGGRESSIVE;
				CLANG_CXX_LANGUAGE_STANDARD = "gnu++14";
				CLANG_CXX_LIBRARY = "libc++";
				CLANG_ENABLE_MODULES = YES;
				CLANG_ENABLE_OBJC_ARC = YES;
				CLANG_ENABLE_OBJC_WEAK = YES;
				CLANG_WARN_BLOCK_CAPTURE_AUTORELEASING = YES;
				CLANG_WARN_BOOL_CONVERSION = YES;
				CLANG_WARN_COMMA = YES;
				CLANG_WARN_CONSTANT_CONVERSION = YES;
				CLANG_WARN_DEPRECATED_OBJC_IMPLEMENTATIONS = YES;
				CLANG_WARN_DIRECT_OBJC_ISA_USAGE = YES_ERROR;
				CLANG_WARN_DOCUMENTATION_COMMENTS = YES;
				CLANG_WARN_EMPTY_BODY = YES;
				CLANG_WARN_ENUM_CONVERSION = YES;
				CLANG_WARN_INFINITE_RECURSION = YES;
				CLANG_WARN_INT_CONVERSION = YES;
				CLANG_WARN_NON_LITERAL_NULL_CONVERSION = YES;
				CLANG_WARN_OBJC_IMPLICIT_RETAIN_SELF = YES;
				CLANG_WARN_OBJC_LITERAL_CONVERSION = YES;
				CLANG_WARN_OBJC_ROOT_CLASS = YES_ERROR;
				CLANG_WARN_RANGE_LOOP_ANALYSIS = YES;
				CLANG_WARN_STRICT_PROTOTYPES = YES;
				CLANG_WARN_SUSPICIOUS_MOVE = YES;
				CLANG_WARN_UNGUARDED_AVAILABILITY = YES_AGGRESSIVE;
				CLANG_WARN_UNREACHABLE_CODE = YES;
				CLANG_WARN__DUPLICATE_METHOD_MATCH = YES;
				CODE_SIGN_IDENTITY = "iPhone Developer";
				COPY_PHASE_STRIP = NO;
				DEBUG_INFORMATION_FORMAT = "dwarf-with-dsym";
				ENABLE_NS_ASSERTIONS = NO;
				ENABLE_STRICT_OBJC_MSGSEND = YES;
				GCC_C_LANGUAGE_STANDARD = gnu11;
				GCC_NO_COMMON_BLOCKS = YES;
				GCC_WARN_64_TO_32_BIT_CONVERSION = YES;
				GCC_WARN_ABOUT_RETURN_TYPE = YES_ERROR;
				GCC_WARN_UNDECLARED_SELECTOR = YES;
				GCC_WARN_UNINITIALIZED_AUTOS = YES_AGGRESSIVE;
				GCC_WARN_UNUSED_FUNCTION = YES;
				GCC_WARN_UNUSED_VARIABLE = YES;
				IPHONEOS_DEPLOYMENT_TARGET = 12.4;
				MTL_ENABLE_DEBUG_INFO = NO;
				MTL_FAST_MATH = YES;
				SDKROOT = iphoneos;
				VALIDATE_PRODUCT = YES;
			};
			name = Release;
		};
		77F2FB5F232E6E90003625EA /* Debug */ = {
			isa = XCBuildConfiguration;
			baseConfigurationReference = 65C17437B0474AD809EA38C0 /* Pods-SJVideoPlayerExample-ObjC.debug.xcconfig */;
			buildSettings = {
				ASSETCATALOG_COMPILER_APPICON_NAME = AppIcon;
				CODE_SIGN_STYLE = Automatic;
				DEVELOPMENT_TEAM = U5A7L7SMNP;
				INFOPLIST_FILE = "SJVideoPlayerExample-ObjC/Info.plist";
				LD_RUNPATH_SEARCH_PATHS = (
					"$(inherited)",
					"@executable_path/Frameworks",
				);
				PRODUCT_BUNDLE_IDENTIFIER = "com.SanJiang.SJVideoPlayerExample-ObjC";
				PRODUCT_NAME = "$(TARGET_NAME)";
				TARGETED_DEVICE_FAMILY = "1,2";
			};
			name = Debug;
		};
		77F2FB60232E6E90003625EA /* Release */ = {
			isa = XCBuildConfiguration;
			baseConfigurationReference = 5C0BE5D9B85F766501BE9CE0 /* Pods-SJVideoPlayerExample-ObjC.release.xcconfig */;
			buildSettings = {
				ASSETCATALOG_COMPILER_APPICON_NAME = AppIcon;
				CODE_SIGN_STYLE = Automatic;
				DEVELOPMENT_TEAM = U5A7L7SMNP;
				INFOPLIST_FILE = "SJVideoPlayerExample-ObjC/Info.plist";
				LD_RUNPATH_SEARCH_PATHS = (
					"$(inherited)",
					"@executable_path/Frameworks",
				);
				PRODUCT_BUNDLE_IDENTIFIER = "com.SanJiang.SJVideoPlayerExample-ObjC";
				PRODUCT_NAME = "$(TARGET_NAME)";
				TARGETED_DEVICE_FAMILY = "1,2";
			};
			name = Release;
		};
		77F2FB62232E6E90003625EA /* Debug */ = {
			isa = XCBuildConfiguration;
			buildSettings = {
				BUNDLE_LOADER = "$(TEST_HOST)";
				CODE_SIGN_STYLE = Automatic;
				DEVELOPMENT_TEAM = U5A7L7SMNP;
				INFOPLIST_FILE = "SJVideoPlayerExample-ObjCTests/Info.plist";
				LD_RUNPATH_SEARCH_PATHS = (
					"$(inherited)",
					"@executable_path/Frameworks",
					"@loader_path/Frameworks",
				);
				PRODUCT_BUNDLE_IDENTIFIER = "com.SanJiang.SJVideoPlayerExample-ObjCTests";
				PRODUCT_NAME = "$(TARGET_NAME)";
				TARGETED_DEVICE_FAMILY = "1,2";
				TEST_HOST = "$(BUILT_PRODUCTS_DIR)/SJVideoPlayerExample-ObjC.app/SJVideoPlayerExample-ObjC";
			};
			name = Debug;
		};
		77F2FB63232E6E90003625EA /* Release */ = {
			isa = XCBuildConfiguration;
			buildSettings = {
				BUNDLE_LOADER = "$(TEST_HOST)";
				CODE_SIGN_STYLE = Automatic;
				DEVELOPMENT_TEAM = U5A7L7SMNP;
				INFOPLIST_FILE = "SJVideoPlayerExample-ObjCTests/Info.plist";
				LD_RUNPATH_SEARCH_PATHS = (
					"$(inherited)",
					"@executable_path/Frameworks",
					"@loader_path/Frameworks",
				);
				PRODUCT_BUNDLE_IDENTIFIER = "com.SanJiang.SJVideoPlayerExample-ObjCTests";
				PRODUCT_NAME = "$(TARGET_NAME)";
				TARGETED_DEVICE_FAMILY = "1,2";
				TEST_HOST = "$(BUILT_PRODUCTS_DIR)/SJVideoPlayerExample-ObjC.app/SJVideoPlayerExample-ObjC";
			};
			name = Release;
		};
		77F2FB65232E6E90003625EA /* Debug */ = {
			isa = XCBuildConfiguration;
			buildSettings = {
				CODE_SIGN_STYLE = Automatic;
				DEVELOPMENT_TEAM = U5A7L7SMNP;
				INFOPLIST_FILE = "SJVideoPlayerExample-ObjCUITests/Info.plist";
				LD_RUNPATH_SEARCH_PATHS = (
					"$(inherited)",
					"@executable_path/Frameworks",
					"@loader_path/Frameworks",
				);
				PRODUCT_BUNDLE_IDENTIFIER = "com.SanJiang.SJVideoPlayerExample-ObjCUITests";
				PRODUCT_NAME = "$(TARGET_NAME)";
				TARGETED_DEVICE_FAMILY = "1,2";
				TEST_TARGET_NAME = "SJVideoPlayerExample-ObjC";
			};
			name = Debug;
		};
		77F2FB66232E6E90003625EA /* Release */ = {
			isa = XCBuildConfiguration;
			buildSettings = {
				CODE_SIGN_STYLE = Automatic;
				DEVELOPMENT_TEAM = U5A7L7SMNP;
				INFOPLIST_FILE = "SJVideoPlayerExample-ObjCUITests/Info.plist";
				LD_RUNPATH_SEARCH_PATHS = (
					"$(inherited)",
					"@executable_path/Frameworks",
					"@loader_path/Frameworks",
				);
				PRODUCT_BUNDLE_IDENTIFIER = "com.SanJiang.SJVideoPlayerExample-ObjCUITests";
				PRODUCT_NAME = "$(TARGET_NAME)";
				TARGETED_DEVICE_FAMILY = "1,2";
				TEST_TARGET_NAME = "SJVideoPlayerExample-ObjC";
			};
			name = Release;
		};
/* End XCBuildConfiguration section */

/* Begin XCConfigurationList section */
		77F2FB2D232E6E8F003625EA /* Build configuration list for PBXProject "SJVideoPlayerExample-ObjC" */ = {
			isa = XCConfigurationList;
			buildConfigurations = (
				77F2FB5C232E6E90003625EA /* Debug */,
				77F2FB5D232E6E90003625EA /* Release */,
			);
			defaultConfigurationIsVisible = 0;
			defaultConfigurationName = Release;
		};
		77F2FB5E232E6E90003625EA /* Build configuration list for PBXNativeTarget "SJVideoPlayerExample-ObjC" */ = {
			isa = XCConfigurationList;
			buildConfigurations = (
				77F2FB5F232E6E90003625EA /* Debug */,
				77F2FB60232E6E90003625EA /* Release */,
			);
			defaultConfigurationIsVisible = 0;
			defaultConfigurationName = Release;
		};
		77F2FB61232E6E90003625EA /* Build configuration list for PBXNativeTarget "SJVideoPlayerExample-ObjCTests" */ = {
			isa = XCConfigurationList;
			buildConfigurations = (
				77F2FB62232E6E90003625EA /* Debug */,
				77F2FB63232E6E90003625EA /* Release */,
			);
			defaultConfigurationIsVisible = 0;
			defaultConfigurationName = Release;
		};
		77F2FB64232E6E90003625EA /* Build configuration list for PBXNativeTarget "SJVideoPlayerExample-ObjCUITests" */ = {
			isa = XCConfigurationList;
			buildConfigurations = (
				77F2FB65232E6E90003625EA /* Debug */,
				77F2FB66232E6E90003625EA /* Release */,
			);
			defaultConfigurationIsVisible = 0;
			defaultConfigurationName = Release;
		};
/* End XCConfigurationList section */
	};
	rootObject = 77F2FB2A232E6E8F003625EA /* Project object */;
}
