PODS:
  - Masonry (1.1.0)
  - MJRefresh (3.1.15.7)
  - Reachability (3.2)
  - SJAttributesFactory (2.0.4)
  - SJBaseVideoPlayer (1.5.2):
    - Masonry
    - Reachability
    - SJBaseVideoPlayer/Header (= 1.5.2)
    - SJBaseVideoPlayer/Model (= 1.5.2)
    - SJBaseVideoPlayer/SJAVMediaPlaybackController (= 1.5.2)
    - SJBaseVideoPlayer/SJPrompt (= 1.5.2)
    - SJBaseVideoPlayer/SJRotationManager (= 1.5.2)
    - SJBaseVideoPlayer/SJVolBrigControl (= 1.5.2)
    - SJBaseVideoPlayer/Tool (= 1.5.2)
    - SJObserverHelper
  - SJBaseVideoPlayer/Header (1.5.2):
    - Masonry
    - Reachability
    - SJObserverHelper
  - SJBaseVideoPlayer/Model (1.5.2):
    - Masonry
    - Reachability
    - SJBaseVideoPlayer/Header
    - SJObserverHelper
  - SJBaseVideoPlayer/SJAVMediaPlaybackController (1.5.2):
    - Masonry
    - Reachability
    - SJBaseVideoPlayer/Header
    - SJBaseVideoPlayer/Model
    - SJBaseVideoPlayer/SJAVMediaPlaybackController/Core (= 1.5.2)
    - SJBaseVideoPlayer/Tool
    - SJObserverHelper
  - SJBaseVideoPlayer/SJAVMediaPlaybackController/Core (1.5.2):
    - Masonry
    - Reachability
    - SJBaseVideoPlayer/Header
    - SJBaseVideoPlayer/Model
    - SJBaseVideoPlayer/Tool
    - SJObserverHelper
  - SJBaseVideoPlayer/SJPrompt (1.5.2):
    - Masonry
    - Reachability
    - SJObserverHelper
  - SJBaseVideoPlayer/SJRotationManager (1.5.2):
    - Masonry
    - Reachability
    - SJBaseVideoPlayer/Header
    - SJObserverHelper
  - SJBaseVideoPlayer/SJVolBrigControl (1.5.2):
    - Masonry
    - Reachability
    - SJBaseVideoPlayer/SJVolBrigControl/Resource (= 1.5.2)
    - SJObserverHelper
  - SJBaseVideoPlayer/SJVolBrigControl/Resource (1.5.2):
    - Masonry
    - Reachability
    - SJObserverHelper
  - SJBaseVideoPlayer/Tool (1.5.2):
    - Masonry
    - Reachability
    - SJObserverHelper
  - SJFullscreenPopGesture (1.4.6)
  - SJObserverHelper (1.0.5.1)
  - SJRouter (0.0.8):
    - SJRouter/Core (= 0.0.8)
  - SJRouter/Core (0.0.8)
  - SJScrollEntriesView (1.1.0):
    - Masonry
  - SJUIFactory (0.0.16):
    - SJUIFactory/Category (= 0.0.16)
  - SJUIFactory/Category (0.0.16)
  - SJUIKit/Refresh (0.0.0.6):
    - MJRefresh
  - YYText (1.0.7)

DEPENDENCIES:
  - Masonry
  - MJRefresh
  - SJAttributesFactory
  - SJBaseVideoPlayer
  - SJFullscreenPopGesture
  - SJRouter
  - SJScrollEntriesView
  - SJUIFactory
  - SJUIKit/Refresh
  - YYText

SPEC REPOS:
  https://github.com/cocoapods/specs.git:
    - Masonry
    - MJRefresh
    - Reachability
    - SJAttributesFactory
    - SJBaseVideoPlayer
    - SJFullscreenPopGesture
    - SJObserverHelper
    - SJRouter
    - SJScrollEntriesView
    - SJUIFactory
    - SJUIKit
    - YYText

SPEC CHECKSUMS:
  Masonry: 678fab65091a9290e40e2832a55e7ab731aad201
  MJRefresh: 697f8ec75ebdbe9207767bb682cf0f51b0d8a41f
  Reachability: 33e18b67625424e47b6cde6d202dce689ad7af96
  SJAttributesFactory: 844e18f8a1a8f974ad32e7d93b5bf3bc064f1bd7
  SJBaseVideoPlayer: fb429cbbea1ce4567ceecea3e50faf08b7375e06
  SJFullscreenPopGesture: 94db6f970d864d53161d819916aed3f30b6a1442
  SJObserverHelper: b8dcf2653dca2538bb601f558bde72c229e08737
  SJRouter: 8e477c6d9b8023b78a481dbdc49db310dc47b72b
  SJScrollEntriesView: 2388fec9dbb6ab639f8966de036394eeb753617d
  SJUIFactory: b3e973c5e2ae08bc5a1bd2c68d94c00f81e01a0b
  SJUIKit: db663bfe8bdbd069c4881bf4167582da37a72ece
  YYText: 5c461d709e24d55a182d1441c41dc639a18a4849

PODFILE CHECKSUM: 3baebcb66211e1ebdff7a4e63015fa5c8360cf60

COCOAPODS: 1.6.0.beta.1
