PODS:
  - Masonry (1.1.0)
  - Reachability (3.2)
  - SJBaseVideoPlayer (2.3.5):
    - Masonry
    - Reachability
    - SJBaseVideoPlayer/Header (= 2.3.5)
    - SJBaseVideoPlayer/Model (= 2.3.5)
    - SJBaseVideoPlayer/SJAVMediaPlaybackController (= 2.3.5)
    - SJBaseVideoPlayer/SJDeviceVolumeAndBrightnessManager (= 2.3.5)
    - SJBaseVideoPlayer/SJPrompt (= 2.3.5)
    - SJBaseVideoPlayer/SJRotationManager (= 2.3.5)
    - SJBaseVideoPlayer/Tool (= 2.3.5)
    - SJUIKit/ObserverHelper (>= 0.0.0.23)
    - SJUIKit/Queues (>= 0.0.0.23)
  - SJBaseVideoPlayer/Header (2.3.5):
    - Masonry
    - Reachability
    - SJUIKit/ObserverHelper (>= 0.0.0.23)
    - SJUIKit/Queues (>= 0.0.0.23)
  - SJBaseVideoPlayer/Model (2.3.5):
    - Masonry
    - Reachability
    - SJBaseVideoPlayer/Header
    - SJUIKit/ObserverHelper (>= 0.0.0.23)
    - SJUIKit/Queues (>= 0.0.0.23)
  - SJBaseVideoPlayer/SJAVMediaPlaybackController (2.3.5):
    - Masonry
    - Reachability
    - SJBaseVideoPlayer/SJAVMediaPlaybackController/Core (= 2.3.5)
    - SJBaseVideoPlayer/Tool
    - SJUIKit/ObserverHelper (>= 0.0.0.23)
    - SJUIKit/Queues (>= 0.0.0.23)
  - SJBaseVideoPlayer/SJAVMediaPlaybackController/Core (2.3.5):
    - Masonry
    - Reachability
    - SJBaseVideoPlayer/Tool
    - SJUIKit/ObserverHelper (>= 0.0.0.23)
    - SJUIKit/Queues (>= 0.0.0.23)
  - SJBaseVideoPlayer/SJDeviceVolumeAndBrightnessManager (2.3.5):
    - Masonry
    - Reachability
    - SJBaseVideoPlayer/Header
    - SJBaseVideoPlayer/SJDeviceVolumeAndBrightnessManager/Core (= 2.3.5)
    - SJBaseVideoPlayer/SJDeviceVolumeAndBrightnessManager/ResourceLoader (= 2.3.5)
    - SJUIKit/ObserverHelper (>= 0.0.0.23)
    - SJUIKit/Queues (>= 0.0.0.23)
  - SJBaseVideoPlayer/SJDeviceVolumeAndBrightnessManager/Core (2.3.5):
    - Masonry
    - Reachability
    - SJBaseVideoPlayer/Header
    - SJBaseVideoPlayer/SJDeviceVolumeAndBrightnessManager/ResourceLoader
    - SJUIKit/ObserverHelper (>= 0.0.0.23)
    - SJUIKit/Queues (>= 0.0.0.23)
  - SJBaseVideoPlayer/SJDeviceVolumeAndBrightnessManager/ResourceLoader (2.3.5):
    - Masonry
    - Reachability
    - SJBaseVideoPlayer/Header
    - SJUIKit/ObserverHelper (>= 0.0.0.23)
    - SJUIKit/Queues (>= 0.0.0.23)
  - SJBaseVideoPlayer/SJPrompt (2.3.5):
    - Masonry
    - Reachability
    - SJUIKit/ObserverHelper (>= 0.0.0.23)
    - SJUIKit/Queues (>= 0.0.0.23)
  - SJBaseVideoPlayer/SJRotationManager (2.3.5):
    - Masonry
    - Reachability
    - SJBaseVideoPlayer/Header
    - SJUIKit/ObserverHelper (>= 0.0.0.23)
    - SJUIKit/Queues (>= 0.0.0.23)
  - SJBaseVideoPlayer/Tool (2.3.5):
    - Masonry
    - Reachability
    - SJBaseVideoPlayer/Header
    - SJBaseVideoPlayer/Model
    - SJUIKit/ObserverHelper (>= 0.0.0.23)
    - SJUIKit/Queues (>= 0.0.0.23)
  - SJFullscreenPopGesture (1.4.6)
  - SJPlaybackListController (0.0.4):
    - SJPlaybackListController/Core (= 0.0.4)
  - SJPlaybackListController/Core (0.0.4)
  - SJRouter (0.0.11):
    - SJRouter/Core (= 0.0.11)
  - SJRouter/Core (0.0.11)
  - SJScrollEntriesView (1.1.0):
    - Masonry
  - SJUIKit/AttributesFactory (0.0.0.23)
  - SJUIKit/ObserverHelper (0.0.0.23)
  - SJUIKit/Queues (0.0.0.23)
  - SJVideoPlayer (2.5.4):
    - Masonry
    - SJBaseVideoPlayer (>= 2.3.5)
    - SJUIKit/AttributesFactory (= 0.0.0.23)
    - SJVideoPlayer/Adapters (= 2.5.4)
    - SJVideoPlayer/Common (= 2.5.4)
    - SJVideoPlayer/Settings (= 2.5.4)
    - SJVideoPlayer/SJEdgeControlLayer (= 2.5.4)
    - SJVideoPlayer/SJFilmEditingControlLayer (= 2.5.4)
    - SJVideoPlayer/SJLoadFailedControlLayer (= 2.5.4)
    - SJVideoPlayer/SJLoadingView (= 2.5.4)
    - SJVideoPlayer/SJMoreSettingControlLayer (= 2.5.4)
    - SJVideoPlayer/SJNotReachableControlLayer (= 2.5.4)
    - SJVideoPlayer/SJProgressSlider (= 2.5.4)
    - SJVideoPlayer/Switcher (= 2.5.4)
  - SJVideoPlayer/Adapters (2.5.4):
    - Masonry
    - SJBaseVideoPlayer (>= 2.3.5)
    - SJUIKit/AttributesFactory (= 0.0.0.23)
    - SJVideoPlayer/Common
  - SJVideoPlayer/Common (2.5.4):
    - Masonry
    - SJBaseVideoPlayer (>= 2.3.5)
    - SJUIKit/AttributesFactory (= 0.0.0.23)
  - SJVideoPlayer/Settings (2.5.4):
    - Masonry
    - SJBaseVideoPlayer (>= 2.3.5)
    - SJUIKit/AttributesFactory (= 0.0.0.23)
    - SJVideoPlayer/SJEdgeControlLayer/ResourceLoader
    - SJVideoPlayer/SJFilmEditingControlLayer/ResourceLoader
  - SJVideoPlayer/SJEdgeControlLayer (2.5.4):
    - Masonry
    - SJBaseVideoPlayer (>= 2.3.5)
    - SJUIKit/AttributesFactory (= 0.0.0.23)
    - SJVideoPlayer/Adapters
    - SJVideoPlayer/Common
    - SJVideoPlayer/SJEdgeControlLayer/ResourceLoader (= 2.5.4)
    - SJVideoPlayer/SJEdgeControlLayer/View (= 2.5.4)
    - SJVideoPlayer/SJLoadingView
    - SJVideoPlayer/SJProgressSlider
    - SJVideoPlayer/Switcher
  - SJVideoPlayer/SJEdgeControlLayer/ResourceLoader (2.5.4):
    - Masonry
    - SJBaseVideoPlayer (>= 2.3.5)
    - SJUIKit/AttributesFactory (= 0.0.0.23)
    - SJVideoPlayer/Adapters
    - SJVideoPlayer/Common
    - SJVideoPlayer/SJLoadingView
    - SJVideoPlayer/SJProgressSlider
    - SJVideoPlayer/Switcher
  - SJVideoPlayer/SJEdgeControlLayer/View (2.5.4):
    - Masonry
    - SJBaseVideoPlayer (>= 2.3.5)
    - SJUIKit/AttributesFactory (= 0.0.0.23)
    - SJVideoPlayer/Adapters
    - SJVideoPlayer/Common
    - SJVideoPlayer/SJEdgeControlLayer/ResourceLoader
    - SJVideoPlayer/SJLoadingView
    - SJVideoPlayer/SJProgressSlider
    - SJVideoPlayer/Switcher
  - SJVideoPlayer/SJFilmEditingControlLayer (2.5.4):
    - Masonry
    - SJBaseVideoPlayer (>= 2.3.5)
    - SJUIKit/AttributesFactory (= 0.0.0.23)
    - SJVideoPlayer/Adapters
    - SJVideoPlayer/SJFilmEditingControlLayer/Core (= 2.5.4)
    - SJVideoPlayer/SJFilmEditingControlLayer/ResourceLoader (= 2.5.4)
    - SJVideoPlayer/SJProgressSlider
    - SJVideoPlayer/Switcher
  - SJVideoPlayer/SJFilmEditingControlLayer/Core (2.5.4):
    - Masonry
    - SJBaseVideoPlayer (>= 2.3.5)
    - SJUIKit/AttributesFactory (= 0.0.0.23)
    - SJVideoPlayer/Adapters
    - SJVideoPlayer/SJFilmEditingControlLayer/ResourceLoader
    - SJVideoPlayer/SJProgressSlider
    - SJVideoPlayer/Switcher
  - SJVideoPlayer/SJFilmEditingControlLayer/ResourceLoader (2.5.4):
    - Masonry
    - SJBaseVideoPlayer (>= 2.3.5)
    - SJUIKit/AttributesFactory (= 0.0.0.23)
    - SJVideoPlayer/Adapters
    - SJVideoPlayer/SJProgressSlider
    - SJVideoPlayer/Switcher
  - SJVideoPlayer/SJLoadFailedControlLayer (2.5.4):
    - Masonry
    - SJBaseVideoPlayer (>= 2.3.5)
    - SJUIKit/AttributesFactory (= 0.0.0.23)
    - SJVideoPlayer/SJNotReachableControlLayer
  - SJVideoPlayer/SJLoadingView (2.5.4):
    - Masonry
    - SJBaseVideoPlayer (>= 2.3.5)
    - SJUIKit/AttributesFactory (= 0.0.0.23)
  - SJVideoPlayer/SJMoreSettingControlLayer (2.5.4):
    - Masonry
    - SJBaseVideoPlayer (>= 2.3.5)
    - SJUIKit/AttributesFactory (= 0.0.0.23)
    - SJVideoPlayer/SJEdgeControlLayer
    - SJVideoPlayer/SJMoreSettingControlLayer/Core (= 2.5.4)
  - SJVideoPlayer/SJMoreSettingControlLayer/Core (2.5.4):
    - Masonry
    - SJBaseVideoPlayer (>= 2.3.5)
    - SJUIKit/AttributesFactory (= 0.0.0.23)
    - SJVideoPlayer/SJEdgeControlLayer
  - SJVideoPlayer/SJNotReachableControlLayer (2.5.4):
    - Masonry
    - SJBaseVideoPlayer (>= 2.3.5)
    - SJUIKit/AttributesFactory (= 0.0.0.23)
    - SJVideoPlayer/SJEdgeControlLayer
  - SJVideoPlayer/SJProgressSlider (2.5.4):
    - Masonry
    - SJBaseVideoPlayer (>= 2.3.5)
    - SJUIKit/AttributesFactory (= 0.0.0.23)
  - SJVideoPlayer/Switcher (2.5.4):
    - Masonry
    - SJBaseVideoPlayer (>= 2.3.5)
    - SJUIKit/AttributesFactory (= 0.0.0.23)

DEPENDENCIES:
  - Masonry
  - SJBaseVideoPlayer
  - SJFullscreenPopGesture
  - SJPlaybackListController
  - SJRouter
  - SJScrollEntriesView
  - SJVideoPlayer (from `../../SJVideoPlayer`)

SPEC REPOS:
  https://github.com/cocoapods/specs.git:
    - Masonry
    - Reachability
    - SJBaseVideoPlayer
    - SJFullscreenPopGesture
    - SJPlaybackListController
    - SJRouter
    - SJScrollEntriesView
    - SJUIKit

EXTERNAL SOURCES:
  SJVideoPlayer:
    :path: "../../SJVideoPlayer"

SPEC CHECKSUMS:
  Masonry: 678fab65091a9290e40e2832a55e7ab731aad201
  Reachability: 33e18b67625424e47b6cde6d202dce689ad7af96
  SJBaseVideoPlayer: 71bbc075b6d3be3b84212c6e82ce98cf0cdf76b4
  SJFullscreenPopGesture: 94db6f970d864d53161d819916aed3f30b6a1442
  SJPlaybackListController: bb150965596f46cc5542b37c05d8401601db4022
  SJRouter: 62dd20b18a199ca9d251817449b901f9228daad1
  SJScrollEntriesView: 2388fec9dbb6ab639f8966de036394eeb753617d
  SJUIKit: d97d9b7b37313b004ec44452a137821f18fdf39e
  SJVideoPlayer: cdbdf3a4847e343d47240bdc4d4a5b12713e5774

PODFILE CHECKSUM: 1a476f29c8b62eb8dc935e570ff4bad60e7718ae

COCOAPODS: 1.7.0.beta.2
