// !$*UTF8*$!
{
	archiveVersion = 1;
	classes = {
	};
	objectVersion = 51;
	objects = {

/* Begin PBXBuildFile section */
		77F2FAF8232E6C25003625EA /* AppDelegate.swift in Sources */ = {isa = PBXBuildFile; fileRef = 77F2FAF7232E6C25003625EA /* AppDelegate.swift */; };
		77F2FAFD232E6C25003625EA /* Main.storyboard in Resources */ = {isa = PBXBuildFile; fileRef = 77F2FAFB232E6C25003625EA /* Main.storyboard */; };
		77F2FAFF232E6C26003625EA /* Assets.xcassets in Resources */ = {isa = PBXBuildFile; fileRef = 77F2FAFE232E6C26003625EA /* Assets.xcassets */; };
		77F2FB02232E6C26003625EA /* LaunchScreen.storyboard in Resources */ = {isa = PBXBuildFile; fileRef = 77F2FB00232E6C26003625EA /* LaunchScreen.storyboard */; };
		77F2FB0D232E6C26003625EA /* SJVideoPlayerExample_SwiftTests.swift in Sources */ = {isa = PBXBuildFile; fileRef = 77F2FB0C232E6C26003625EA /* SJVideoPlayerExample_SwiftTests.swift */; };
		77F2FB18232E6C26003625EA /* SJVideoPlayerExample_SwiftUITests.swift in Sources */ = {isa = PBXBuildFile; fileRef = 77F2FB17232E6C26003625EA /* SJVideoPlayerExample_SwiftUITests.swift */; };
		77F2FB28232E6CBF003625EA /* UIViewController+RotationControl.m in Sources */ = {isa = PBXBuildFile; fileRef = 77F2FB26232E6CBE003625EA /* UIViewController+RotationControl.m */; };
		EA5722DCD46D5AE3105506DC /* Pods_SJVideoPlayerExample_Swift.framework in Frameworks */ = {isa = PBXBuildFile; fileRef = 002D51144944E334D98D975B /* Pods_SJVideoPlayerExample_Swift.framework */; };
/* End PBXBuildFile section */

/* Begin PBXContainerItemProxy section */
		77F2FB09232E6C26003625EA /* PBXContainerItemProxy */ = {
			isa = PBXContainerItemProxy;
			containerPortal = 77F2FAEC232E6C25003625EA /* Project object */;
			proxyType = 1;
			remoteGlobalIDString = 77F2FAF3232E6C25003625EA;
			remoteInfo = "SJVideoPlayerExample-Swift";
		};
		77F2FB14232E6C26003625EA /* PBXContainerItemProxy */ = {
			isa = PBXContainerItemProxy;
			containerPortal = 77F2FAEC232E6C25003625EA /* Project object */;
			proxyType = 1;
			remoteGlobalIDString = 77F2FAF3232E6C25003625EA;
			remoteInfo = "SJVideoPlayerExample-Swift";
		};
/* End PBXContainerItemProxy section */

/* Begin PBXFileReference section */
		002D51144944E334D98D975B /* Pods_SJVideoPlayerExample_Swift.framework */ = {isa = PBXFileReference; explicitFileType = wrapper.framework; includeInIndex = 0; path = Pods_SJVideoPlayerExample_Swift.framework; sourceTree = BUILT_PRODUCTS_DIR; };
		625746304C9C9DA83F8B55BE /* Pods_SJVideoPlayerExample_SwiftTests.framework */ = {isa = PBXFileReference; explicitFileType = wrapper.framework; includeInIndex = 0; path = Pods_SJVideoPlayerExample_SwiftTests.framework; sourceTree = BUILT_PRODUCTS_DIR; };
		77F2FAF4232E6C25003625EA /* SJVideoPlayerExample-Swift.app */ = {isa = PBXFileReference; explicitFileType = wrapper.application; includeInIndex = 0; path = "SJVideoPlayerExample-Swift.app"; sourceTree = BUILT_PRODUCTS_DIR; };
		77F2FAF7232E6C25003625EA /* AppDelegate.swift */ = {isa = PBXFileReference; lastKnownFileType = sourcecode.swift; path = AppDelegate.swift; sourceTree = "<group>"; };
		77F2FAFC232E6C25003625EA /* Base */ = {isa = PBXFileReference; lastKnownFileType = file.storyboard; name = Base; path = Base.lproj/Main.storyboard; sourceTree = "<group>"; };
		77F2FAFE232E6C26003625EA /* Assets.xcassets */ = {isa = PBXFileReference; lastKnownFileType = folder.assetcatalog; path = Assets.xcassets; sourceTree = "<group>"; };
		77F2FB01232E6C26003625EA /* Base */ = {isa = PBXFileReference; lastKnownFileType = file.storyboard; name = Base; path = Base.lproj/LaunchScreen.storyboard; sourceTree = "<group>"; };
		77F2FB03232E6C26003625EA /* Info.plist */ = {isa = PBXFileReference; lastKnownFileType = text.plist.xml; path = Info.plist; sourceTree = "<group>"; };
		77F2FB08232E6C26003625EA /* SJVideoPlayerExample-SwiftTests.xctest */ = {isa = PBXFileReference; explicitFileType = wrapper.cfbundle; includeInIndex = 0; path = "SJVideoPlayerExample-SwiftTests.xctest"; sourceTree = BUILT_PRODUCTS_DIR; };
		77F2FB0C232E6C26003625EA /* SJVideoPlayerExample_SwiftTests.swift */ = {isa = PBXFileReference; lastKnownFileType = sourcecode.swift; path = SJVideoPlayerExample_SwiftTests.swift; sourceTree = "<group>"; };
		77F2FB0E232E6C26003625EA /* Info.plist */ = {isa = PBXFileReference; lastKnownFileType = text.plist.xml; path = Info.plist; sourceTree = "<group>"; };
		77F2FB13232E6C26003625EA /* SJVideoPlayerExample-SwiftUITests.xctest */ = {isa = PBXFileReference; explicitFileType = wrapper.cfbundle; includeInIndex = 0; path = "SJVideoPlayerExample-SwiftUITests.xctest"; sourceTree = BUILT_PRODUCTS_DIR; };
		77F2FB17232E6C26003625EA /* SJVideoPlayerExample_SwiftUITests.swift */ = {isa = PBXFileReference; lastKnownFileType = sourcecode.swift; path = SJVideoPlayerExample_SwiftUITests.swift; sourceTree = "<group>"; };
		77F2FB19232E6C26003625EA /* Info.plist */ = {isa = PBXFileReference; lastKnownFileType = text.plist.xml; path = Info.plist; sourceTree = "<group>"; };
		77F2FB25232E6CBE003625EA /* SJVideoPlayerExample-Swift-Bridging-Header.h */ = {isa = PBXFileReference; lastKnownFileType = sourcecode.c.h; path = "SJVideoPlayerExample-Swift-Bridging-Header.h"; sourceTree = "<group>"; };
		77F2FB26232E6CBE003625EA /* UIViewController+RotationControl.m */ = {isa = PBXFileReference; fileEncoding = 4; lastKnownFileType = sourcecode.c.objc; path = "UIViewController+RotationControl.m"; sourceTree = "<group>"; };
		77F2FB27232E6CBF003625EA /* UIViewController+RotationControl.h */ = {isa = PBXFileReference; fileEncoding = 4; lastKnownFileType = sourcecode.c.h; path = "UIViewController+RotationControl.h"; sourceTree = "<group>"; };
		8219E2F977F7B6D82B5742A7 /* Pods-SJVideoPlayerExample-Swift.release.xcconfig */ = {isa = PBXFileReference; includeInIndex = 1; lastKnownFileType = text.xcconfig; name = "Pods-SJVideoPlayerExample-Swift.release.xcconfig"; path = "Target Support Files/Pods-SJVideoPlayerExample-Swift/Pods-SJVideoPlayerExample-Swift.release.xcconfig"; sourceTree = "<group>"; };
		D20CA0048CC2C30BBDA3A6D6 /* Pods-SJVideoPlayerExample-Swift.debug.xcconfig */ = {isa = PBXFileReference; includeInIndex = 1; lastKnownFileType = text.xcconfig; name = "Pods-SJVideoPlayerExample-Swift.debug.xcconfig"; path = "Target Support Files/Pods-SJVideoPlayerExample-Swift/Pods-SJVideoPlayerExample-Swift.debug.xcconfig"; sourceTree = "<group>"; };
		D3B4B7FFBFDC736E4D5C67D6 /* Pods_SJVideoPlayerExample_SwiftUITests.framework */ = {isa = PBXFileReference; explicitFileType = wrapper.framework; includeInIndex = 0; path = Pods_SJVideoPlayerExample_SwiftUITests.framework; sourceTree = BUILT_PRODUCTS_DIR; };
/* End PBXFileReference section */

/* Begin PBXFrameworksBuildPhase section */
		77F2FAF1232E6C25003625EA /* Frameworks */ = {
			isa = PBXFrameworksBuildPhase;
			buildActionMask = 2147483647;
			files = (
				EA5722DCD46D5AE3105506DC /* Pods_SJVideoPlayerExample_Swift.framework in Frameworks */,
			);
			runOnlyForDeploymentPostprocessing = 0;
		};
		77F2FB05232E6C26003625EA /* Frameworks */ = {
			isa = PBXFrameworksBuildPhase;
			buildActionMask = 2147483647;
			files = (
			);
			runOnlyForDeploymentPostprocessing = 0;
		};
		77F2FB10232E6C26003625EA /* Frameworks */ = {
			isa = PBXFrameworksBuildPhase;
			buildActionMask = 2147483647;
			files = (
			);
			runOnlyForDeploymentPostprocessing = 0;
		};
/* End PBXFrameworksBuildPhase section */

/* Begin PBXGroup section */
		204CA9192610D713B42F9606 /* Frameworks */ = {
			isa = PBXGroup;
			children = (
				002D51144944E334D98D975B /* Pods_SJVideoPlayerExample_Swift.framework */,
				625746304C9C9DA83F8B55BE /* Pods_SJVideoPlayerExample_SwiftTests.framework */,
				D3B4B7FFBFDC736E4D5C67D6 /* Pods_SJVideoPlayerExample_SwiftUITests.framework */,
			);
			name = Frameworks;
			sourceTree = "<group>";
		};
		77F2FAEB232E6C25003625EA = {
			isa = PBXGroup;
			children = (
				77F2FAF6232E6C25003625EA /* SJVideoPlayerExample-Swift */,
				77F2FB0B232E6C26003625EA /* SJVideoPlayerExample-SwiftTests */,
				77F2FB16232E6C26003625EA /* SJVideoPlayerExample-SwiftUITests */,
				77F2FAF5232E6C25003625EA /* Products */,
				93169488475644BA6E4AF1BC /* Pods */,
				204CA9192610D713B42F9606 /* Frameworks */,
			);
			sourceTree = "<group>";
		};
		77F2FAF5232E6C25003625EA /* Products */ = {
			isa = PBXGroup;
			children = (
				77F2FAF4232E6C25003625EA /* SJVideoPlayerExample-Swift.app */,
				77F2FB08232E6C26003625EA /* SJVideoPlayerExample-SwiftTests.xctest */,
				77F2FB13232E6C26003625EA /* SJVideoPlayerExample-SwiftUITests.xctest */,
			);
			name = Products;
			sourceTree = "<group>";
		};
		77F2FAF6232E6C25003625EA /* SJVideoPlayerExample-Swift */ = {
			isa = PBXGroup;
			children = (
				77F2FAF7232E6C25003625EA /* AppDelegate.swift */,
				77F2FB27232E6CBF003625EA /* UIViewController+RotationControl.h */,
				77F2FB26232E6CBE003625EA /* UIViewController+RotationControl.m */,
				77F2FAFB232E6C25003625EA /* Main.storyboard */,
				77F2FAFE232E6C26003625EA /* Assets.xcassets */,
				77F2FB00232E6C26003625EA /* LaunchScreen.storyboard */,
				77F2FB03232E6C26003625EA /* Info.plist */,
				77F2FB25232E6CBE003625EA /* SJVideoPlayerExample-Swift-Bridging-Header.h */,
			);
			path = "SJVideoPlayerExample-Swift";
			sourceTree = "<group>";
		};
		77F2FB0B232E6C26003625EA /* SJVideoPlayerExample-SwiftTests */ = {
			isa = PBXGroup;
			children = (
				77F2FB0C232E6C26003625EA /* SJVideoPlayerExample_SwiftTests.swift */,
				77F2FB0E232E6C26003625EA /* Info.plist */,
			);
			path = "SJVideoPlayerExample-SwiftTests";
			sourceTree = "<group>";
		};
		77F2FB16232E6C26003625EA /* SJVideoPlayerExample-SwiftUITests */ = {
			isa = PBXGroup;
			children = (
				77F2FB17232E6C26003625EA /* SJVideoPlayerExample_SwiftUITests.swift */,
				77F2FB19232E6C26003625EA /* Info.plist */,
			);
			path = "SJVideoPlayerExample-SwiftUITests";
			sourceTree = "<group>";
		};
		93169488475644BA6E4AF1BC /* Pods */ = {
			isa = PBXGroup;
			children = (
				D20CA0048CC2C30BBDA3A6D6 /* Pods-SJVideoPlayerExample-Swift.debug.xcconfig */,
				8219E2F977F7B6D82B5742A7 /* Pods-SJVideoPlayerExample-Swift.release.xcconfig */,
			);
			path = Pods;
			sourceTree = "<group>";
		};
/* End PBXGroup section */

/* Begin PBXNativeTarget section */
		77F2FAF3232E6C25003625EA /* SJVideoPlayerExample-Swift */ = {
			isa = PBXNativeTarget;
			buildConfigurationList = 77F2FB1C232E6C26003625EA /* Build configuration list for PBXNativeTarget "SJVideoPlayerExample-Swift" */;
			buildPhases = (
				3E3F689EC24A43CFEAEAB99F /* [CP] Check Pods Manifest.lock */,
				77F2FAF0232E6C25003625EA /* Sources */,
				77F2FAF1232E6C25003625EA /* Frameworks */,
				77F2FAF2232E6C25003625EA /* Resources */,
				8ABFAFA2AB07DC87F713309B /* [CP] Embed Pods Frameworks */,
			);
			buildRules = (
			);
			dependencies = (
			);
			name = "SJVideoPlayerExample-Swift";
			productName = "SJVideoPlayerExample-Swift";
			productReference = 77F2FAF4232E6C25003625EA /* SJVideoPlayerExample-Swift.app */;
			productType = "com.apple.product-type.application";
		};
		77F2FB07232E6C26003625EA /* SJVideoPlayerExample-SwiftTests */ = {
			isa = PBXNativeTarget;
			buildConfigurationList = 77F2FB1F232E6C26003625EA /* Build configuration list for PBXNativeTarget "SJVideoPlayerExample-SwiftTests" */;
			buildPhases = (
				77F2FB04232E6C26003625EA /* Sources */,
				77F2FB05232E6C26003625EA /* Frameworks */,
				77F2FB06232E6C26003625EA /* Resources */,
			);
			buildRules = (
			);
			dependencies = (
				77F2FB0A232E6C26003625EA /* PBXTargetDependency */,
			);
			name = "SJVideoPlayerExample-SwiftTests";
			productName = "SJVideoPlayerExample-SwiftTests";
			productReference = 77F2FB08232E6C26003625EA /* SJVideoPlayerExample-SwiftTests.xctest */;
			productType = "com.apple.product-type.bundle.unit-test";
		};
		77F2FB12232E6C26003625EA /* SJVideoPlayerExample-SwiftUITests */ = {
			isa = PBXNativeTarget;
			buildConfigurationList = 77F2FB22232E6C26003625EA /* Build configuration list for PBXNativeTarget "SJVideoPlayerExample-SwiftUITests" */;
			buildPhases = (
				77F2FB0F232E6C26003625EA /* Sources */,
				77F2FB10232E6C26003625EA /* Frameworks */,
				77F2FB11232E6C26003625EA /* Resources */,
			);
			buildRules = (
			);
			dependencies = (
				77F2FB15232E6C26003625EA /* PBXTargetDependency */,
			);
			name = "SJVideoPlayerExample-SwiftUITests";
			productName = "SJVideoPlayerExample-SwiftUITests";
			productReference = 77F2FB13232E6C26003625EA /* SJVideoPlayerExample-SwiftUITests.xctest */;
			productType = "com.apple.product-type.bundle.ui-testing";
		};
/* End PBXNativeTarget section */

/* Begin PBXProject section */
		77F2FAEC232E6C25003625EA /* Project object */ = {
			isa = PBXProject;
			attributes = {
				LastSwiftUpdateCheck = 1030;
				LastUpgradeCheck = 1030;
				ORGANIZATIONNAME = SanJiang;
				TargetAttributes = {
					77F2FAF3232E6C25003625EA = {
						CreatedOnToolsVersion = 10.3;
						LastSwiftMigration = 1030;
					};
					77F2FB07232E6C26003625EA = {
						CreatedOnToolsVersion = 10.3;
						TestTargetID = 77F2FAF3232E6C25003625EA;
					};
					77F2FB12232E6C26003625EA = {
						CreatedOnToolsVersion = 10.3;
						TestTargetID = 77F2FAF3232E6C25003625EA;
					};
				};
			};
			buildConfigurationList = 77F2FAEF232E6C25003625EA /* Build configuration list for PBXProject "SJVideoPlayerExample-Swift" */;
			compatibilityVersion = "Xcode 9.3";
			developmentRegion = en;
			hasScannedForEncodings = 0;
			knownRegions = (
				en,
				Base,
			);
			mainGroup = 77F2FAEB232E6C25003625EA;
			productRefGroup = 77F2FAF5232E6C25003625EA /* Products */;
			projectDirPath = "";
			projectRoot = "";
			targets = (
				77F2FAF3232E6C25003625EA /* SJVideoPlayerExample-Swift */,
				77F2FB07232E6C26003625EA /* SJVideoPlayerExample-SwiftTests */,
				77F2FB12232E6C26003625EA /* SJVideoPlayerExample-SwiftUITests */,
			);
		};
/* End PBXProject section */

/* Begin PBXResourcesBuildPhase section */
		77F2FAF2232E6C25003625EA /* Resources */ = {
			isa = PBXResourcesBuildPhase;
			buildActionMask = 2147483647;
			files = (
				77F2FB02232E6C26003625EA /* LaunchScreen.storyboard in Resources */,
				77F2FAFF232E6C26003625EA /* Assets.xcassets in Resources */,
				77F2FAFD232E6C25003625EA /* Main.storyboard in Resources */,
			);
			runOnlyForDeploymentPostprocessing = 0;
		};
		77F2FB06232E6C26003625EA /* Resources */ = {
			isa = PBXResourcesBuildPhase;
			buildActionMask = 2147483647;
			files = (
			);
			runOnlyForDeploymentPostprocessing = 0;
		};
		77F2FB11232E6C26003625EA /* Resources */ = {
			isa = PBXResourcesBuildPhase;
			buildActionMask = 2147483647;
			files = (
			);
			runOnlyForDeploymentPostprocessing = 0;
		};
/* End PBXResourcesBuildPhase section */

/* Begin PBXShellScriptBuildPhase section */
		3E3F689EC24A43CFEAEAB99F /* [CP] Check Pods Manifest.lock */ = {
			isa = PBXShellScriptBuildPhase;
			buildActionMask = 2147483647;
			files = (
			);
			inputFileListPaths = (
			);
			inputPaths = (
				"${PODS_PODFILE_DIR_PATH}/Podfile.lock",
				"${PODS_ROOT}/Manifest.lock",
			);
			name = "[CP] Check Pods Manifest.lock";
			outputFileListPaths = (
			);
			outputPaths = (
				"$(DERIVED_FILE_DIR)/Pods-SJVideoPlayerExample-Swift-checkManifestLockResult.txt",
			);
			runOnlyForDeploymentPostprocessing = 0;
			shellPath = /bin/sh;
			shellScript = "diff \"${PODS_PODFILE_DIR_PATH}/Podfile.lock\" \"${PODS_ROOT}/Manifest.lock\" > /dev/null\nif [ $? != 0 ] ; then\n    # print error to STDERR\n    echo \"error: The sandbox is not in sync with the Podfile.lock. Run 'pod install' or update your CocoaPods installation.\" >&2\n    exit 1\nfi\n# This output is used by Xcode 'outputs' to avoid re-running this script phase.\necho \"SUCCESS\" > \"${SCRIPT_OUTPUT_FILE_0}\"\n";
			showEnvVarsInLog = 0;
		};
		8ABFAFA2AB07DC87F713309B /* [CP] Embed Pods Frameworks */ = {
			isa = PBXShellScriptBuildPhase;
			buildActionMask = 2147483647;
			files = (
			);
			inputFileListPaths = (
				"${PODS_ROOT}/Target Support Files/Pods-SJVideoPlayerExample-Swift/Pods-SJVideoPlayerExample-Swift-frameworks-${CONFIGURATION}-input-files.xcfilelist",
			);
			name = "[CP] Embed Pods Frameworks";
			outputFileListPaths = (
				"${PODS_ROOT}/Target Support Files/Pods-SJVideoPlayerExample-Swift/Pods-SJVideoPlayerExample-Swift-frameworks-${CONFIGURATION}-output-files.xcfilelist",
			);
			runOnlyForDeploymentPostprocessing = 0;
			shellPath = /bin/sh;
			shellScript = "\"${PODS_ROOT}/Target Support Files/Pods-SJVideoPlayerExample-Swift/Pods-SJVideoPlayerExample-Swift-frameworks.sh\"\n";
			showEnvVarsInLog = 0;
		};
/* End PBXShellScriptBuildPhase section */

/* Begin PBXSourcesBuildPhase section */
		77F2FAF0232E6C25003625EA /* Sources */ = {
			isa = PBXSourcesBuildPhase;
			buildActionMask = 2147483647;
			files = (
				77F2FB28232E6CBF003625EA /* UIViewController+RotationControl.m in Sources */,
				77F2FAF8232E6C25003625EA /* AppDelegate.swift in Sources */,
			);
			runOnlyForDeploymentPostprocessing = 0;
		};
		77F2FB04232E6C26003625EA /* Sources */ = {
			isa = PBXSourcesBuildPhase;
			buildActionMask = 2147483647;
			files = (
				77F2FB0D232E6C26003625EA /* SJVideoPlayerExample_SwiftTests.swift in Sources */,
			);
			runOnlyForDeploymentPostprocessing = 0;
		};
		77F2FB0F232E6C26003625EA /* Sources */ = {
			isa = PBXSourcesBuildPhase;
			buildActionMask = 2147483647;
			files = (
				77F2FB18232E6C26003625EA /* SJVideoPlayerExample_SwiftUITests.swift in Sources */,
			);
			runOnlyForDeploymentPostprocessing = 0;
		};
/* End PBXSourcesBuildPhase section */

/* Begin PBXTargetDependency section */
		77F2FB0A232E6C26003625EA /* PBXTargetDependency */ = {
			isa = PBXTargetDependency;
			target = 77F2FAF3232E6C25003625EA /* SJVideoPlayerExample-Swift */;
			targetProxy = 77F2FB09232E6C26003625EA /* PBXContainerItemProxy */;
		};
		77F2FB15232E6C26003625EA /* PBXTargetDependency */ = {
			isa = PBXTargetDependency;
			target = 77F2FAF3232E6C25003625EA /* SJVideoPlayerExample-Swift */;
			targetProxy = 77F2FB14232E6C26003625EA /* PBXContainerItemProxy */;
		};
/* End PBXTargetDependency section */

/* Begin PBXVariantGroup section */
		77F2FAFB232E6C25003625EA /* Main.storyboard */ = {
			isa = PBXVariantGroup;
			children = (
				77F2FAFC232E6C25003625EA /* Base */,
			);
			name = Main.storyboard;
			sourceTree = "<group>";
		};
		77F2FB00232E6C26003625EA /* LaunchScreen.storyboard */ = {
			isa = PBXVariantGroup;
			children = (
				77F2FB01232E6C26003625EA /* Base */,
			);
			name = LaunchScreen.storyboard;
			sourceTree = "<group>";
		};
/* End PBXVariantGroup section */

/* Begin XCBuildConfiguration section */
		77F2FB1A232E6C26003625EA /* Debug */ = {
			isa = XCBuildConfiguration;
			buildSettings = {
				ALWAYS_SEARCH_USER_PATHS = NO;
				CLANG_ANALYZER_NONNULL = YES;
				CLANG_ANALYZER_NUMBER_OBJECT_CONVERSION = YES_AGGRESSIVE;
				CLANG_CXX_LANGUAGE_STANDARD = "gnu++14";
				CLANG_CXX_LIBRARY = "libc++";
				CLANG_ENABLE_MODULES = YES;
				CLANG_ENABLE_OBJC_ARC = YES;
				CLANG_ENABLE_OBJC_WEAK = YES;
				CLANG_WARN_BLOCK_CAPTURE_AUTORELEASING = YES;
				CLANG_WARN_BOOL_CONVERSION = YES;
				CLANG_WARN_COMMA = YES;
				CLANG_WARN_CONSTANT_CONVERSION = YES;
				CLANG_WARN_DEPRECATED_OBJC_IMPLEMENTATIONS = YES;
				CLANG_WARN_DIRECT_OBJC_ISA_USAGE = YES_ERROR;
				CLANG_WARN_DOCUMENTATION_COMMENTS = YES;
				CLANG_WARN_EMPTY_BODY = YES;
				CLANG_WARN_ENUM_CONVERSION = YES;
				CLANG_WARN_INFINITE_RECURSION = YES;
				CLANG_WARN_INT_CONVERSION = YES;
				CLANG_WARN_NON_LITERAL_NULL_CONVERSION = YES;
				CLANG_WARN_OBJC_IMPLICIT_RETAIN_SELF = YES;
				CLANG_WARN_OBJC_LITERAL_CONVERSION = YES;
				CLANG_WARN_OBJC_ROOT_CLASS = YES_ERROR;
				CLANG_WARN_RANGE_LOOP_ANALYSIS = YES;
				CLANG_WARN_STRICT_PROTOTYPES = YES;
				CLANG_WARN_SUSPICIOUS_MOVE = YES;
				CLANG_WARN_UNGUARDED_AVAILABILITY = YES_AGGRESSIVE;
				CLANG_WARN_UNREACHABLE_CODE = YES;
				CLANG_WARN__DUPLICATE_METHOD_MATCH = YES;
				CODE_SIGN_IDENTITY = "iPhone Developer";
				COPY_PHASE_STRIP = NO;
				DEBUG_INFORMATION_FORMAT = dwarf;
				ENABLE_STRICT_OBJC_MSGSEND = YES;
				ENABLE_TESTABILITY = YES;
				GCC_C_LANGUAGE_STANDARD = gnu11;
				GCC_DYNAMIC_NO_PIC = NO;
				GCC_NO_COMMON_BLOCKS = YES;
				GCC_OPTIMIZATION_LEVEL = 0;
				GCC_PREPROCESSOR_DEFINITIONS = (
					"DEBUG=1",
					"$(inherited)",
				);
				GCC_WARN_64_TO_32_BIT_CONVERSION = YES;
				GCC_WARN_ABOUT_RETURN_TYPE = YES_ERROR;
				GCC_WARN_UNDECLARED_SELECTOR = YES;
				GCC_WARN_UNINITIALIZED_AUTOS = YES_AGGRESSIVE;
				GCC_WARN_UNUSED_FUNCTION = YES;
				GCC_WARN_UNUSED_VARIABLE = YES;
				IPHONEOS_DEPLOYMENT_TARGET = 12.4;
				MTL_ENABLE_DEBUG_INFO = INCLUDE_SOURCE;
				MTL_FAST_MATH = YES;
				ONLY_ACTIVE_ARCH = YES;
				SDKROOT = iphoneos;
				SWIFT_ACTIVE_COMPILATION_CONDITIONS = DEBUG;
				SWIFT_OPTIMIZATION_LEVEL = "-Onone";
			};
			name = Debug;
		};
		77F2FB1B232E6C26003625EA /* Release */ = {
			isa = XCBuildConfiguration;
			buildSettings = {
				ALWAYS_SEARCH_USER_PATHS = NO;
				CLANG_ANALYZER_NONNULL = YES;
				CLANG_ANALYZER_NUMBER_OBJECT_CONVERSION = YES_AGGRESSIVE;
				CLANG_CXX_LANGUAGE_STANDARD = "gnu++14";
				CLANG_CXX_LIBRARY = "libc++";
				CLANG_ENABLE_MODULES = YES;
				CLANG_ENABLE_OBJC_ARC = YES;
				CLANG_ENABLE_OBJC_WEAK = YES;
				CLANG_WARN_BLOCK_CAPTURE_AUTORELEASING = YES;
				CLANG_WARN_BOOL_CONVERSION = YES;
				CLANG_WARN_COMMA = YES;
				CLANG_WARN_CONSTANT_CONVERSION = YES;
				CLANG_WARN_DEPRECATED_OBJC_IMPLEMENTATIONS = YES;
				CLANG_WARN_DIRECT_OBJC_ISA_USAGE = YES_ERROR;
				CLANG_WARN_DOCUMENTATION_COMMENTS = YES;
				CLANG_WARN_EMPTY_BODY = YES;
				CLANG_WARN_ENUM_CONVERSION = YES;
				CLANG_WARN_INFINITE_RECURSION = YES;
				CLANG_WARN_INT_CONVERSION = YES;
				CLANG_WARN_NON_LITERAL_NULL_CONVERSION = YES;
				CLANG_WARN_OBJC_IMPLICIT_RETAIN_SELF = YES;
				CLANG_WARN_OBJC_LITERAL_CONVERSION = YES;
				CLANG_WARN_OBJC_ROOT_CLASS = YES_ERROR;
				CLANG_WARN_RANGE_LOOP_ANALYSIS = YES;
				CLANG_WARN_STRICT_PROTOTYPES = YES;
				CLANG_WARN_SUSPICIOUS_MOVE = YES;
				CLANG_WARN_UNGUARDED_AVAILABILITY = YES_AGGRESSIVE;
				CLANG_WARN_UNREACHABLE_CODE = YES;
				CLANG_WARN__DUPLICATE_METHOD_MATCH = YES;
				CODE_SIGN_IDENTITY = "iPhone Developer";
				COPY_PHASE_STRIP = NO;
				DEBUG_INFORMATION_FORMAT = "dwarf-with-dsym";
				ENABLE_NS_ASSERTIONS = NO;
				ENABLE_STRICT_OBJC_MSGSEND = YES;
				GCC_C_LANGUAGE_STANDARD = gnu11;
				GCC_NO_COMMON_BLOCKS = YES;
				GCC_WARN_64_TO_32_BIT_CONVERSION = YES;
				GCC_WARN_ABOUT_RETURN_TYPE = YES_ERROR;
				GCC_WARN_UNDECLARED_SELECTOR = YES;
				GCC_WARN_UNINITIALIZED_AUTOS = YES_AGGRESSIVE;
				GCC_WARN_UNUSED_FUNCTION = YES;
				GCC_WARN_UNUSED_VARIABLE = YES;
				IPHONEOS_DEPLOYMENT_TARGET = 12.4;
				MTL_ENABLE_DEBUG_INFO = NO;
				MTL_FAST_MATH = YES;
				SDKROOT = iphoneos;
				SWIFT_COMPILATION_MODE = wholemodule;
				SWIFT_OPTIMIZATION_LEVEL = "-O";
				VALIDATE_PRODUCT = YES;
			};
			name = Release;
		};
		77F2FB1D232E6C26003625EA /* Debug */ = {
			isa = XCBuildConfiguration;
			baseConfigurationReference = D20CA0048CC2C30BBDA3A6D6 /* Pods-SJVideoPlayerExample-Swift.debug.xcconfig */;
			buildSettings = {
				ASSETCATALOG_COMPILER_APPICON_NAME = AppIcon;
				CLANG_ENABLE_MODULES = YES;
				CODE_SIGN_STYLE = Automatic;
				DEVELOPMENT_TEAM = U5A7L7SMNP;
				INFOPLIST_FILE = "SJVideoPlayerExample-Swift/Info.plist";
				LD_RUNPATH_SEARCH_PATHS = (
					"$(inherited)",
					"@executable_path/Frameworks",
				);
				PRODUCT_BUNDLE_IDENTIFIER = "com.SanJiang.SJVideoPlayerExample-Swift";
				PRODUCT_NAME = "$(TARGET_NAME)";
				SWIFT_OBJC_BRIDGING_HEADER = "SJVideoPlayerExample-Swift/SJVideoPlayerExample-Swift-Bridging-Header.h";
				SWIFT_OPTIMIZATION_LEVEL = "-Onone";
				SWIFT_VERSION = 5.0;
				TARGETED_DEVICE_FAMILY = "1,2";
			};
			name = Debug;
		};
		77F2FB1E232E6C26003625EA /* Release */ = {
			isa = XCBuildConfiguration;
			baseConfigurationReference = 8219E2F977F7B6D82B5742A7 /* Pods-SJVideoPlayerExample-Swift.release.xcconfig */;
			buildSettings = {
				ASSETCATALOG_COMPILER_APPICON_NAME = AppIcon;
				CLANG_ENABLE_MODULES = YES;
				CODE_SIGN_STYLE = Automatic;
				DEVELOPMENT_TEAM = U5A7L7SMNP;
				INFOPLIST_FILE = "SJVideoPlayerExample-Swift/Info.plist";
				LD_RUNPATH_SEARCH_PATHS = (
					"$(inherited)",
					"@executable_path/Frameworks",
				);
				PRODUCT_BUNDLE_IDENTIFIER = "com.SanJiang.SJVideoPlayerExample-Swift";
				PRODUCT_NAME = "$(TARGET_NAME)";
				SWIFT_OBJC_BRIDGING_HEADER = "SJVideoPlayerExample-Swift/SJVideoPlayerExample-Swift-Bridging-Header.h";
				SWIFT_VERSION = 5.0;
				TARGETED_DEVICE_FAMILY = "1,2";
			};
			name = Release;
		};
		77F2FB20232E6C26003625EA /* Debug */ = {
			isa = XCBuildConfiguration;
			buildSettings = {
				ALWAYS_EMBED_SWIFT_STANDARD_LIBRARIES = YES;
				BUNDLE_LOADER = "$(TEST_HOST)";
				CODE_SIGN_STYLE = Automatic;
				DEVELOPMENT_TEAM = U5A7L7SMNP;
				INFOPLIST_FILE = "SJVideoPlayerExample-SwiftTests/Info.plist";
				LD_RUNPATH_SEARCH_PATHS = (
					"$(inherited)",
					"@executable_path/Frameworks",
					"@loader_path/Frameworks",
				);
				PRODUCT_BUNDLE_IDENTIFIER = "com.SanJiang.SJVideoPlayerExample-SwiftTests";
				PRODUCT_NAME = "$(TARGET_NAME)";
				SWIFT_VERSION = 5.0;
				TARGETED_DEVICE_FAMILY = "1,2";
				TEST_HOST = "$(BUILT_PRODUCTS_DIR)/SJVideoPlayerExample-Swift.app/SJVideoPlayerExample-Swift";
			};
			name = Debug;
		};
		77F2FB21232E6C26003625EA /* Release */ = {
			isa = XCBuildConfiguration;
			buildSettings = {
				ALWAYS_EMBED_SWIFT_STANDARD_LIBRARIES = YES;
				BUNDLE_LOADER = "$(TEST_HOST)";
				CODE_SIGN_STYLE = Automatic;
				DEVELOPMENT_TEAM = U5A7L7SMNP;
				INFOPLIST_FILE = "SJVideoPlayerExample-SwiftTests/Info.plist";
				LD_RUNPATH_SEARCH_PATHS = (
					"$(inherited)",
					"@executable_path/Frameworks",
					"@loader_path/Frameworks",
				);
				PRODUCT_BUNDLE_IDENTIFIER = "com.SanJiang.SJVideoPlayerExample-SwiftTests";
				PRODUCT_NAME = "$(TARGET_NAME)";
				SWIFT_VERSION = 5.0;
				TARGETED_DEVICE_FAMILY = "1,2";
				TEST_HOST = "$(BUILT_PRODUCTS_DIR)/SJVideoPlayerExample-Swift.app/SJVideoPlayerExample-Swift";
			};
			name = Release;
		};
		77F2FB23232E6C26003625EA /* Debug */ = {
			isa = XCBuildConfiguration;
			buildSettings = {
				ALWAYS_EMBED_SWIFT_STANDARD_LIBRARIES = YES;
				CODE_SIGN_STYLE = Automatic;
				DEVELOPMENT_TEAM = U5A7L7SMNP;
				INFOPLIST_FILE = "SJVideoPlayerExample-SwiftUITests/Info.plist";
				LD_RUNPATH_SEARCH_PATHS = (
					"$(inherited)",
					"@executable_path/Frameworks",
					"@loader_path/Frameworks",
				);
				PRODUCT_BUNDLE_IDENTIFIER = "com.SanJiang.SJVideoPlayerExample-SwiftUITests";
				PRODUCT_NAME = "$(TARGET_NAME)";
				SWIFT_VERSION = 5.0;
				TARGETED_DEVICE_FAMILY = "1,2";
				TEST_TARGET_NAME = "SJVideoPlayerExample-Swift";
			};
			name = Debug;
		};
		77F2FB24232E6C26003625EA /* Release */ = {
			isa = XCBuildConfiguration;
			buildSettings = {
				ALWAYS_EMBED_SWIFT_STANDARD_LIBRARIES = YES;
				CODE_SIGN_STYLE = Automatic;
				DEVELOPMENT_TEAM = U5A7L7SMNP;
				INFOPLIST_FILE = "SJVideoPlayerExample-SwiftUITests/Info.plist";
				LD_RUNPATH_SEARCH_PATHS = (
					"$(inherited)",
					"@executable_path/Frameworks",
					"@loader_path/Frameworks",
				);
				PRODUCT_BUNDLE_IDENTIFIER = "com.SanJiang.SJVideoPlayerExample-SwiftUITests";
				PRODUCT_NAME = "$(TARGET_NAME)";
				SWIFT_VERSION = 5.0;
				TARGETED_DEVICE_FAMILY = "1,2";
				TEST_TARGET_NAME = "SJVideoPlayerExample-Swift";
			};
			name = Release;
		};
/* End XCBuildConfiguration section */

/* Begin XCConfigurationList section */
		77F2FAEF232E6C25003625EA /* Build configuration list for PBXProject "SJVideoPlayerExample-Swift" */ = {
			isa = XCConfigurationList;
			buildConfigurations = (
				77F2FB1A232E6C26003625EA /* Debug */,
				77F2FB1B232E6C26003625EA /* Release */,
			);
			defaultConfigurationIsVisible = 0;
			defaultConfigurationName = Release;
		};
		77F2FB1C232E6C26003625EA /* Build configuration list for PBXNativeTarget "SJVideoPlayerExample-Swift" */ = {
			isa = XCConfigurationList;
			buildConfigurations = (
				77F2FB1D232E6C26003625EA /* Debug */,
				77F2FB1E232E6C26003625EA /* Release */,
			);
			defaultConfigurationIsVisible = 0;
			defaultConfigurationName = Release;
		};
		77F2FB1F232E6C26003625EA /* Build configuration list for PBXNativeTarget "SJVideoPlayerExample-SwiftTests" */ = {
			isa = XCConfigurationList;
			buildConfigurations = (
				77F2FB20232E6C26003625EA /* Debug */,
				77F2FB21232E6C26003625EA /* Release */,
			);
			defaultConfigurationIsVisible = 0;
			defaultConfigurationName = Release;
		};
		77F2FB22232E6C26003625EA /* Build configuration list for PBXNativeTarget "SJVideoPlayerExample-SwiftUITests" */ = {
			isa = XCConfigurationList;
			buildConfigurations = (
				77F2FB23232E6C26003625EA /* Debug */,
				77F2FB24232E6C26003625EA /* Release */,
			);
			defaultConfigurationIsVisible = 0;
			defaultConfigurationName = Release;
		};
/* End XCConfigurationList section */
	};
	rootObject = 77F2FAEC232E6C25003625EA /* Project object */;
}
